
Microsoft Visual Studio Solution File, Format Version 12.00
# Visual Studio 15
VisualStudioVersion = 15.0.28010.2048
MinimumVisualStudioVersion = 10.0.40219.1
Project("{FAE04EC0-301F-11D3-BF4B-00C04F79EFBC}") = "AppCell.Android", "AppCell\AppCell.Android\AppCell.Android.csproj", "{5609D8C5-CB00-4A79-89FC-010E7BE24D3E}"
EndProject
Project("{FAE04EC0-301F-11D3-BF4B-00C04F79EFBC}") = "AppCell.iOS", "AppCell\AppCell.iOS\AppCell.iOS.csproj", "{3D5D1AC7-604D-4343-8EF5-289DC6407F73}"
EndProject
Project("{FAE04EC0-301F-11D3-BF4B-00C04F79EFBC}") = "AppCell.UWP", "AppCell\AppCell.UWP\AppCell.UWP.csproj", "{06F55CAE-B850-48F7-B701-D5E1BB60F4DB}"
EndProject
Project("{FAE04EC0-301F-11D3-BF4B-00C04F79EFBC}") = "AppCell", "AppCell\AppCell\AppCell.csproj", "{A6A3D3ED-443A-4099-BA2A-2C9E889C2715}"
EndProject
Global
	GlobalSection(SolutionConfigurationPlatforms) = preSolution
		Ad-Hoc|Any CPU = Ad-Hoc|Any CPU
		Ad-Hoc|ARM = Ad-Hoc|ARM
		Ad-Hoc|iPhone = Ad-Hoc|iPhone
		Ad-Hoc|iPhoneSimulator = Ad-Hoc|iPhoneSimulator
		Ad-Hoc|x64 = Ad-Hoc|x64
		Ad-Hoc|x86 = Ad-Hoc|x86
		AppStore|Any CPU = AppStore|Any CPU
		AppStore|ARM = AppStore|ARM
		AppStore|iPhone = AppStore|iPhone
		AppStore|iPhoneSimulator = AppStore|iPhoneSimulator
		AppStore|x64 = AppStore|x64
		AppStore|x86 = AppStore|x86
		Debug|Any CPU = Debug|Any CPU
		Debug|ARM = Debug|ARM
		Debug|iPhone = Debug|iPhone
		Debug|iPhoneSimulator = Debug|iPhoneSimulator
		Debug|x64 = Debug|x64
		Debug|x86 = Debug|x86
		Release|Any CPU = Release|Any CPU
		Release|ARM = Release|ARM
		Release|iPhone = Release|iPhone
		Release|iPhoneSimulator = Release|iPhoneSimulator
		Release|x64 = Release|x64
		Release|x86 = Release|x86
	EndGlobalSection
	GlobalSection(ProjectConfigurationPlatforms) = postSolution
		{5609D8C5-CB00-4A79-89FC-010E7BE24D3E}.Ad-Hoc|Any CPU.ActiveCfg = Release|Any CPU
		{5609D8C5-CB00-4A79-89FC-010E7BE24D3E}.Ad-Hoc|Any CPU.Build.0 = Release|Any CPU
		{5609D8C5-CB00-4A79-89FC-010E7BE24D3E}.Ad-Hoc|Any CPU.Deploy.0 = Release|Any CPU
		{5609D8C5-CB00-4A79-89FC-010E7BE24D3E}.Ad-Hoc|ARM.ActiveCfg = Release|Any CPU
		{5609D8C5-CB00-4A79-89FC-010E7BE24D3E}.Ad-Hoc|ARM.Build.0 = Release|Any CPU
		{5609D8C5-CB00-4A79-89FC-010E7BE24D3E}.Ad-Hoc|ARM.Deploy.0 = Release|Any CPU
		{5609D8C5-CB00-4A79-89FC-010E7BE24D3E}.Ad-Hoc|iPhone.ActiveCfg = Release|Any CPU
		{5609D8C5-CB00-4A79-89FC-010E7BE24D3E}.Ad-Hoc|iPhone.Build.0 = Release|Any CPU
		{5609D8C5-CB00-4A79-89FC-010E7BE24D3E}.Ad-Hoc|iPhone.Deploy.0 = Release|Any CPU
		{5609D8C5-CB00-4A79-89FC-010E7BE24D3E}.Ad-Hoc|iPhoneSimulator.ActiveCfg = Release|Any CPU
		{5609D8C5-CB00-4A79-89FC-010E7BE24D3E}.Ad-Hoc|iPhoneSimulator.Build.0 = Release|Any CPU
		{5609D8C5-CB00-4A79-89FC-010E7BE24D3E}.Ad-Hoc|iPhoneSimulator.Deploy.0 = Release|Any CPU
		{5609D8C5-CB00-4A79-89FC-010E7BE24D3E}.Ad-Hoc|x64.ActiveCfg = Release|Any CPU
		{5609D8C5-CB00-4A79-89FC-010E7BE24D3E}.Ad-Hoc|x64.Build.0 = Release|Any CPU
		{5609D8C5-CB00-4A79-89FC-010E7BE24D3E}.Ad-Hoc|x64.Deploy.0 = Release|Any CPU
		{5609D8C5-CB00-4A79-89FC-010E7BE24D3E}.Ad-Hoc|x86.ActiveCfg = Release|Any CPU
		{5609D8C5-CB00-4A79-89FC-010E7BE24D3E}.Ad-Hoc|x86.Build.0 = Release|Any CPU
		{5609D8C5-CB00-4A79-89FC-010E7BE24D3E}.Ad-Hoc|x86.Deploy.0 = Release|Any CPU
		{5609D8C5-CB00-4A79-89FC-010E7BE24D3E}.AppStore|Any CPU.ActiveCfg = Release|Any CPU
		{5609D8C5-CB00-4A79-89FC-010E7BE24D3E}.AppStore|Any CPU.Build.0 = Release|Any CPU
		{5609D8C5-CB00-4A79-89FC-010E7BE24D3E}.AppStore|Any CPU.Deploy.0 = Release|Any CPU
		{5609D8C5-CB00-4A79-89FC-010E7BE24D3E}.AppStore|ARM.ActiveCfg = Release|Any CPU
		{5609D8C5-CB00-4A79-89FC-010E7BE24D3E}.AppStore|ARM.Build.0 = Release|Any CPU
		{5609D8C5-CB00-4A79-89FC-010E7BE24D3E}.AppStore|ARM.Deploy.0 = Release|Any CPU
		{5609D8C5-CB00-4A79-89FC-010E7BE24D3E}.AppStore|iPhone.ActiveCfg = Release|Any CPU
		{5609D8C5-CB00-4A79-89FC-010E7BE24D3E}.AppStore|iPhone.Build.0 = Release|Any CPU
		{5609D8C5-CB00-4A79-89FC-010E7BE24D3E}.AppStore|iPhone.Deploy.0 = Release|Any CPU
		{5609D8C5-CB00-4A79-89FC-010E7BE24D3E}.AppStore|iPhoneSimulator.ActiveCfg = Release|Any CPU
		{5609D8C5-CB00-4A79-89FC-010E7BE24D3E}.AppStore|iPhoneSimulator.Build.0 = Release|Any CPU
		{5609D8C5-CB00-4A79-89FC-010E7BE24D3E}.AppStore|iPhoneSimulator.Deploy.0 = Release|Any CPU
		{5609D8C5-CB00-4A79-89FC-010E7BE24D3E}.AppStore|x64.ActiveCfg = Release|Any CPU
		{5609D8C5-CB00-4A79-89FC-010E7BE24D3E}.AppStore|x64.Build.0 = Release|Any CPU
		{5609D8C5-CB00-4A79-89FC-010E7BE24D3E}.AppStore|x64.Deploy.0 = Release|Any CPU
		{5609D8C5-CB00-4A79-89FC-010E7BE24D3E}.AppStore|x86.ActiveCfg = Release|Any CPU
		{5609D8C5-CB00-4A79-89FC-010E7BE24D3E}.AppStore|x86.Build.0 = Release|Any CPU
		{5609D8C5-CB00-4A79-89FC-010E7BE24D3E}.AppStore|x86.Deploy.0 = Release|Any CPU
		{5609D8C5-CB00-4A79-89FC-010E7BE24D3E}.Debug|Any CPU.ActiveCfg = Debug|Any CPU
		{5609D8C5-CB00-4A79-89FC-010E7BE24D3E}.Debug|Any CPU.Build.0 = Debug|Any CPU
		{5609D8C5-CB00-4A79-89FC-010E7BE24D3E}.Debug|Any CPU.Deploy.0 = Debug|Any CPU
		{5609D8C5-CB00-4A79-89FC-010E7BE24D3E}.Debug|ARM.ActiveCfg = Debug|Any CPU
		{5609D8C5-CB00-4A79-89FC-010E7BE24D3E}.Debug|ARM.Build.0 = Debug|Any CPU
		{5609D8C5-CB00-4A79-89FC-010E7BE24D3E}.Debug|ARM.Deploy.0 = Debug|Any CPU
		{5609D8C5-CB00-4A79-89FC-010E7BE24D3E}.Debug|iPhone.ActiveCfg = Debug|Any CPU
		{5609D8C5-CB00-4A79-89FC-010E7BE24D3E}.Debug|iPhone.Build.0 = Debug|Any CPU
		{5609D8C5-CB00-4A79-89FC-010E7BE24D3E}.Debug|iPhone.Deploy.0 = Debug|Any CPU
		{5609D8C5-CB00-4A79-89FC-010E7BE24D3E}.Debug|iPhoneSimulator.ActiveCfg = Debug|Any CPU
		{5609D8C5-CB00-4A79-89FC-010E7BE24D3E}.Debug|iPhoneSimulator.Build.0 = Debug|Any CPU
		{5609D8C5-CB00-4A79-89FC-010E7BE24D3E}.Debug|iPhoneSimulator.Deploy.0 = Debug|Any CPU
		{5609D8C5-CB00-4A79-89FC-010E7BE24D3E}.Debug|x64.ActiveCfg = Debug|Any CPU
		{5609D8C5-CB00-4A79-89FC-010E7BE24D3E}.Debug|x64.Build.0 = Debug|Any CPU
		{5609D8C5-CB00-4A79-89FC-010E7BE24D3E}.Debug|x64.Deploy.0 = Debug|Any CPU
		{5609D8C5-CB00-4A79-89FC-010E7BE24D3E}.Debug|x86.ActiveCfg = Debug|Any CPU
		{5609D8C5-CB00-4A79-89FC-010E7BE24D3E}.Debug|x86.Build.0 = Debug|Any CPU
		{5609D8C5-CB00-4A79-89FC-010E7BE24D3E}.Debug|x86.Deploy.0 = Debug|Any CPU
		{5609D8C5-CB00-4A79-89FC-010E7BE24D3E}.Release|Any CPU.ActiveCfg = Release|Any CPU
		{5609D8C5-CB00-4A79-89FC-010E7BE24D3E}.Release|Any CPU.Build.0 = Release|Any CPU
		{5609D8C5-CB00-4A79-89FC-010E7BE24D3E}.Release|Any CPU.Deploy.0 = Release|Any CPU
		{5609D8C5-CB00-4A79-89FC-010E7BE24D3E}.Release|ARM.ActiveCfg = Release|Any CPU
		{5609D8C5-CB00-4A79-89FC-010E7BE24D3E}.Release|ARM.Build.0 = Release|Any CPU
		{5609D8C5-CB00-4A79-89FC-010E7BE24D3E}.Release|ARM.Deploy.0 = Release|Any CPU
		{5609D8C5-CB00-4A79-89FC-010E7BE24D3E}.Release|iPhone.ActiveCfg = Release|Any CPU
		{5609D8C5-CB00-4A79-89FC-010E7BE24D3E}.Release|iPhone.Build.0 = Release|Any CPU
		{5609D8C5-CB00-4A79-89FC-010E7BE24D3E}.Release|iPhone.Deploy.0 = Release|Any CPU
		{5609D8C5-CB00-4A79-89FC-010E7BE24D3E}.Release|iPhoneSimulator.ActiveCfg = Release|Any CPU
		{5609D8C5-CB00-4A79-89FC-010E7BE24D3E}.Release|iPhoneSimulator.Build.0 = Release|Any CPU
		{5609D8C5-CB00-4A79-89FC-010E7BE24D3E}.Release|iPhoneSimulator.Deploy.0 = Release|Any CPU
		{5609D8C5-CB00-4A79-89FC-010E7BE24D3E}.Release|x64.ActiveCfg = Release|Any CPU
		{5609D8C5-CB00-4A79-89FC-010E7BE24D3E}.Release|x64.Build.0 = Release|Any CPU
		{5609D8C5-CB00-4A79-89FC-010E7BE24D3E}.Release|x64.Deploy.0 = Release|Any CPU
		{5609D8C5-CB00-4A79-89FC-010E7BE24D3E}.Release|x86.ActiveCfg = Release|Any CPU
		{5609D8C5-CB00-4A79-89FC-010E7BE24D3E}.Release|x86.Build.0 = Release|Any CPU
		{5609D8C5-CB00-4A79-89FC-010E7BE24D3E}.Release|x86.Deploy.0 = Release|Any CPU
		{3D5D1AC7-604D-4343-8EF5-289DC6407F73}.Ad-Hoc|Any CPU.ActiveCfg = Ad-Hoc|iPhone
		{3D5D1AC7-604D-4343-8EF5-289DC6407F73}.Ad-Hoc|Any CPU.Build.0 = Ad-Hoc|iPhone
		{3D5D1AC7-604D-4343-8EF5-289DC6407F73}.Ad-Hoc|Any CPU.Deploy.0 = Ad-Hoc|iPhone
		{3D5D1AC7-604D-4343-8EF5-289DC6407F73}.Ad-Hoc|ARM.ActiveCfg = Ad-Hoc|iPhone
		{3D5D1AC7-604D-4343-8EF5-289DC6407F73}.Ad-Hoc|ARM.Build.0 = Ad-Hoc|iPhone
		{3D5D1AC7-604D-4343-8EF5-289DC6407F73}.Ad-Hoc|ARM.Deploy.0 = Ad-Hoc|iPhone
		{3D5D1AC7-604D-4343-8EF5-289DC6407F73}.Ad-Hoc|iPhone.ActiveCfg = Ad-Hoc|iPhone
		{3D5D1AC7-604D-4343-8EF5-289DC6407F73}.Ad-Hoc|iPhone.Build.0 = Ad-Hoc|iPhone
		{3D5D1AC7-604D-4343-8EF5-289DC6407F73}.Ad-Hoc|iPhone.Deploy.0 = Ad-Hoc|iPhone
		{3D5D1AC7-604D-4343-8EF5-289DC6407F73}.Ad-Hoc|iPhoneSimulator.ActiveCfg = Ad-Hoc|iPhoneSimulator
		{3D5D1AC7-604D-4343-8EF5-289DC6407F73}.Ad-Hoc|iPhoneSimulator.Build.0 = Ad-Hoc|iPhoneSimulator
		{3D5D1AC7-604D-4343-8EF5-289DC6407F73}.Ad-Hoc|iPhoneSimulator.Deploy.0 = Ad-Hoc|iPhoneSimulator
		{3D5D1AC7-604D-4343-8EF5-289DC6407F73}.Ad-Hoc|x64.ActiveCfg = Ad-Hoc|iPhone
		{3D5D1AC7-604D-4343-8EF5-289DC6407F73}.Ad-Hoc|x64.Build.0 = Ad-Hoc|iPhone
		{3D5D1AC7-604D-4343-8EF5-289DC6407F73}.Ad-Hoc|x64.Deploy.0 = Ad-Hoc|iPhone
		{3D5D1AC7-604D-4343-8EF5-289DC6407F73}.Ad-Hoc|x86.ActiveCfg = Ad-Hoc|iPhone
		{3D5D1AC7-604D-4343-8EF5-289DC6407F73}.Ad-Hoc|x86.Build.0 = Ad-Hoc|iPhone
		{3D5D1AC7-604D-4343-8EF5-289DC6407F73}.Ad-Hoc|x86.Deploy.0 = Ad-Hoc|iPhone
		{3D5D1AC7-604D-4343-8EF5-289DC6407F73}.AppStore|Any CPU.ActiveCfg = AppStore|iPhone
		{3D5D1AC7-604D-4343-8EF5-289DC6407F73}.AppStore|Any CPU.Build.0 = AppStore|iPhone
		{3D5D1AC7-604D-4343-8EF5-289DC6407F73}.AppStore|Any CPU.Deploy.0 = AppStore|iPhone
		{3D5D1AC7-604D-4343-8EF5-289DC6407F73}.AppStore|ARM.ActiveCfg = AppStore|iPhone
		{3D5D1AC7-604D-4343-8EF5-289DC6407F73}.AppStore|ARM.Build.0 = AppStore|iPhone
		{3D5D1AC7-604D-4343-8EF5-289DC6407F73}.AppStore|ARM.Deploy.0 = AppStore|iPhone
		{3D5D1AC7-604D-4343-8EF5-289DC6407F73}.AppStore|iPhone.ActiveCfg = AppStore|iPhone
		{3D5D1AC7-604D-4343-8EF5-289DC6407F73}.AppStore|iPhone.Build.0 = AppStore|iPhone
		{3D5D1AC7-604D-4343-8EF5-289DC6407F73}.AppStore|iPhone.Deploy.0 = AppStore|iPhone
		{3D5D1AC7-604D-4343-8EF5-289DC6407F73}.AppStore|iPhoneSimulator.ActiveCfg = AppStore|iPhoneSimulator
		{3D5D1AC7-604D-4343-8EF5-289DC6407F73}.AppStore|iPhoneSimulator.Build.0 = AppStore|iPhoneSimulator
		{3D5D1AC7-604D-4343-8EF5-289DC6407F73}.AppStore|iPhoneSimulator.Deploy.0 = AppStore|iPhoneSimulator
		{3D5D1AC7-604D-4343-8EF5-289DC6407F73}.AppStore|x64.ActiveCfg = AppStore|iPhone
		{3D5D1AC7-604D-4343-8EF5-289DC6407F73}.AppStore|x64.Build.0 = AppStore|iPhone
		{3D5D1AC7-604D-4343-8EF5-289DC6407F73}.AppStore|x64.Deploy.0 = AppStore|iPhone
		{3D5D1AC7-604D-4343-8EF5-289DC6407F73}.AppStore|x86.ActiveCfg = AppStore|iPhone
		{3D5D1AC7-604D-4343-8EF5-289DC6407F73}.AppStore|x86.Build.0 = AppStore|iPhone
		{3D5D1AC7-604D-4343-8EF5-289DC6407F73}.AppStore|x86.Deploy.0 = AppStore|iPhone
		{3D5D1AC7-604D-4343-8EF5-289DC6407F73}.Debug|Any CPU.ActiveCfg = Debug|iPhoneSimulator
		{3D5D1AC7-604D-4343-8EF5-289DC6407F73}.Debug|Any CPU.Build.0 = Debug|iPhoneSimulator
		{3D5D1AC7-604D-4343-8EF5-289DC6407F73}.Debug|Any CPU.Deploy.0 = Debug|iPhoneSimulator
		{3D5D1AC7-604D-4343-8EF5-289DC6407F73}.Debug|ARM.ActiveCfg = Debug|iPhone
		{3D5D1AC7-604D-4343-8EF5-289DC6407F73}.Debug|ARM.Build.0 = Debug|iPhone
		{3D5D1AC7-604D-4343-8EF5-289DC6407F73}.Debug|ARM.Deploy.0 = Debug|iPhone
		{3D5D1AC7-604D-4343-8EF5-289DC6407F73}.Debug|iPhone.ActiveCfg = Debug|iPhone
		{3D5D1AC7-604D-4343-8EF5-289DC6407F73}.Debug|iPhone.Build.0 = Debug|iPhone
		{3D5D1AC7-604D-4343-8EF5-289DC6407F73}.Debug|iPhone.Deploy.0 = Debug|iPhone
		{3D5D1AC7-604D-4343-8EF5-289DC6407F73}.Debug|iPhoneSimulator.ActiveCfg = Debug|iPhoneSimulator
		{3D5D1AC7-604D-4343-8EF5-289DC6407F73}.Debug|iPhoneSimulator.Build.0 = Debug|iPhoneSimulator
		{3D5D1AC7-604D-4343-8EF5-289DC6407F73}.Debug|iPhoneSimulator.Deploy.0 = Debug|iPhoneSimulator
		{3D5D1AC7-604D-4343-8EF5-289DC6407F73}.Debug|x64.ActiveCfg = Debug|iPhone
		{3D5D1AC7-604D-4343-8EF5-289DC6407F73}.Debug|x64.Build.0 = Debug|iPhone
		{3D5D1AC7-604D-4343-8EF5-289DC6407F73}.Debug|x64.Deploy.0 = Debug|iPhone
		{3D5D1AC7-604D-4343-8EF5-289DC6407F73}.Debug|x86.ActiveCfg = Debug|iPhone
		{3D5D1AC7-604D-4343-8EF5-289DC6407F73}.Debug|x86.Build.0 = Debug|iPhone
		{3D5D1AC7-604D-4343-8EF5-289DC6407F73}.Debug|x86.Deploy.0 = Debug|iPhone
		{3D5D1AC7-604D-4343-8EF5-289DC6407F73}.Release|Any CPU.ActiveCfg = Release|iPhone
		{3D5D1AC7-604D-4343-8EF5-289DC6407F73}.Release|Any CPU.Build.0 = Release|iPhone
		{3D5D1AC7-604D-4343-8EF5-289DC6407F73}.Release|Any CPU.Deploy.0 = Release|iPhone
		{3D5D1AC7-604D-4343-8EF5-289DC6407F73}.Release|ARM.ActiveCfg = Release|iPhone
		{3D5D1AC7-604D-4343-8EF5-289DC6407F73}.Release|ARM.Build.0 = Release|iPhone
		{3D5D1AC7-604D-4343-8EF5-289DC6407F73}.Release|ARM.Deploy.0 = Release|iPhone
		{3D5D1AC7-604D-4343-8EF5-289DC6407F73}.Release|iPhone.ActiveCfg = Release|iPhone
		{3D5D1AC7-604D-4343-8EF5-289DC6407F73}.Release|iPhone.Build.0 = Release|iPhone
		{3D5D1AC7-604D-4343-8EF5-289DC6407F73}.Release|iPhone.Deploy.0 = Release|iPhone
		{3D5D1AC7-604D-4343-8EF5-289DC6407F73}.Release|iPhoneSimulator.ActiveCfg = Release|iPhoneSimulator
		{3D5D1AC7-604D-4343-8EF5-289DC6407F73}.Release|iPhoneSimulator.Build.0 = Release|iPhoneSimulator
		{3D5D1AC7-604D-4343-8EF5-289DC6407F73}.Release|iPhoneSimulator.Deploy.0 = Release|iPhoneSimulator
		{3D5D1AC7-604D-4343-8EF5-289DC6407F73}.Release|x64.ActiveCfg = Release|iPhone
		{3D5D1AC7-604D-4343-8EF5-289DC6407F73}.Release|x64.Build.0 = Release|iPhone
		{3D5D1AC7-604D-4343-8EF5-289DC6407F73}.Release|x64.Deploy.0 = Release|iPhone
		{3D5D1AC7-604D-4343-8EF5-289DC6407F73}.Release|x86.ActiveCfg = Release|iPhone
		{3D5D1AC7-604D-4343-8EF5-289DC6407F73}.Release|x86.Build.0 = Release|iPhone
		{3D5D1AC7-604D-4343-8EF5-289DC6407F73}.Release|x86.Deploy.0 = Release|iPhone
		{06F55CAE-B850-48F7-B701-D5E1BB60F4DB}.Ad-Hoc|Any CPU.ActiveCfg = Release|x86
		{06F55CAE-B850-48F7-B701-D5E1BB60F4DB}.Ad-Hoc|Any CPU.Build.0 = Release|x86
		{06F55CAE-B850-48F7-B701-D5E1BB60F4DB}.Ad-Hoc|Any CPU.Deploy.0 = Release|x86
		{06F55CAE-B850-48F7-B701-D5E1BB60F4DB}.Ad-Hoc|ARM.ActiveCfg = Release|ARM
		{06F55CAE-B850-48F7-B701-D5E1BB60F4DB}.Ad-Hoc|ARM.Build.0 = Release|ARM
		{06F55CAE-B850-48F7-B701-D5E1BB60F4DB}.Ad-Hoc|ARM.Deploy.0 = Release|ARM
		{06F55CAE-B850-48F7-B701-D5E1BB60F4DB}.Ad-Hoc|iPhone.ActiveCfg = Release|x86
		{06F55CAE-B850-48F7-B701-D5E1BB60F4DB}.Ad-Hoc|iPhone.Build.0 = Release|x86
		{06F55CAE-B850-48F7-B701-D5E1BB60F4DB}.Ad-Hoc|iPhone.Deploy.0 = Release|x86
		{06F55CAE-B850-48F7-B701-D5E1BB60F4DB}.Ad-Hoc|iPhoneSimulator.ActiveCfg = Release|x86
		{06F55CAE-B850-48F7-B701-D5E1BB60F4DB}.Ad-Hoc|iPhoneSimulator.Build.0 = Release|x86
		{06F55CAE-B850-48F7-B701-D5E1BB60F4DB}.Ad-Hoc|iPhoneSimulator.Deploy.0 = Release|x86
		{06F55CAE-B850-48F7-B701-D5E1BB60F4DB}.Ad-Hoc|x64.ActiveCfg = Release|x64
		{06F55CAE-B850-48F7-B701-D5E1BB60F4DB}.Ad-Hoc|x64.Build.0 = Release|x64
		{06F55CAE-B850-48F7-B701-D5E1BB60F4DB}.Ad-Hoc|x64.Deploy.0 = Release|x64
		{06F55CAE-B850-48F7-B701-D5E1BB60F4DB}.Ad-Hoc|x86.ActiveCfg = Release|x86
		{06F55CAE-B850-48F7-B701-D5E1BB60F4DB}.Ad-Hoc|x86.Build.0 = Release|x86
		{06F55CAE-B850-48F7-B701-D5E1BB60F4DB}.Ad-Hoc|x86.Deploy.0 = Release|x86
		{06F55CAE-B850-48F7-B701-D5E1BB60F4DB}.AppStore|Any CPU.ActiveCfg = Release|x86
		{06F55CAE-B850-48F7-B701-D5E1BB60F4DB}.AppStore|Any CPU.Build.0 = Release|x86
		{06F55CAE-B850-48F7-B701-D5E1BB60F4DB}.AppStore|Any CPU.Deploy.0 = Release|x86
		{06F55CAE-B850-48F7-B701-D5E1BB60F4DB}.AppStore|ARM.ActiveCfg = Release|ARM
		{06F55CAE-B850-48F7-B701-D5E1BB60F4DB}.AppStore|ARM.Build.0 = Release|ARM
		{06F55CAE-B850-48F7-B701-D5E1BB60F4DB}.AppStore|ARM.Deploy.0 = Release|ARM
		{06F55CAE-B850-48F7-B701-D5E1BB60F4DB}.AppStore|iPhone.ActiveCfg = Release|x86
		{06F55CAE-B850-48F7-B701-D5E1BB60F4DB}.AppStore|iPhone.Build.0 = Release|x86
		{06F55CAE-B850-48F7-B701-D5E1BB60F4DB}.AppStore|iPhone.Deploy.0 = Release|x86
		{06F55CAE-B850-48F7-B701-D5E1BB60F4DB}.AppStore|iPhoneSimulator.ActiveCfg = Release|x86
		{06F55CAE-B850-48F7-B701-D5E1BB60F4DB}.AppStore|iPhoneSimulator.Build.0 = Release|x86
		{06F55CAE-B850-48F7-B701-D5E1BB60F4DB}.AppStore|iPhoneSimulator.Deploy.0 = Release|x86
		{06F55CAE-B850-48F7-B701-D5E1BB60F4DB}.AppStore|x64.ActiveCfg = Release|x64
		{06F55CAE-B850-48F7-B701-D5E1BB60F4DB}.AppStore|x64.Build.0 = Release|x64
		{06F55CAE-B850-48F7-B701-D5E1BB60F4DB}.AppStore|x64.Deploy.0 = Release|x64
		{06F55CAE-B850-48F7-B701-D5E1BB60F4DB}.AppStore|x86.ActiveCfg = Release|x86
		{06F55CAE-B850-48F7-B701-D5E1BB60F4DB}.AppStore|x86.Build.0 = Release|x86
		{06F55CAE-B850-48F7-B701-D5E1BB60F4DB}.AppStore|x86.Deploy.0 = Release|x86
		{06F55CAE-B850-48F7-B701-D5E1BB60F4DB}.Debug|Any CPU.ActiveCfg = Debug|x86
		{06F55CAE-B850-48F7-B701-D5E1BB60F4DB}.Debug|Any CPU.Build.0 = Debug|x86
		{06F55CAE-B850-48F7-B701-D5E1BB60F4DB}.Debug|Any CPU.Deploy.0 = Debug|x86
		{06F55CAE-B850-48F7-B701-D5E1BB60F4DB}.Debug|ARM.ActiveCfg = Debug|ARM
		{06F55CAE-B850-48F7-B701-D5E1BB60F4DB}.Debug|ARM.Build.0 = Debug|ARM
		{06F55CAE-B850-48F7-B701-D5E1BB60F4DB}.Debug|ARM.Deploy.0 = Debug|ARM
		{06F55CAE-B850-48F7-B701-D5E1BB60F4DB}.Debug|iPhone.ActiveCfg = Debug|x86
		{06F55CAE-B850-48F7-B701-D5E1BB60F4DB}.Debug|iPhone.Build.0 = Debug|x86
		{06F55CAE-B850-48F7-B701-D5E1BB60F4DB}.Debug|iPhone.Deploy.0 = Debug|x86
		{06F55CAE-B850-48F7-B701-D5E1BB60F4DB}.Debug|iPhoneSimulator.ActiveCfg = Debug|x86
		{06F55CAE-B850-48F7-B701-D5E1BB60F4DB}.Debug|iPhoneSimulator.Build.0 = Debug|x86
		{06F55CAE-B850-48F7-B701-D5E1BB60F4DB}.Debug|iPhoneSimulator.Deploy.0 = Debug|x86
		{06F55CAE-B850-48F7-B701-D5E1BB60F4DB}.Debug|x64.ActiveCfg = Debug|x64
		{06F55CAE-B850-48F7-B701-D5E1BB60F4DB}.Debug|x64.Build.0 = Debug|x64
		{06F55CAE-B850-48F7-B701-D5E1BB60F4DB}.Debug|x64.Deploy.0 = Debug|x64
		{06F55CAE-B850-48F7-B701-D5E1BB60F4DB}.Debug|x86.ActiveCfg = Debug|x86
		{06F55CAE-B850-48F7-B701-D5E1BB60F4DB}.Debug|x86.Build.0 = Debug|x86
		{06F55CAE-B850-48F7-B701-D5E1BB60F4DB}.Debug|x86.Deploy.0 = Debug|x86
		{06F55CAE-B850-48F7-B701-D5E1BB60F4DB}.Release|Any CPU.ActiveCfg = Release|x86
		{06F55CAE-B850-48F7-B701-D5E1BB60F4DB}.Release|Any CPU.Build.0 = Release|x86
		{06F55CAE-B850-48F7-B701-D5E1BB60F4DB}.Release|Any CPU.Deploy.0 = Release|x86
		{06F55CAE-B850-48F7-B701-D5E1BB60F4DB}.Release|ARM.ActiveCfg = Release|ARM
		{06F55CAE-B850-48F7-B701-D5E1BB60F4DB}.Release|ARM.Build.0 = Release|ARM
		{06F55CAE-B850-48F7-B701-D5E1BB60F4DB}.Release|ARM.Deploy.0 = Release|ARM
		{06F55CAE-B850-48F7-B701-D5E1BB60F4DB}.Release|iPhone.ActiveCfg = Release|x86
		{06F55CAE-B850-48F7-B701-D5E1BB60F4DB}.Release|iPhone.Build.0 = Release|x86
		{06F55CAE-B850-48F7-B701-D5E1BB60F4DB}.Release|iPhone.Deploy.0 = Release|x86
		{06F55CAE-B850-48F7-B701-D5E1BB60F4DB}.Release|iPhoneSimulator.ActiveCfg = Release|x86
		{06F55CAE-B850-48F7-B701-D5E1BB60F4DB}.Release|iPhoneSimulator.Build.0 = Release|x86
		{06F55CAE-B850-48F7-B701-D5E1BB60F4DB}.Release|iPhoneSimulator.Deploy.0 = Release|x86
		{06F55CAE-B850-48F7-B701-D5E1BB60F4DB}.Release|x64.ActiveCfg = Release|x64
		{06F55CAE-B850-48F7-B701-D5E1BB60F4DB}.Release|x64.Build.0 = Release|x64
		{06F55CAE-B850-48F7-B701-D5E1BB60F4DB}.Release|x64.Deploy.0 = Release|x64
		{06F55CAE-B850-48F7-B701-D5E1BB60F4DB}.Release|x86.ActiveCfg = Release|x86
		{06F55CAE-B850-48F7-B701-D5E1BB60F4DB}.Release|x86.Build.0 = Release|x86
		{06F55CAE-B850-48F7-B701-D5E1BB60F4DB}.Release|x86.Deploy.0 = Release|x86
		{A6A3D3ED-443A-4099-BA2A-2C9E889C2715}.Ad-Hoc|Any CPU.ActiveCfg = Debug|Any CPU
		{A6A3D3ED-443A-4099-BA2A-2C9E889C2715}.Ad-Hoc|Any CPU.Build.0 = Debug|Any CPU
		{A6A3D3ED-443A-4099-BA2A-2C9E889C2715}.Ad-Hoc|Any CPU.Deploy.0 = Debug|Any CPU
		{A6A3D3ED-443A-4099-BA2A-2C9E889C2715}.Ad-Hoc|ARM.ActiveCfg = Debug|Any CPU
		{A6A3D3ED-443A-4099-BA2A-2C9E889C2715}.Ad-Hoc|ARM.Build.0 = Debug|Any CPU
		{A6A3D3ED-443A-4099-BA2A-2C9E889C2715}.Ad-Hoc|ARM.Deploy.0 = Debug|Any CPU
		{A6A3D3ED-443A-4099-BA2A-2C9E889C2715}.Ad-Hoc|iPhone.ActiveCfg = Debug|Any CPU
		{A6A3D3ED-443A-4099-BA2A-2C9E889C2715}.Ad-Hoc|iPhone.Build.0 = Debug|Any CPU
		{A6A3D3ED-443A-4099-BA2A-2C9E889C2715}.Ad-Hoc|iPhone.Deploy.0 = Debug|Any CPU
		{A6A3D3ED-443A-4099-BA2A-2C9E889C2715}.Ad-Hoc|iPhoneSimulator.ActiveCfg = Debug|Any CPU
		{A6A3D3ED-443A-4099-BA2A-2C9E889C2715}.Ad-Hoc|iPhoneSimulator.Build.0 = Debug|Any CPU
		{A6A3D3ED-443A-4099-BA2A-2C9E889C2715}.Ad-Hoc|iPhoneSimulator.Deploy.0 = Debug|Any CPU
		{A6A3D3ED-443A-4099-BA2A-2C9E889C2715}.Ad-Hoc|x64.ActiveCfg = Debug|Any CPU
		{A6A3D3ED-443A-4099-BA2A-2C9E889C2715}.Ad-Hoc|x64.Build.0 = Debug|Any CPU
		{A6A3D3ED-443A-4099-BA2A-2C9E889C2715}.Ad-Hoc|x64.Deploy.0 = Debug|Any CPU
		{A6A3D3ED-443A-4099-BA2A-2C9E889C2715}.Ad-Hoc|x86.ActiveCfg = Debug|Any CPU
		{A6A3D3ED-443A-4099-BA2A-2C9E889C2715}.Ad-Hoc|x86.Build.0 = Debug|Any CPU
		{A6A3D3ED-443A-4099-BA2A-2C9E889C2715}.Ad-Hoc|x86.Deploy.0 = Debug|Any CPU
		{A6A3D3ED-443A-4099-BA2A-2C9E889C2715}.AppStore|Any CPU.ActiveCfg = Debug|Any CPU
		{A6A3D3ED-443A-4099-BA2A-2C9E889C2715}.AppStore|Any CPU.Build.0 = Debug|Any CPU
		{A6A3D3ED-443A-4099-BA2A-2C9E889C2715}.AppStore|Any CPU.Deploy.0 = Debug|Any CPU
		{A6A3D3ED-443A-4099-BA2A-2C9E889C2715}.AppStore|ARM.ActiveCfg = Debug|Any CPU
		{A6A3D3ED-443A-4099-BA2A-2C9E889C2715}.AppStore|ARM.Build.0 = Debug|Any CPU
		{A6A3D3ED-443A-4099-BA2A-2C9E889C2715}.AppStore|ARM.Deploy.0 = Debug|Any CPU
		{A6A3D3ED-443A-4099-BA2A-2C9E889C2715}.AppStore|iPhone.ActiveCfg = Debug|Any CPU
		{A6A3D3ED-443A-4099-BA2A-2C9E889C2715}.AppStore|iPhone.Build.0 = Debug|Any CPU
		{A6A3D3ED-443A-4099-BA2A-2C9E889C2715}.AppStore|iPhone.Deploy.0 = Debug|Any CPU
		{A6A3D3ED-443A-4099-BA2A-2C9E889C2715}.AppStore|iPhoneSimulator.ActiveCfg = Debug|Any CPU
		{A6A3D3ED-443A-4099-BA2A-2C9E889C2715}.AppStore|iPhoneSimulator.Build.0 = Debug|Any CPU
		{A6A3D3ED-443A-4099-BA2A-2C9E889C2715}.AppStore|iPhoneSimulator.Deploy.0 = Debug|Any CPU
		{A6A3D3ED-443A-4099-BA2A-2C9E889C2715}.AppStore|x64.ActiveCfg = Debug|Any CPU
		{A6A3D3ED-443A-4099-BA2A-2C9E889C2715}.AppStore|x64.Build.0 = Debug|Any CPU
		{A6A3D3ED-443A-4099-BA2A-2C9E889C2715}.AppStore|x64.Deploy.0 = Debug|Any CPU
		{A6A3D3ED-443A-4099-BA2A-2C9E889C2715}.AppStore|x86.ActiveCfg = Debug|Any CPU
		{A6A3D3ED-443A-4099-BA2A-2C9E889C2715}.AppStore|x86.Build.0 = Debug|Any CPU
		{A6A3D3ED-443A-4099-BA2A-2C9E889C2715}.AppStore|x86.Deploy.0 = Debug|Any CPU
		{A6A3D3ED-443A-4099-BA2A-2C9E889C2715}.Debug|Any CPU.ActiveCfg = Debug|Any CPU
		{A6A3D3ED-443A-4099-BA2A-2C9E889C2715}.Debug|Any CPU.Build.0 = Debug|Any CPU
		{A6A3D3ED-443A-4099-BA2A-2C9E889C2715}.Debug|Any CPU.Deploy.0 = Debug|Any CPU
		{A6A3D3ED-443A-4099-BA2A-2C9E889C2715}.Debug|ARM.ActiveCfg = Debug|Any CPU
		{A6A3D3ED-443A-4099-BA2A-2C9E889C2715}.Debug|ARM.Build.0 = Debug|Any CPU
		{A6A3D3ED-443A-4099-BA2A-2C9E889C2715}.Debug|ARM.Deploy.0 = Debug|Any CPU
		{A6A3D3ED-443A-4099-BA2A-2C9E889C2715}.Debug|iPhone.ActiveCfg = Debug|Any CPU
		{A6A3D3ED-443A-4099-BA2A-2C9E889C2715}.Debug|iPhone.Build.0 = Debug|Any CPU
		{A6A3D3ED-443A-4099-BA2A-2C9E889C2715}.Debug|iPhone.Deploy.0 = Debug|Any CPU
		{A6A3D3ED-443A-4099-BA2A-2C9E889C2715}.Debug|iPhoneSimulator.ActiveCfg = Debug|Any CPU
		{A6A3D3ED-443A-4099-BA2A-2C9E889C2715}.Debug|iPhoneSimulator.Build.0 = Debug|Any CPU
		{A6A3D3ED-443A-4099-BA2A-2C9E889C2715}.Debug|iPhoneSimulator.Deploy.0 = Debug|Any CPU
		{A6A3D3ED-443A-4099-BA2A-2C9E889C2715}.Debug|x64.ActiveCfg = Debug|Any CPU
		{A6A3D3ED-443A-4099-BA2A-2C9E889C2715}.Debug|x64.Build.0 = Debug|Any CPU
		{A6A3D3ED-443A-4099-BA2A-2C9E889C2715}.Debug|x64.Deploy.0 = Debug|Any CPU
		{A6A3D3ED-443A-4099-BA2A-2C9E889C2715}.Debug|x86.ActiveCfg = Debug|Any CPU
		{A6A3D3ED-443A-4099-BA2A-2C9E889C2715}.Debug|x86.Build.0 = Debug|Any CPU
		{A6A3D3ED-443A-4099-BA2A-2C9E889C2715}.Debug|x86.Deploy.0 = Debug|Any CPU
		{A6A3D3ED-443A-4099-BA2A-2C9E889C2715}.Release|Any CPU.ActiveCfg = Release|Any CPU
		{A6A3D3ED-443A-4099-BA2A-2C9E889C2715}.Release|Any CPU.Build.0 = Release|Any CPU
		{A6A3D3ED-443A-4099-BA2A-2C9E889C2715}.Release|Any CPU.Deploy.0 = Release|Any CPU
		{A6A3D3ED-443A-4099-BA2A-2C9E889C2715}.Release|ARM.ActiveCfg = Release|Any CPU
		{A6A3D3ED-443A-4099-BA2A-2C9E889C2715}.Release|ARM.Build.0 = Release|Any CPU
		{A6A3D3ED-443A-4099-BA2A-2C9E889C2715}.Release|ARM.Deploy.0 = Release|Any CPU
		{A6A3D3ED-443A-4099-BA2A-2C9E889C2715}.Release|iPhone.ActiveCfg = Release|Any CPU
		{A6A3D3ED-443A-4099-BA2A-2C9E889C2715}.Release|iPhone.Build.0 = Release|Any CPU
		{A6A3D3ED-443A-4099-BA2A-2C9E889C2715}.Release|iPhone.Deploy.0 = Release|Any CPU
		{A6A3D3ED-443A-4099-BA2A-2C9E889C2715}.Release|iPhoneSimulator.ActiveCfg = Release|Any CPU
		{A6A3D3ED-443A-4099-BA2A-2C9E889C2715}.Release|iPhoneSimulator.Build.0 = Release|Any CPU
		{A6A3D3ED-443A-4099-BA2A-2C9E889C2715}.Release|iPhoneSimulator.Deploy.0 = Release|Any CPU
		{A6A3D3ED-443A-4099-BA2A-2C9E889C2715}.Release|x64.ActiveCfg = Release|Any CPU
		{A6A3D3ED-443A-4099-BA2A-2C9E889C2715}.Release|x64.Build.0 = Release|Any CPU
		{A6A3D3ED-443A-4099-BA2A-2C9E889C2715}.Release|x64.Deploy.0 = Release|Any CPU
		{A6A3D3ED-443A-4099-BA2A-2C9E889C2715}.Release|x86.ActiveCfg = Release|Any CPU
		{A6A3D3ED-443A-4099-BA2A-2C9E889C2715}.Release|x86.Build.0 = Release|Any CPU
		{A6A3D3ED-443A-4099-BA2A-2C9E889C2715}.Release|x86.Deploy.0 = Release|Any CPU
	EndGlobalSection
	GlobalSection(SolutionProperties) = preSolution
		HideSolutionNode = FALSE
	EndGlobalSection
	GlobalSection(ExtensibilityGlobals) = postSolution
		SolutionGuid = {16F21FFD-C441-4AF7-9BAF-79BBD5A4755B}
	EndGlobalSection
EndGlobal
