
Microsoft Visual Studio Solution File, Format Version 12.00
# Visual Studio 15
VisualStudioVersion = 15.0.28010.2046
MinimumVisualStudioVersion = 10.0.40219.1
Project("{FAE04EC0-301F-11D3-BF4B-00C04F79EFBC}") = "APPCTXF.Android", "APPCTXF\APPCTXF.Android\APPCTXF.Android.csproj", "{5E93907A-E224-4902-B402-667661C46FF9}"
EndProject
Project("{FAE04EC0-301F-11D3-BF4B-00C04F79EFBC}") = "APPCTXF.iOS", "APPCTXF\APPCTXF.iOS\APPCTXF.iOS.csproj", "{1D5A4AAD-704B-412F-A31D-F0A19DB0516A}"
EndProject
Project("{FAE04EC0-301F-11D3-BF4B-00C04F79EFBC}") = "APPCTXF.UWP", "APPCTXF\APPCTXF.UWP\APPCTXF.UWP.csproj", "{067CB8CA-D321-4CBC-90A5-065770455AD4}"
EndProject
Project("{FAE04EC0-301F-11D3-BF4B-00C04F79EFBC}") = "APPCTXF", "APPCTXF\APPCTXF\APPCTXF.csproj", "{9893C029-CDC3-4F71-9ED4-4239759DEBD0}"
EndProject
Global
	GlobalSection(SolutionConfigurationPlatforms) = preSolution
		Ad-Hoc|Any CPU = Ad-Hoc|Any CPU
		Ad-Hoc|ARM = Ad-Hoc|ARM
		Ad-Hoc|iPhone = Ad-Hoc|iPhone
		Ad-Hoc|iPhoneSimulator = Ad-Hoc|iPhoneSimulator
		Ad-Hoc|x64 = Ad-Hoc|x64
		Ad-Hoc|x86 = Ad-Hoc|x86
		AppStore|Any CPU = AppStore|Any CPU
		AppStore|ARM = AppStore|ARM
		AppStore|iPhone = AppStore|iPhone
		AppStore|iPhoneSimulator = AppStore|iPhoneSimulator
		AppStore|x64 = AppStore|x64
		AppStore|x86 = AppStore|x86
		Debug|Any CPU = Debug|Any CPU
		Debug|ARM = Debug|ARM
		Debug|iPhone = Debug|iPhone
		Debug|iPhoneSimulator = Debug|iPhoneSimulator
		Debug|x64 = Debug|x64
		Debug|x86 = Debug|x86
		Release|Any CPU = Release|Any CPU
		Release|ARM = Release|ARM
		Release|iPhone = Release|iPhone
		Release|iPhoneSimulator = Release|iPhoneSimulator
		Release|x64 = Release|x64
		Release|x86 = Release|x86
	EndGlobalSection
	GlobalSection(ProjectConfigurationPlatforms) = postSolution
		{5E93907A-E224-4902-B402-667661C46FF9}.Ad-Hoc|Any CPU.ActiveCfg = Release|Any CPU
		{5E93907A-E224-4902-B402-667661C46FF9}.Ad-Hoc|Any CPU.Build.0 = Release|Any CPU
		{5E93907A-E224-4902-B402-667661C46FF9}.Ad-Hoc|Any CPU.Deploy.0 = Release|Any CPU
		{5E93907A-E224-4902-B402-667661C46FF9}.Ad-Hoc|ARM.ActiveCfg = Release|Any CPU
		{5E93907A-E224-4902-B402-667661C46FF9}.Ad-Hoc|ARM.Build.0 = Release|Any CPU
		{5E93907A-E224-4902-B402-667661C46FF9}.Ad-Hoc|ARM.Deploy.0 = Release|Any CPU
		{5E93907A-E224-4902-B402-667661C46FF9}.Ad-Hoc|iPhone.ActiveCfg = Release|Any CPU
		{5E93907A-E224-4902-B402-667661C46FF9}.Ad-Hoc|iPhone.Build.0 = Release|Any CPU
		{5E93907A-E224-4902-B402-667661C46FF9}.Ad-Hoc|iPhone.Deploy.0 = Release|Any CPU
		{5E93907A-E224-4902-B402-667661C46FF9}.Ad-Hoc|iPhoneSimulator.ActiveCfg = Release|Any CPU
		{5E93907A-E224-4902-B402-667661C46FF9}.Ad-Hoc|iPhoneSimulator.Build.0 = Release|Any CPU
		{5E93907A-E224-4902-B402-667661C46FF9}.Ad-Hoc|iPhoneSimulator.Deploy.0 = Release|Any CPU
		{5E93907A-E224-4902-B402-667661C46FF9}.Ad-Hoc|x64.ActiveCfg = Release|Any CPU
		{5E93907A-E224-4902-B402-667661C46FF9}.Ad-Hoc|x64.Build.0 = Release|Any CPU
		{5E93907A-E224-4902-B402-667661C46FF9}.Ad-Hoc|x64.Deploy.0 = Release|Any CPU
		{5E93907A-E224-4902-B402-667661C46FF9}.Ad-Hoc|x86.ActiveCfg = Release|Any CPU
		{5E93907A-E224-4902-B402-667661C46FF9}.Ad-Hoc|x86.Build.0 = Release|Any CPU
		{5E93907A-E224-4902-B402-667661C46FF9}.Ad-Hoc|x86.Deploy.0 = Release|Any CPU
		{5E93907A-E224-4902-B402-667661C46FF9}.AppStore|Any CPU.ActiveCfg = Release|Any CPU
		{5E93907A-E224-4902-B402-667661C46FF9}.AppStore|Any CPU.Build.0 = Release|Any CPU
		{5E93907A-E224-4902-B402-667661C46FF9}.AppStore|Any CPU.Deploy.0 = Release|Any CPU
		{5E93907A-E224-4902-B402-667661C46FF9}.AppStore|ARM.ActiveCfg = Release|Any CPU
		{5E93907A-E224-4902-B402-667661C46FF9}.AppStore|ARM.Build.0 = Release|Any CPU
		{5E93907A-E224-4902-B402-667661C46FF9}.AppStore|ARM.Deploy.0 = Release|Any CPU
		{5E93907A-E224-4902-B402-667661C46FF9}.AppStore|iPhone.ActiveCfg = Release|Any CPU
		{5E93907A-E224-4902-B402-667661C46FF9}.AppStore|iPhone.Build.0 = Release|Any CPU
		{5E93907A-E224-4902-B402-667661C46FF9}.AppStore|iPhone.Deploy.0 = Release|Any CPU
		{5E93907A-E224-4902-B402-667661C46FF9}.AppStore|iPhoneSimulator.ActiveCfg = Release|Any CPU
		{5E93907A-E224-4902-B402-667661C46FF9}.AppStore|iPhoneSimulator.Build.0 = Release|Any CPU
		{5E93907A-E224-4902-B402-667661C46FF9}.AppStore|iPhoneSimulator.Deploy.0 = Release|Any CPU
		{5E93907A-E224-4902-B402-667661C46FF9}.AppStore|x64.ActiveCfg = Release|Any CPU
		{5E93907A-E224-4902-B402-667661C46FF9}.AppStore|x64.Build.0 = Release|Any CPU
		{5E93907A-E224-4902-B402-667661C46FF9}.AppStore|x64.Deploy.0 = Release|Any CPU
		{5E93907A-E224-4902-B402-667661C46FF9}.AppStore|x86.ActiveCfg = Release|Any CPU
		{5E93907A-E224-4902-B402-667661C46FF9}.AppStore|x86.Build.0 = Release|Any CPU
		{5E93907A-E224-4902-B402-667661C46FF9}.AppStore|x86.Deploy.0 = Release|Any CPU
		{5E93907A-E224-4902-B402-667661C46FF9}.Debug|Any CPU.ActiveCfg = Debug|Any CPU
		{5E93907A-E224-4902-B402-667661C46FF9}.Debug|Any CPU.Build.0 = Debug|Any CPU
		{5E93907A-E224-4902-B402-667661C46FF9}.Debug|Any CPU.Deploy.0 = Debug|Any CPU
		{5E93907A-E224-4902-B402-667661C46FF9}.Debug|ARM.ActiveCfg = Debug|Any CPU
		{5E93907A-E224-4902-B402-667661C46FF9}.Debug|ARM.Build.0 = Debug|Any CPU
		{5E93907A-E224-4902-B402-667661C46FF9}.Debug|ARM.Deploy.0 = Debug|Any CPU
		{5E93907A-E224-4902-B402-667661C46FF9}.Debug|iPhone.ActiveCfg = Debug|Any CPU
		{5E93907A-E224-4902-B402-667661C46FF9}.Debug|iPhone.Build.0 = Debug|Any CPU
		{5E93907A-E224-4902-B402-667661C46FF9}.Debug|iPhone.Deploy.0 = Debug|Any CPU
		{5E93907A-E224-4902-B402-667661C46FF9}.Debug|iPhoneSimulator.ActiveCfg = Debug|Any CPU
		{5E93907A-E224-4902-B402-667661C46FF9}.Debug|iPhoneSimulator.Build.0 = Debug|Any CPU
		{5E93907A-E224-4902-B402-667661C46FF9}.Debug|iPhoneSimulator.Deploy.0 = Debug|Any CPU
		{5E93907A-E224-4902-B402-667661C46FF9}.Debug|x64.ActiveCfg = Debug|Any CPU
		{5E93907A-E224-4902-B402-667661C46FF9}.Debug|x64.Build.0 = Debug|Any CPU
		{5E93907A-E224-4902-B402-667661C46FF9}.Debug|x64.Deploy.0 = Debug|Any CPU
		{5E93907A-E224-4902-B402-667661C46FF9}.Debug|x86.ActiveCfg = Debug|Any CPU
		{5E93907A-E224-4902-B402-667661C46FF9}.Debug|x86.Build.0 = Debug|Any CPU
		{5E93907A-E224-4902-B402-667661C46FF9}.Debug|x86.Deploy.0 = Debug|Any CPU
		{5E93907A-E224-4902-B402-667661C46FF9}.Release|Any CPU.ActiveCfg = Release|Any CPU
		{5E93907A-E224-4902-B402-667661C46FF9}.Release|Any CPU.Build.0 = Release|Any CPU
		{5E93907A-E224-4902-B402-667661C46FF9}.Release|Any CPU.Deploy.0 = Release|Any CPU
		{5E93907A-E224-4902-B402-667661C46FF9}.Release|ARM.ActiveCfg = Release|Any CPU
		{5E93907A-E224-4902-B402-667661C46FF9}.Release|ARM.Build.0 = Release|Any CPU
		{5E93907A-E224-4902-B402-667661C46FF9}.Release|ARM.Deploy.0 = Release|Any CPU
		{5E93907A-E224-4902-B402-667661C46FF9}.Release|iPhone.ActiveCfg = Release|Any CPU
		{5E93907A-E224-4902-B402-667661C46FF9}.Release|iPhone.Build.0 = Release|Any CPU
		{5E93907A-E224-4902-B402-667661C46FF9}.Release|iPhone.Deploy.0 = Release|Any CPU
		{5E93907A-E224-4902-B402-667661C46FF9}.Release|iPhoneSimulator.ActiveCfg = Release|Any CPU
		{5E93907A-E224-4902-B402-667661C46FF9}.Release|iPhoneSimulator.Build.0 = Release|Any CPU
		{5E93907A-E224-4902-B402-667661C46FF9}.Release|iPhoneSimulator.Deploy.0 = Release|Any CPU
		{5E93907A-E224-4902-B402-667661C46FF9}.Release|x64.ActiveCfg = Release|Any CPU
		{5E93907A-E224-4902-B402-667661C46FF9}.Release|x64.Build.0 = Release|Any CPU
		{5E93907A-E224-4902-B402-667661C46FF9}.Release|x64.Deploy.0 = Release|Any CPU
		{5E93907A-E224-4902-B402-667661C46FF9}.Release|x86.ActiveCfg = Release|Any CPU
		{5E93907A-E224-4902-B402-667661C46FF9}.Release|x86.Build.0 = Release|Any CPU
		{5E93907A-E224-4902-B402-667661C46FF9}.Release|x86.Deploy.0 = Release|Any CPU
		{1D5A4AAD-704B-412F-A31D-F0A19DB0516A}.Ad-Hoc|Any CPU.ActiveCfg = Ad-Hoc|iPhone
		{1D5A4AAD-704B-412F-A31D-F0A19DB0516A}.Ad-Hoc|Any CPU.Build.0 = Ad-Hoc|iPhone
		{1D5A4AAD-704B-412F-A31D-F0A19DB0516A}.Ad-Hoc|Any CPU.Deploy.0 = Ad-Hoc|iPhone
		{1D5A4AAD-704B-412F-A31D-F0A19DB0516A}.Ad-Hoc|ARM.ActiveCfg = Ad-Hoc|iPhone
		{1D5A4AAD-704B-412F-A31D-F0A19DB0516A}.Ad-Hoc|ARM.Build.0 = Ad-Hoc|iPhone
		{1D5A4AAD-704B-412F-A31D-F0A19DB0516A}.Ad-Hoc|ARM.Deploy.0 = Ad-Hoc|iPhone
		{1D5A4AAD-704B-412F-A31D-F0A19DB0516A}.Ad-Hoc|iPhone.ActiveCfg = Ad-Hoc|iPhone
		{1D5A4AAD-704B-412F-A31D-F0A19DB0516A}.Ad-Hoc|iPhone.Build.0 = Ad-Hoc|iPhone
		{1D5A4AAD-704B-412F-A31D-F0A19DB0516A}.Ad-Hoc|iPhone.Deploy.0 = Ad-Hoc|iPhone
		{1D5A4AAD-704B-412F-A31D-F0A19DB0516A}.Ad-Hoc|iPhoneSimulator.ActiveCfg = Ad-Hoc|iPhoneSimulator
		{1D5A4AAD-704B-412F-A31D-F0A19DB0516A}.Ad-Hoc|iPhoneSimulator.Build.0 = Ad-Hoc|iPhoneSimulator
		{1D5A4AAD-704B-412F-A31D-F0A19DB0516A}.Ad-Hoc|iPhoneSimulator.Deploy.0 = Ad-Hoc|iPhoneSimulator
		{1D5A4AAD-704B-412F-A31D-F0A19DB0516A}.Ad-Hoc|x64.ActiveCfg = Ad-Hoc|iPhone
		{1D5A4AAD-704B-412F-A31D-F0A19DB0516A}.Ad-Hoc|x64.Build.0 = Ad-Hoc|iPhone
		{1D5A4AAD-704B-412F-A31D-F0A19DB0516A}.Ad-Hoc|x64.Deploy.0 = Ad-Hoc|iPhone
		{1D5A4AAD-704B-412F-A31D-F0A19DB0516A}.Ad-Hoc|x86.ActiveCfg = Ad-Hoc|iPhone
		{1D5A4AAD-704B-412F-A31D-F0A19DB0516A}.Ad-Hoc|x86.Build.0 = Ad-Hoc|iPhone
		{1D5A4AAD-704B-412F-A31D-F0A19DB0516A}.Ad-Hoc|x86.Deploy.0 = Ad-Hoc|iPhone
		{1D5A4AAD-704B-412F-A31D-F0A19DB0516A}.AppStore|Any CPU.ActiveCfg = AppStore|iPhone
		{1D5A4AAD-704B-412F-A31D-F0A19DB0516A}.AppStore|Any CPU.Build.0 = AppStore|iPhone
		{1D5A4AAD-704B-412F-A31D-F0A19DB0516A}.AppStore|Any CPU.Deploy.0 = AppStore|iPhone
		{1D5A4AAD-704B-412F-A31D-F0A19DB0516A}.AppStore|ARM.ActiveCfg = AppStore|iPhone
		{1D5A4AAD-704B-412F-A31D-F0A19DB0516A}.AppStore|ARM.Build.0 = AppStore|iPhone
		{1D5A4AAD-704B-412F-A31D-F0A19DB0516A}.AppStore|ARM.Deploy.0 = AppStore|iPhone
		{1D5A4AAD-704B-412F-A31D-F0A19DB0516A}.AppStore|iPhone.ActiveCfg = AppStore|iPhone
		{1D5A4AAD-704B-412F-A31D-F0A19DB0516A}.AppStore|iPhone.Build.0 = AppStore|iPhone
		{1D5A4AAD-704B-412F-A31D-F0A19DB0516A}.AppStore|iPhone.Deploy.0 = AppStore|iPhone
		{1D5A4AAD-704B-412F-A31D-F0A19DB0516A}.AppStore|iPhoneSimulator.ActiveCfg = AppStore|iPhoneSimulator
		{1D5A4AAD-704B-412F-A31D-F0A19DB0516A}.AppStore|iPhoneSimulator.Build.0 = AppStore|iPhoneSimulator
		{1D5A4AAD-704B-412F-A31D-F0A19DB0516A}.AppStore|iPhoneSimulator.Deploy.0 = AppStore|iPhoneSimulator
		{1D5A4AAD-704B-412F-A31D-F0A19DB0516A}.AppStore|x64.ActiveCfg = AppStore|iPhone
		{1D5A4AAD-704B-412F-A31D-F0A19DB0516A}.AppStore|x64.Build.0 = AppStore|iPhone
		{1D5A4AAD-704B-412F-A31D-F0A19DB0516A}.AppStore|x64.Deploy.0 = AppStore|iPhone
		{1D5A4AAD-704B-412F-A31D-F0A19DB0516A}.AppStore|x86.ActiveCfg = AppStore|iPhone
		{1D5A4AAD-704B-412F-A31D-F0A19DB0516A}.AppStore|x86.Build.0 = AppStore|iPhone
		{1D5A4AAD-704B-412F-A31D-F0A19DB0516A}.AppStore|x86.Deploy.0 = AppStore|iPhone
		{1D5A4AAD-704B-412F-A31D-F0A19DB0516A}.Debug|Any CPU.ActiveCfg = Debug|iPhoneSimulator
		{1D5A4AAD-704B-412F-A31D-F0A19DB0516A}.Debug|Any CPU.Build.0 = Debug|iPhoneSimulator
		{1D5A4AAD-704B-412F-A31D-F0A19DB0516A}.Debug|Any CPU.Deploy.0 = Debug|iPhoneSimulator
		{1D5A4AAD-704B-412F-A31D-F0A19DB0516A}.Debug|ARM.ActiveCfg = Debug|iPhone
		{1D5A4AAD-704B-412F-A31D-F0A19DB0516A}.Debug|ARM.Build.0 = Debug|iPhone
		{1D5A4AAD-704B-412F-A31D-F0A19DB0516A}.Debug|ARM.Deploy.0 = Debug|iPhone
		{1D5A4AAD-704B-412F-A31D-F0A19DB0516A}.Debug|iPhone.ActiveCfg = Debug|iPhone
		{1D5A4AAD-704B-412F-A31D-F0A19DB0516A}.Debug|iPhone.Build.0 = Debug|iPhone
		{1D5A4AAD-704B-412F-A31D-F0A19DB0516A}.Debug|iPhone.Deploy.0 = Debug|iPhone
		{1D5A4AAD-704B-412F-A31D-F0A19DB0516A}.Debug|iPhoneSimulator.ActiveCfg = Debug|iPhoneSimulator
		{1D5A4AAD-704B-412F-A31D-F0A19DB0516A}.Debug|iPhoneSimulator.Build.0 = Debug|iPhoneSimulator
		{1D5A4AAD-704B-412F-A31D-F0A19DB0516A}.Debug|iPhoneSimulator.Deploy.0 = Debug|iPhoneSimulator
		{1D5A4AAD-704B-412F-A31D-F0A19DB0516A}.Debug|x64.ActiveCfg = Debug|iPhone
		{1D5A4AAD-704B-412F-A31D-F0A19DB0516A}.Debug|x64.Build.0 = Debug|iPhone
		{1D5A4AAD-704B-412F-A31D-F0A19DB0516A}.Debug|x64.Deploy.0 = Debug|iPhone
		{1D5A4AAD-704B-412F-A31D-F0A19DB0516A}.Debug|x86.ActiveCfg = Debug|iPhone
		{1D5A4AAD-704B-412F-A31D-F0A19DB0516A}.Debug|x86.Build.0 = Debug|iPhone
		{1D5A4AAD-704B-412F-A31D-F0A19DB0516A}.Debug|x86.Deploy.0 = Debug|iPhone
		{1D5A4AAD-704B-412F-A31D-F0A19DB0516A}.Release|Any CPU.ActiveCfg = Release|iPhone
		{1D5A4AAD-704B-412F-A31D-F0A19DB0516A}.Release|Any CPU.Build.0 = Release|iPhone
		{1D5A4AAD-704B-412F-A31D-F0A19DB0516A}.Release|Any CPU.Deploy.0 = Release|iPhone
		{1D5A4AAD-704B-412F-A31D-F0A19DB0516A}.Release|ARM.ActiveCfg = Release|iPhone
		{1D5A4AAD-704B-412F-A31D-F0A19DB0516A}.Release|ARM.Build.0 = Release|iPhone
		{1D5A4AAD-704B-412F-A31D-F0A19DB0516A}.Release|ARM.Deploy.0 = Release|iPhone
		{1D5A4AAD-704B-412F-A31D-F0A19DB0516A}.Release|iPhone.ActiveCfg = Release|iPhone
		{1D5A4AAD-704B-412F-A31D-F0A19DB0516A}.Release|iPhone.Build.0 = Release|iPhone
		{1D5A4AAD-704B-412F-A31D-F0A19DB0516A}.Release|iPhone.Deploy.0 = Release|iPhone
		{1D5A4AAD-704B-412F-A31D-F0A19DB0516A}.Release|iPhoneSimulator.ActiveCfg = Release|iPhoneSimulator
		{1D5A4AAD-704B-412F-A31D-F0A19DB0516A}.Release|iPhoneSimulator.Build.0 = Release|iPhoneSimulator
		{1D5A4AAD-704B-412F-A31D-F0A19DB0516A}.Release|iPhoneSimulator.Deploy.0 = Release|iPhoneSimulator
		{1D5A4AAD-704B-412F-A31D-F0A19DB0516A}.Release|x64.ActiveCfg = Release|iPhone
		{1D5A4AAD-704B-412F-A31D-F0A19DB0516A}.Release|x64.Build.0 = Release|iPhone
		{1D5A4AAD-704B-412F-A31D-F0A19DB0516A}.Release|x64.Deploy.0 = Release|iPhone
		{1D5A4AAD-704B-412F-A31D-F0A19DB0516A}.Release|x86.ActiveCfg = Release|iPhone
		{1D5A4AAD-704B-412F-A31D-F0A19DB0516A}.Release|x86.Build.0 = Release|iPhone
		{1D5A4AAD-704B-412F-A31D-F0A19DB0516A}.Release|x86.Deploy.0 = Release|iPhone
		{067CB8CA-D321-4CBC-90A5-065770455AD4}.Ad-Hoc|Any CPU.ActiveCfg = Release|x86
		{067CB8CA-D321-4CBC-90A5-065770455AD4}.Ad-Hoc|Any CPU.Build.0 = Release|x86
		{067CB8CA-D321-4CBC-90A5-065770455AD4}.Ad-Hoc|Any CPU.Deploy.0 = Release|x86
		{067CB8CA-D321-4CBC-90A5-065770455AD4}.Ad-Hoc|ARM.ActiveCfg = Release|ARM
		{067CB8CA-D321-4CBC-90A5-065770455AD4}.Ad-Hoc|ARM.Build.0 = Release|ARM
		{067CB8CA-D321-4CBC-90A5-065770455AD4}.Ad-Hoc|ARM.Deploy.0 = Release|ARM
		{067CB8CA-D321-4CBC-90A5-065770455AD4}.Ad-Hoc|iPhone.ActiveCfg = Release|x86
		{067CB8CA-D321-4CBC-90A5-065770455AD4}.Ad-Hoc|iPhone.Build.0 = Release|x86
		{067CB8CA-D321-4CBC-90A5-065770455AD4}.Ad-Hoc|iPhone.Deploy.0 = Release|x86
		{067CB8CA-D321-4CBC-90A5-065770455AD4}.Ad-Hoc|iPhoneSimulator.ActiveCfg = Release|x86
		{067CB8CA-D321-4CBC-90A5-065770455AD4}.Ad-Hoc|iPhoneSimulator.Build.0 = Release|x86
		{067CB8CA-D321-4CBC-90A5-065770455AD4}.Ad-Hoc|iPhoneSimulator.Deploy.0 = Release|x86
		{067CB8CA-D321-4CBC-90A5-065770455AD4}.Ad-Hoc|x64.ActiveCfg = Release|x64
		{067CB8CA-D321-4CBC-90A5-065770455AD4}.Ad-Hoc|x64.Build.0 = Release|x64
		{067CB8CA-D321-4CBC-90A5-065770455AD4}.Ad-Hoc|x64.Deploy.0 = Release|x64
		{067CB8CA-D321-4CBC-90A5-065770455AD4}.Ad-Hoc|x86.ActiveCfg = Release|x86
		{067CB8CA-D321-4CBC-90A5-065770455AD4}.Ad-Hoc|x86.Build.0 = Release|x86
		{067CB8CA-D321-4CBC-90A5-065770455AD4}.Ad-Hoc|x86.Deploy.0 = Release|x86
		{067CB8CA-D321-4CBC-90A5-065770455AD4}.AppStore|Any CPU.ActiveCfg = Release|x86
		{067CB8CA-D321-4CBC-90A5-065770455AD4}.AppStore|Any CPU.Build.0 = Release|x86
		{067CB8CA-D321-4CBC-90A5-065770455AD4}.AppStore|Any CPU.Deploy.0 = Release|x86
		{067CB8CA-D321-4CBC-90A5-065770455AD4}.AppStore|ARM.ActiveCfg = Release|ARM
		{067CB8CA-D321-4CBC-90A5-065770455AD4}.AppStore|ARM.Build.0 = Release|ARM
		{067CB8CA-D321-4CBC-90A5-065770455AD4}.AppStore|ARM.Deploy.0 = Release|ARM
		{067CB8CA-D321-4CBC-90A5-065770455AD4}.AppStore|iPhone.ActiveCfg = Release|x86
		{067CB8CA-D321-4CBC-90A5-065770455AD4}.AppStore|iPhone.Build.0 = Release|x86
		{067CB8CA-D321-4CBC-90A5-065770455AD4}.AppStore|iPhone.Deploy.0 = Release|x86
		{067CB8CA-D321-4CBC-90A5-065770455AD4}.AppStore|iPhoneSimulator.ActiveCfg = Release|x86
		{067CB8CA-D321-4CBC-90A5-065770455AD4}.AppStore|iPhoneSimulator.Build.0 = Release|x86
		{067CB8CA-D321-4CBC-90A5-065770455AD4}.AppStore|iPhoneSimulator.Deploy.0 = Release|x86
		{067CB8CA-D321-4CBC-90A5-065770455AD4}.AppStore|x64.ActiveCfg = Release|x64
		{067CB8CA-D321-4CBC-90A5-065770455AD4}.AppStore|x64.Build.0 = Release|x64
		{067CB8CA-D321-4CBC-90A5-065770455AD4}.AppStore|x64.Deploy.0 = Release|x64
		{067CB8CA-D321-4CBC-90A5-065770455AD4}.AppStore|x86.ActiveCfg = Release|x86
		{067CB8CA-D321-4CBC-90A5-065770455AD4}.AppStore|x86.Build.0 = Release|x86
		{067CB8CA-D321-4CBC-90A5-065770455AD4}.AppStore|x86.Deploy.0 = Release|x86
		{067CB8CA-D321-4CBC-90A5-065770455AD4}.Debug|Any CPU.ActiveCfg = Debug|x86
		{067CB8CA-D321-4CBC-90A5-065770455AD4}.Debug|Any CPU.Build.0 = Debug|x86
		{067CB8CA-D321-4CBC-90A5-065770455AD4}.Debug|Any CPU.Deploy.0 = Debug|x86
		{067CB8CA-D321-4CBC-90A5-065770455AD4}.Debug|ARM.ActiveCfg = Debug|ARM
		{067CB8CA-D321-4CBC-90A5-065770455AD4}.Debug|ARM.Build.0 = Debug|ARM
		{067CB8CA-D321-4CBC-90A5-065770455AD4}.Debug|ARM.Deploy.0 = Debug|ARM
		{067CB8CA-D321-4CBC-90A5-065770455AD4}.Debug|iPhone.ActiveCfg = Debug|x86
		{067CB8CA-D321-4CBC-90A5-065770455AD4}.Debug|iPhone.Build.0 = Debug|x86
		{067CB8CA-D321-4CBC-90A5-065770455AD4}.Debug|iPhone.Deploy.0 = Debug|x86
		{067CB8CA-D321-4CBC-90A5-065770455AD4}.Debug|iPhoneSimulator.ActiveCfg = Debug|x86
		{067CB8CA-D321-4CBC-90A5-065770455AD4}.Debug|iPhoneSimulator.Build.0 = Debug|x86
		{067CB8CA-D321-4CBC-90A5-065770455AD4}.Debug|iPhoneSimulator.Deploy.0 = Debug|x86
		{067CB8CA-D321-4CBC-90A5-065770455AD4}.Debug|x64.ActiveCfg = Debug|x64
		{067CB8CA-D321-4CBC-90A5-065770455AD4}.Debug|x64.Build.0 = Debug|x64
		{067CB8CA-D321-4CBC-90A5-065770455AD4}.Debug|x64.Deploy.0 = Debug|x64
		{067CB8CA-D321-4CBC-90A5-065770455AD4}.Debug|x86.ActiveCfg = Debug|x86
		{067CB8CA-D321-4CBC-90A5-065770455AD4}.Debug|x86.Build.0 = Debug|x86
		{067CB8CA-D321-4CBC-90A5-065770455AD4}.Debug|x86.Deploy.0 = Debug|x86
		{067CB8CA-D321-4CBC-90A5-065770455AD4}.Release|Any CPU.ActiveCfg = Release|x86
		{067CB8CA-D321-4CBC-90A5-065770455AD4}.Release|Any CPU.Build.0 = Release|x86
		{067CB8CA-D321-4CBC-90A5-065770455AD4}.Release|Any CPU.Deploy.0 = Release|x86
		{067CB8CA-D321-4CBC-90A5-065770455AD4}.Release|ARM.ActiveCfg = Release|ARM
		{067CB8CA-D321-4CBC-90A5-065770455AD4}.Release|ARM.Build.0 = Release|ARM
		{067CB8CA-D321-4CBC-90A5-065770455AD4}.Release|ARM.Deploy.0 = Release|ARM
		{067CB8CA-D321-4CBC-90A5-065770455AD4}.Release|iPhone.ActiveCfg = Release|x86
		{067CB8CA-D321-4CBC-90A5-065770455AD4}.Release|iPhone.Build.0 = Release|x86
		{067CB8CA-D321-4CBC-90A5-065770455AD4}.Release|iPhone.Deploy.0 = Release|x86
		{067CB8CA-D321-4CBC-90A5-065770455AD4}.Release|iPhoneSimulator.ActiveCfg = Release|x86
		{067CB8CA-D321-4CBC-90A5-065770455AD4}.Release|iPhoneSimulator.Build.0 = Release|x86
		{067CB8CA-D321-4CBC-90A5-065770455AD4}.Release|iPhoneSimulator.Deploy.0 = Release|x86
		{067CB8CA-D321-4CBC-90A5-065770455AD4}.Release|x64.ActiveCfg = Release|x64
		{067CB8CA-D321-4CBC-90A5-065770455AD4}.Release|x64.Build.0 = Release|x64
		{067CB8CA-D321-4CBC-90A5-065770455AD4}.Release|x64.Deploy.0 = Release|x64
		{067CB8CA-D321-4CBC-90A5-065770455AD4}.Release|x86.ActiveCfg = Release|x86
		{067CB8CA-D321-4CBC-90A5-065770455AD4}.Release|x86.Build.0 = Release|x86
		{067CB8CA-D321-4CBC-90A5-065770455AD4}.Release|x86.Deploy.0 = Release|x86
		{9893C029-CDC3-4F71-9ED4-4239759DEBD0}.Ad-Hoc|Any CPU.ActiveCfg = Debug|Any CPU
		{9893C029-CDC3-4F71-9ED4-4239759DEBD0}.Ad-Hoc|Any CPU.Build.0 = Debug|Any CPU
		{9893C029-CDC3-4F71-9ED4-4239759DEBD0}.Ad-Hoc|Any CPU.Deploy.0 = Debug|Any CPU
		{9893C029-CDC3-4F71-9ED4-4239759DEBD0}.Ad-Hoc|ARM.ActiveCfg = Debug|Any CPU
		{9893C029-CDC3-4F71-9ED4-4239759DEBD0}.Ad-Hoc|ARM.Build.0 = Debug|Any CPU
		{9893C029-CDC3-4F71-9ED4-4239759DEBD0}.Ad-Hoc|ARM.Deploy.0 = Debug|Any CPU
		{9893C029-CDC3-4F71-9ED4-4239759DEBD0}.Ad-Hoc|iPhone.ActiveCfg = Debug|Any CPU
		{9893C029-CDC3-4F71-9ED4-4239759DEBD0}.Ad-Hoc|iPhone.Build.0 = Debug|Any CPU
		{9893C029-CDC3-4F71-9ED4-4239759DEBD0}.Ad-Hoc|iPhone.Deploy.0 = Debug|Any CPU
		{9893C029-CDC3-4F71-9ED4-4239759DEBD0}.Ad-Hoc|iPhoneSimulator.ActiveCfg = Debug|Any CPU
		{9893C029-CDC3-4F71-9ED4-4239759DEBD0}.Ad-Hoc|iPhoneSimulator.Build.0 = Debug|Any CPU
		{9893C029-CDC3-4F71-9ED4-4239759DEBD0}.Ad-Hoc|iPhoneSimulator.Deploy.0 = Debug|Any CPU
		{9893C029-CDC3-4F71-9ED4-4239759DEBD0}.Ad-Hoc|x64.ActiveCfg = Debug|Any CPU
		{9893C029-CDC3-4F71-9ED4-4239759DEBD0}.Ad-Hoc|x64.Build.0 = Debug|Any CPU
		{9893C029-CDC3-4F71-9ED4-4239759DEBD0}.Ad-Hoc|x64.Deploy.0 = Debug|Any CPU
		{9893C029-CDC3-4F71-9ED4-4239759DEBD0}.Ad-Hoc|x86.ActiveCfg = Debug|Any CPU
		{9893C029-CDC3-4F71-9ED4-4239759DEBD0}.Ad-Hoc|x86.Build.0 = Debug|Any CPU
		{9893C029-CDC3-4F71-9ED4-4239759DEBD0}.Ad-Hoc|x86.Deploy.0 = Debug|Any CPU
		{9893C029-CDC3-4F71-9ED4-4239759DEBD0}.AppStore|Any CPU.ActiveCfg = Debug|Any CPU
		{9893C029-CDC3-4F71-9ED4-4239759DEBD0}.AppStore|Any CPU.Build.0 = Debug|Any CPU
		{9893C029-CDC3-4F71-9ED4-4239759DEBD0}.AppStore|Any CPU.Deploy.0 = Debug|Any CPU
		{9893C029-CDC3-4F71-9ED4-4239759DEBD0}.AppStore|ARM.ActiveCfg = Debug|Any CPU
		{9893C029-CDC3-4F71-9ED4-4239759DEBD0}.AppStore|ARM.Build.0 = Debug|Any CPU
		{9893C029-CDC3-4F71-9ED4-4239759DEBD0}.AppStore|ARM.Deploy.0 = Debug|Any CPU
		{9893C029-CDC3-4F71-9ED4-4239759DEBD0}.AppStore|iPhone.ActiveCfg = Debug|Any CPU
		{9893C029-CDC3-4F71-9ED4-4239759DEBD0}.AppStore|iPhone.Build.0 = Debug|Any CPU
		{9893C029-CDC3-4F71-9ED4-4239759DEBD0}.AppStore|iPhone.Deploy.0 = Debug|Any CPU
		{9893C029-CDC3-4F71-9ED4-4239759DEBD0}.AppStore|iPhoneSimulator.ActiveCfg = Debug|Any CPU
		{9893C029-CDC3-4F71-9ED4-4239759DEBD0}.AppStore|iPhoneSimulator.Build.0 = Debug|Any CPU
		{9893C029-CDC3-4F71-9ED4-4239759DEBD0}.AppStore|iPhoneSimulator.Deploy.0 = Debug|Any CPU
		{9893C029-CDC3-4F71-9ED4-4239759DEBD0}.AppStore|x64.ActiveCfg = Debug|Any CPU
		{9893C029-CDC3-4F71-9ED4-4239759DEBD0}.AppStore|x64.Build.0 = Debug|Any CPU
		{9893C029-CDC3-4F71-9ED4-4239759DEBD0}.AppStore|x64.Deploy.0 = Debug|Any CPU
		{9893C029-CDC3-4F71-9ED4-4239759DEBD0}.AppStore|x86.ActiveCfg = Debug|Any CPU
		{9893C029-CDC3-4F71-9ED4-4239759DEBD0}.AppStore|x86.Build.0 = Debug|Any CPU
		{9893C029-CDC3-4F71-9ED4-4239759DEBD0}.AppStore|x86.Deploy.0 = Debug|Any CPU
		{9893C029-CDC3-4F71-9ED4-4239759DEBD0}.Debug|Any CPU.ActiveCfg = Debug|Any CPU
		{9893C029-CDC3-4F71-9ED4-4239759DEBD0}.Debug|Any CPU.Build.0 = Debug|Any CPU
		{9893C029-CDC3-4F71-9ED4-4239759DEBD0}.Debug|Any CPU.Deploy.0 = Debug|Any CPU
		{9893C029-CDC3-4F71-9ED4-4239759DEBD0}.Debug|ARM.ActiveCfg = Debug|Any CPU
		{9893C029-CDC3-4F71-9ED4-4239759DEBD0}.Debug|ARM.Build.0 = Debug|Any CPU
		{9893C029-CDC3-4F71-9ED4-4239759DEBD0}.Debug|ARM.Deploy.0 = Debug|Any CPU
		{9893C029-CDC3-4F71-9ED4-4239759DEBD0}.Debug|iPhone.ActiveCfg = Debug|Any CPU
		{9893C029-CDC3-4F71-9ED4-4239759DEBD0}.Debug|iPhone.Build.0 = Debug|Any CPU
		{9893C029-CDC3-4F71-9ED4-4239759DEBD0}.Debug|iPhone.Deploy.0 = Debug|Any CPU
		{9893C029-CDC3-4F71-9ED4-4239759DEBD0}.Debug|iPhoneSimulator.ActiveCfg = Debug|Any CPU
		{9893C029-CDC3-4F71-9ED4-4239759DEBD0}.Debug|iPhoneSimulator.Build.0 = Debug|Any CPU
		{9893C029-CDC3-4F71-9ED4-4239759DEBD0}.Debug|iPhoneSimulator.Deploy.0 = Debug|Any CPU
		{9893C029-CDC3-4F71-9ED4-4239759DEBD0}.Debug|x64.ActiveCfg = Debug|Any CPU
		{9893C029-CDC3-4F71-9ED4-4239759DEBD0}.Debug|x64.Build.0 = Debug|Any CPU
		{9893C029-CDC3-4F71-9ED4-4239759DEBD0}.Debug|x64.Deploy.0 = Debug|Any CPU
		{9893C029-CDC3-4F71-9ED4-4239759DEBD0}.Debug|x86.ActiveCfg = Debug|Any CPU
		{9893C029-CDC3-4F71-9ED4-4239759DEBD0}.Debug|x86.Build.0 = Debug|Any CPU
		{9893C029-CDC3-4F71-9ED4-4239759DEBD0}.Debug|x86.Deploy.0 = Debug|Any CPU
		{9893C029-CDC3-4F71-9ED4-4239759DEBD0}.Release|Any CPU.ActiveCfg = Release|Any CPU
		{9893C029-CDC3-4F71-9ED4-4239759DEBD0}.Release|Any CPU.Build.0 = Release|Any CPU
		{9893C029-CDC3-4F71-9ED4-4239759DEBD0}.Release|Any CPU.Deploy.0 = Release|Any CPU
		{9893C029-CDC3-4F71-9ED4-4239759DEBD0}.Release|ARM.ActiveCfg = Release|Any CPU
		{9893C029-CDC3-4F71-9ED4-4239759DEBD0}.Release|ARM.Build.0 = Release|Any CPU
		{9893C029-CDC3-4F71-9ED4-4239759DEBD0}.Release|ARM.Deploy.0 = Release|Any CPU
		{9893C029-CDC3-4F71-9ED4-4239759DEBD0}.Release|iPhone.ActiveCfg = Release|Any CPU
		{9893C029-CDC3-4F71-9ED4-4239759DEBD0}.Release|iPhone.Build.0 = Release|Any CPU
		{9893C029-CDC3-4F71-9ED4-4239759DEBD0}.Release|iPhone.Deploy.0 = Release|Any CPU
		{9893C029-CDC3-4F71-9ED4-4239759DEBD0}.Release|iPhoneSimulator.ActiveCfg = Release|Any CPU
		{9893C029-CDC3-4F71-9ED4-4239759DEBD0}.Release|iPhoneSimulator.Build.0 = Release|Any CPU
		{9893C029-CDC3-4F71-9ED4-4239759DEBD0}.Release|iPhoneSimulator.Deploy.0 = Release|Any CPU
		{9893C029-CDC3-4F71-9ED4-4239759DEBD0}.Release|x64.ActiveCfg = Release|Any CPU
		{9893C029-CDC3-4F71-9ED4-4239759DEBD0}.Release|x64.Build.0 = Release|Any CPU
		{9893C029-CDC3-4F71-9ED4-4239759DEBD0}.Release|x64.Deploy.0 = Release|Any CPU
		{9893C029-CDC3-4F71-9ED4-4239759DEBD0}.Release|x86.ActiveCfg = Release|Any CPU
		{9893C029-CDC3-4F71-9ED4-4239759DEBD0}.Release|x86.Build.0 = Release|Any CPU
		{9893C029-CDC3-4F71-9ED4-4239759DEBD0}.Release|x86.Deploy.0 = Release|Any CPU
	EndGlobalSection
	GlobalSection(SolutionProperties) = preSolution
		HideSolutionNode = FALSE
	EndGlobalSection
	GlobalSection(ExtensibilityGlobals) = postSolution
		SolutionGuid = {F1C8D9AD-BF33-4940-9A8A-FBF53AFE736D}
	EndGlobalSection
EndGlobal
