
Microsoft Visual Studio Solution File, Format Version 12.00
# Visual Studio 15
VisualStudioVersion = 15.0.28010.2048
MinimumVisualStudioVersion = 10.0.40219.1
Project("{FAE04EC0-301F-11D3-BF4B-00C04F79EFBC}") = "App2_TRF.Android", "App2_TRF\App2_TRF.Android\App2_TRF.Android.csproj", "{1CCA02AD-6014-4F24-99C2-C738175204A2}"
EndProject
Project("{FAE04EC0-301F-11D3-BF4B-00C04F79EFBC}") = "App2_TRF.iOS", "App2_TRF\App2_TRF.iOS\App2_TRF.iOS.csproj", "{9D2558DF-F4D3-4B3B-8275-5FEA3CCCC515}"
EndProject
Project("{FAE04EC0-301F-11D3-BF4B-00C04F79EFBC}") = "App2_TRF.UWP", "App2_TRF\App2_TRF.UWP\App2_TRF.UWP.csproj", "{FB5E0767-BA0F-490C-9BA3-F807CD2FFDAC}"
EndProject
Project("{FAE04EC0-301F-11D3-BF4B-00C04F79EFBC}") = "App2_TRF", "App2_TRF\App2_TRF\App2_TRF.csproj", "{E204C3C3-FD38-4B0F-B608-6FEB0BE551EF}"
EndProject
Global
	GlobalSection(SolutionConfigurationPlatforms) = preSolution
		Ad-Hoc|Any CPU = Ad-Hoc|Any CPU
		Ad-Hoc|ARM = Ad-Hoc|ARM
		Ad-Hoc|iPhone = Ad-Hoc|iPhone
		Ad-Hoc|iPhoneSimulator = Ad-Hoc|iPhoneSimulator
		Ad-Hoc|x64 = Ad-Hoc|x64
		Ad-Hoc|x86 = Ad-Hoc|x86
		AppStore|Any CPU = AppStore|Any CPU
		AppStore|ARM = AppStore|ARM
		AppStore|iPhone = AppStore|iPhone
		AppStore|iPhoneSimulator = AppStore|iPhoneSimulator
		AppStore|x64 = AppStore|x64
		AppStore|x86 = AppStore|x86
		Debug|Any CPU = Debug|Any CPU
		Debug|ARM = Debug|ARM
		Debug|iPhone = Debug|iPhone
		Debug|iPhoneSimulator = Debug|iPhoneSimulator
		Debug|x64 = Debug|x64
		Debug|x86 = Debug|x86
		Release|Any CPU = Release|Any CPU
		Release|ARM = Release|ARM
		Release|iPhone = Release|iPhone
		Release|iPhoneSimulator = Release|iPhoneSimulator
		Release|x64 = Release|x64
		Release|x86 = Release|x86
	EndGlobalSection
	GlobalSection(ProjectConfigurationPlatforms) = postSolution
		{1CCA02AD-6014-4F24-99C2-C738175204A2}.Ad-Hoc|Any CPU.ActiveCfg = Release|Any CPU
		{1CCA02AD-6014-4F24-99C2-C738175204A2}.Ad-Hoc|Any CPU.Build.0 = Release|Any CPU
		{1CCA02AD-6014-4F24-99C2-C738175204A2}.Ad-Hoc|Any CPU.Deploy.0 = Release|Any CPU
		{1CCA02AD-6014-4F24-99C2-C738175204A2}.Ad-Hoc|ARM.ActiveCfg = Release|Any CPU
		{1CCA02AD-6014-4F24-99C2-C738175204A2}.Ad-Hoc|ARM.Build.0 = Release|Any CPU
		{1CCA02AD-6014-4F24-99C2-C738175204A2}.Ad-Hoc|ARM.Deploy.0 = Release|Any CPU
		{1CCA02AD-6014-4F24-99C2-C738175204A2}.Ad-Hoc|iPhone.ActiveCfg = Release|Any CPU
		{1CCA02AD-6014-4F24-99C2-C738175204A2}.Ad-Hoc|iPhone.Build.0 = Release|Any CPU
		{1CCA02AD-6014-4F24-99C2-C738175204A2}.Ad-Hoc|iPhone.Deploy.0 = Release|Any CPU
		{1CCA02AD-6014-4F24-99C2-C738175204A2}.Ad-Hoc|iPhoneSimulator.ActiveCfg = Release|Any CPU
		{1CCA02AD-6014-4F24-99C2-C738175204A2}.Ad-Hoc|iPhoneSimulator.Build.0 = Release|Any CPU
		{1CCA02AD-6014-4F24-99C2-C738175204A2}.Ad-Hoc|iPhoneSimulator.Deploy.0 = Release|Any CPU
		{1CCA02AD-6014-4F24-99C2-C738175204A2}.Ad-Hoc|x64.ActiveCfg = Release|Any CPU
		{1CCA02AD-6014-4F24-99C2-C738175204A2}.Ad-Hoc|x64.Build.0 = Release|Any CPU
		{1CCA02AD-6014-4F24-99C2-C738175204A2}.Ad-Hoc|x64.Deploy.0 = Release|Any CPU
		{1CCA02AD-6014-4F24-99C2-C738175204A2}.Ad-Hoc|x86.ActiveCfg = Release|Any CPU
		{1CCA02AD-6014-4F24-99C2-C738175204A2}.Ad-Hoc|x86.Build.0 = Release|Any CPU
		{1CCA02AD-6014-4F24-99C2-C738175204A2}.Ad-Hoc|x86.Deploy.0 = Release|Any CPU
		{1CCA02AD-6014-4F24-99C2-C738175204A2}.AppStore|Any CPU.ActiveCfg = Release|Any CPU
		{1CCA02AD-6014-4F24-99C2-C738175204A2}.AppStore|Any CPU.Build.0 = Release|Any CPU
		{1CCA02AD-6014-4F24-99C2-C738175204A2}.AppStore|Any CPU.Deploy.0 = Release|Any CPU
		{1CCA02AD-6014-4F24-99C2-C738175204A2}.AppStore|ARM.ActiveCfg = Release|Any CPU
		{1CCA02AD-6014-4F24-99C2-C738175204A2}.AppStore|ARM.Build.0 = Release|Any CPU
		{1CCA02AD-6014-4F24-99C2-C738175204A2}.AppStore|ARM.Deploy.0 = Release|Any CPU
		{1CCA02AD-6014-4F24-99C2-C738175204A2}.AppStore|iPhone.ActiveCfg = Release|Any CPU
		{1CCA02AD-6014-4F24-99C2-C738175204A2}.AppStore|iPhone.Build.0 = Release|Any CPU
		{1CCA02AD-6014-4F24-99C2-C738175204A2}.AppStore|iPhone.Deploy.0 = Release|Any CPU
		{1CCA02AD-6014-4F24-99C2-C738175204A2}.AppStore|iPhoneSimulator.ActiveCfg = Release|Any CPU
		{1CCA02AD-6014-4F24-99C2-C738175204A2}.AppStore|iPhoneSimulator.Build.0 = Release|Any CPU
		{1CCA02AD-6014-4F24-99C2-C738175204A2}.AppStore|iPhoneSimulator.Deploy.0 = Release|Any CPU
		{1CCA02AD-6014-4F24-99C2-C738175204A2}.AppStore|x64.ActiveCfg = Release|Any CPU
		{1CCA02AD-6014-4F24-99C2-C738175204A2}.AppStore|x64.Build.0 = Release|Any CPU
		{1CCA02AD-6014-4F24-99C2-C738175204A2}.AppStore|x64.Deploy.0 = Release|Any CPU
		{1CCA02AD-6014-4F24-99C2-C738175204A2}.AppStore|x86.ActiveCfg = Release|Any CPU
		{1CCA02AD-6014-4F24-99C2-C738175204A2}.AppStore|x86.Build.0 = Release|Any CPU
		{1CCA02AD-6014-4F24-99C2-C738175204A2}.AppStore|x86.Deploy.0 = Release|Any CPU
		{1CCA02AD-6014-4F24-99C2-C738175204A2}.Debug|Any CPU.ActiveCfg = Debug|Any CPU
		{1CCA02AD-6014-4F24-99C2-C738175204A2}.Debug|Any CPU.Build.0 = Debug|Any CPU
		{1CCA02AD-6014-4F24-99C2-C738175204A2}.Debug|Any CPU.Deploy.0 = Debug|Any CPU
		{1CCA02AD-6014-4F24-99C2-C738175204A2}.Debug|ARM.ActiveCfg = Debug|Any CPU
		{1CCA02AD-6014-4F24-99C2-C738175204A2}.Debug|ARM.Build.0 = Debug|Any CPU
		{1CCA02AD-6014-4F24-99C2-C738175204A2}.Debug|ARM.Deploy.0 = Debug|Any CPU
		{1CCA02AD-6014-4F24-99C2-C738175204A2}.Debug|iPhone.ActiveCfg = Debug|Any CPU
		{1CCA02AD-6014-4F24-99C2-C738175204A2}.Debug|iPhone.Build.0 = Debug|Any CPU
		{1CCA02AD-6014-4F24-99C2-C738175204A2}.Debug|iPhone.Deploy.0 = Debug|Any CPU
		{1CCA02AD-6014-4F24-99C2-C738175204A2}.Debug|iPhoneSimulator.ActiveCfg = Debug|Any CPU
		{1CCA02AD-6014-4F24-99C2-C738175204A2}.Debug|iPhoneSimulator.Build.0 = Debug|Any CPU
		{1CCA02AD-6014-4F24-99C2-C738175204A2}.Debug|iPhoneSimulator.Deploy.0 = Debug|Any CPU
		{1CCA02AD-6014-4F24-99C2-C738175204A2}.Debug|x64.ActiveCfg = Debug|Any CPU
		{1CCA02AD-6014-4F24-99C2-C738175204A2}.Debug|x64.Build.0 = Debug|Any CPU
		{1CCA02AD-6014-4F24-99C2-C738175204A2}.Debug|x64.Deploy.0 = Debug|Any CPU
		{1CCA02AD-6014-4F24-99C2-C738175204A2}.Debug|x86.ActiveCfg = Debug|Any CPU
		{1CCA02AD-6014-4F24-99C2-C738175204A2}.Debug|x86.Build.0 = Debug|Any CPU
		{1CCA02AD-6014-4F24-99C2-C738175204A2}.Debug|x86.Deploy.0 = Debug|Any CPU
		{1CCA02AD-6014-4F24-99C2-C738175204A2}.Release|Any CPU.ActiveCfg = Release|Any CPU
		{1CCA02AD-6014-4F24-99C2-C738175204A2}.Release|Any CPU.Build.0 = Release|Any CPU
		{1CCA02AD-6014-4F24-99C2-C738175204A2}.Release|Any CPU.Deploy.0 = Release|Any CPU
		{1CCA02AD-6014-4F24-99C2-C738175204A2}.Release|ARM.ActiveCfg = Release|Any CPU
		{1CCA02AD-6014-4F24-99C2-C738175204A2}.Release|ARM.Build.0 = Release|Any CPU
		{1CCA02AD-6014-4F24-99C2-C738175204A2}.Release|ARM.Deploy.0 = Release|Any CPU
		{1CCA02AD-6014-4F24-99C2-C738175204A2}.Release|iPhone.ActiveCfg = Release|Any CPU
		{1CCA02AD-6014-4F24-99C2-C738175204A2}.Release|iPhone.Build.0 = Release|Any CPU
		{1CCA02AD-6014-4F24-99C2-C738175204A2}.Release|iPhone.Deploy.0 = Release|Any CPU
		{1CCA02AD-6014-4F24-99C2-C738175204A2}.Release|iPhoneSimulator.ActiveCfg = Release|Any CPU
		{1CCA02AD-6014-4F24-99C2-C738175204A2}.Release|iPhoneSimulator.Build.0 = Release|Any CPU
		{1CCA02AD-6014-4F24-99C2-C738175204A2}.Release|iPhoneSimulator.Deploy.0 = Release|Any CPU
		{1CCA02AD-6014-4F24-99C2-C738175204A2}.Release|x64.ActiveCfg = Release|Any CPU
		{1CCA02AD-6014-4F24-99C2-C738175204A2}.Release|x64.Build.0 = Release|Any CPU
		{1CCA02AD-6014-4F24-99C2-C738175204A2}.Release|x64.Deploy.0 = Release|Any CPU
		{1CCA02AD-6014-4F24-99C2-C738175204A2}.Release|x86.ActiveCfg = Release|Any CPU
		{1CCA02AD-6014-4F24-99C2-C738175204A2}.Release|x86.Build.0 = Release|Any CPU
		{1CCA02AD-6014-4F24-99C2-C738175204A2}.Release|x86.Deploy.0 = Release|Any CPU
		{9D2558DF-F4D3-4B3B-8275-5FEA3CCCC515}.Ad-Hoc|Any CPU.ActiveCfg = Ad-Hoc|iPhone
		{9D2558DF-F4D3-4B3B-8275-5FEA3CCCC515}.Ad-Hoc|Any CPU.Build.0 = Ad-Hoc|iPhone
		{9D2558DF-F4D3-4B3B-8275-5FEA3CCCC515}.Ad-Hoc|Any CPU.Deploy.0 = Ad-Hoc|iPhone
		{9D2558DF-F4D3-4B3B-8275-5FEA3CCCC515}.Ad-Hoc|ARM.ActiveCfg = Ad-Hoc|iPhone
		{9D2558DF-F4D3-4B3B-8275-5FEA3CCCC515}.Ad-Hoc|ARM.Build.0 = Ad-Hoc|iPhone
		{9D2558DF-F4D3-4B3B-8275-5FEA3CCCC515}.Ad-Hoc|ARM.Deploy.0 = Ad-Hoc|iPhone
		{9D2558DF-F4D3-4B3B-8275-5FEA3CCCC515}.Ad-Hoc|iPhone.ActiveCfg = Ad-Hoc|iPhone
		{9D2558DF-F4D3-4B3B-8275-5FEA3CCCC515}.Ad-Hoc|iPhone.Build.0 = Ad-Hoc|iPhone
		{9D2558DF-F4D3-4B3B-8275-5FEA3CCCC515}.Ad-Hoc|iPhone.Deploy.0 = Ad-Hoc|iPhone
		{9D2558DF-F4D3-4B3B-8275-5FEA3CCCC515}.Ad-Hoc|iPhoneSimulator.ActiveCfg = Ad-Hoc|iPhoneSimulator
		{9D2558DF-F4D3-4B3B-8275-5FEA3CCCC515}.Ad-Hoc|iPhoneSimulator.Build.0 = Ad-Hoc|iPhoneSimulator
		{9D2558DF-F4D3-4B3B-8275-5FEA3CCCC515}.Ad-Hoc|iPhoneSimulator.Deploy.0 = Ad-Hoc|iPhoneSimulator
		{9D2558DF-F4D3-4B3B-8275-5FEA3CCCC515}.Ad-Hoc|x64.ActiveCfg = Ad-Hoc|iPhone
		{9D2558DF-F4D3-4B3B-8275-5FEA3CCCC515}.Ad-Hoc|x64.Build.0 = Ad-Hoc|iPhone
		{9D2558DF-F4D3-4B3B-8275-5FEA3CCCC515}.Ad-Hoc|x64.Deploy.0 = Ad-Hoc|iPhone
		{9D2558DF-F4D3-4B3B-8275-5FEA3CCCC515}.Ad-Hoc|x86.ActiveCfg = Ad-Hoc|iPhone
		{9D2558DF-F4D3-4B3B-8275-5FEA3CCCC515}.Ad-Hoc|x86.Build.0 = Ad-Hoc|iPhone
		{9D2558DF-F4D3-4B3B-8275-5FEA3CCCC515}.Ad-Hoc|x86.Deploy.0 = Ad-Hoc|iPhone
		{9D2558DF-F4D3-4B3B-8275-5FEA3CCCC515}.AppStore|Any CPU.ActiveCfg = AppStore|iPhone
		{9D2558DF-F4D3-4B3B-8275-5FEA3CCCC515}.AppStore|Any CPU.Build.0 = AppStore|iPhone
		{9D2558DF-F4D3-4B3B-8275-5FEA3CCCC515}.AppStore|Any CPU.Deploy.0 = AppStore|iPhone
		{9D2558DF-F4D3-4B3B-8275-5FEA3CCCC515}.AppStore|ARM.ActiveCfg = AppStore|iPhone
		{9D2558DF-F4D3-4B3B-8275-5FEA3CCCC515}.AppStore|ARM.Build.0 = AppStore|iPhone
		{9D2558DF-F4D3-4B3B-8275-5FEA3CCCC515}.AppStore|ARM.Deploy.0 = AppStore|iPhone
		{9D2558DF-F4D3-4B3B-8275-5FEA3CCCC515}.AppStore|iPhone.ActiveCfg = AppStore|iPhone
		{9D2558DF-F4D3-4B3B-8275-5FEA3CCCC515}.AppStore|iPhone.Build.0 = AppStore|iPhone
		{9D2558DF-F4D3-4B3B-8275-5FEA3CCCC515}.AppStore|iPhone.Deploy.0 = AppStore|iPhone
		{9D2558DF-F4D3-4B3B-8275-5FEA3CCCC515}.AppStore|iPhoneSimulator.ActiveCfg = AppStore|iPhoneSimulator
		{9D2558DF-F4D3-4B3B-8275-5FEA3CCCC515}.AppStore|iPhoneSimulator.Build.0 = AppStore|iPhoneSimulator
		{9D2558DF-F4D3-4B3B-8275-5FEA3CCCC515}.AppStore|iPhoneSimulator.Deploy.0 = AppStore|iPhoneSimulator
		{9D2558DF-F4D3-4B3B-8275-5FEA3CCCC515}.AppStore|x64.ActiveCfg = AppStore|iPhone
		{9D2558DF-F4D3-4B3B-8275-5FEA3CCCC515}.AppStore|x64.Build.0 = AppStore|iPhone
		{9D2558DF-F4D3-4B3B-8275-5FEA3CCCC515}.AppStore|x64.Deploy.0 = AppStore|iPhone
		{9D2558DF-F4D3-4B3B-8275-5FEA3CCCC515}.AppStore|x86.ActiveCfg = AppStore|iPhone
		{9D2558DF-F4D3-4B3B-8275-5FEA3CCCC515}.AppStore|x86.Build.0 = AppStore|iPhone
		{9D2558DF-F4D3-4B3B-8275-5FEA3CCCC515}.AppStore|x86.Deploy.0 = AppStore|iPhone
		{9D2558DF-F4D3-4B3B-8275-5FEA3CCCC515}.Debug|Any CPU.ActiveCfg = Debug|iPhoneSimulator
		{9D2558DF-F4D3-4B3B-8275-5FEA3CCCC515}.Debug|Any CPU.Build.0 = Debug|iPhoneSimulator
		{9D2558DF-F4D3-4B3B-8275-5FEA3CCCC515}.Debug|Any CPU.Deploy.0 = Debug|iPhoneSimulator
		{9D2558DF-F4D3-4B3B-8275-5FEA3CCCC515}.Debug|ARM.ActiveCfg = Debug|iPhone
		{9D2558DF-F4D3-4B3B-8275-5FEA3CCCC515}.Debug|ARM.Build.0 = Debug|iPhone
		{9D2558DF-F4D3-4B3B-8275-5FEA3CCCC515}.Debug|ARM.Deploy.0 = Debug|iPhone
		{9D2558DF-F4D3-4B3B-8275-5FEA3CCCC515}.Debug|iPhone.ActiveCfg = Debug|iPhone
		{9D2558DF-F4D3-4B3B-8275-5FEA3CCCC515}.Debug|iPhone.Build.0 = Debug|iPhone
		{9D2558DF-F4D3-4B3B-8275-5FEA3CCCC515}.Debug|iPhone.Deploy.0 = Debug|iPhone
		{9D2558DF-F4D3-4B3B-8275-5FEA3CCCC515}.Debug|iPhoneSimulator.ActiveCfg = Debug|iPhoneSimulator
		{9D2558DF-F4D3-4B3B-8275-5FEA3CCCC515}.Debug|iPhoneSimulator.Build.0 = Debug|iPhoneSimulator
		{9D2558DF-F4D3-4B3B-8275-5FEA3CCCC515}.Debug|iPhoneSimulator.Deploy.0 = Debug|iPhoneSimulator
		{9D2558DF-F4D3-4B3B-8275-5FEA3CCCC515}.Debug|x64.ActiveCfg = Debug|iPhone
		{9D2558DF-F4D3-4B3B-8275-5FEA3CCCC515}.Debug|x64.Build.0 = Debug|iPhone
		{9D2558DF-F4D3-4B3B-8275-5FEA3CCCC515}.Debug|x64.Deploy.0 = Debug|iPhone
		{9D2558DF-F4D3-4B3B-8275-5FEA3CCCC515}.Debug|x86.ActiveCfg = Debug|iPhone
		{9D2558DF-F4D3-4B3B-8275-5FEA3CCCC515}.Debug|x86.Build.0 = Debug|iPhone
		{9D2558DF-F4D3-4B3B-8275-5FEA3CCCC515}.Debug|x86.Deploy.0 = Debug|iPhone
		{9D2558DF-F4D3-4B3B-8275-5FEA3CCCC515}.Release|Any CPU.ActiveCfg = Release|iPhone
		{9D2558DF-F4D3-4B3B-8275-5FEA3CCCC515}.Release|Any CPU.Build.0 = Release|iPhone
		{9D2558DF-F4D3-4B3B-8275-5FEA3CCCC515}.Release|Any CPU.Deploy.0 = Release|iPhone
		{9D2558DF-F4D3-4B3B-8275-5FEA3CCCC515}.Release|ARM.ActiveCfg = Release|iPhone
		{9D2558DF-F4D3-4B3B-8275-5FEA3CCCC515}.Release|ARM.Build.0 = Release|iPhone
		{9D2558DF-F4D3-4B3B-8275-5FEA3CCCC515}.Release|ARM.Deploy.0 = Release|iPhone
		{9D2558DF-F4D3-4B3B-8275-5FEA3CCCC515}.Release|iPhone.ActiveCfg = Release|iPhone
		{9D2558DF-F4D3-4B3B-8275-5FEA3CCCC515}.Release|iPhone.Build.0 = Release|iPhone
		{9D2558DF-F4D3-4B3B-8275-5FEA3CCCC515}.Release|iPhone.Deploy.0 = Release|iPhone
		{9D2558DF-F4D3-4B3B-8275-5FEA3CCCC515}.Release|iPhoneSimulator.ActiveCfg = Release|iPhoneSimulator
		{9D2558DF-F4D3-4B3B-8275-5FEA3CCCC515}.Release|iPhoneSimulator.Build.0 = Release|iPhoneSimulator
		{9D2558DF-F4D3-4B3B-8275-5FEA3CCCC515}.Release|iPhoneSimulator.Deploy.0 = Release|iPhoneSimulator
		{9D2558DF-F4D3-4B3B-8275-5FEA3CCCC515}.Release|x64.ActiveCfg = Release|iPhone
		{9D2558DF-F4D3-4B3B-8275-5FEA3CCCC515}.Release|x64.Build.0 = Release|iPhone
		{9D2558DF-F4D3-4B3B-8275-5FEA3CCCC515}.Release|x64.Deploy.0 = Release|iPhone
		{9D2558DF-F4D3-4B3B-8275-5FEA3CCCC515}.Release|x86.ActiveCfg = Release|iPhone
		{9D2558DF-F4D3-4B3B-8275-5FEA3CCCC515}.Release|x86.Build.0 = Release|iPhone
		{9D2558DF-F4D3-4B3B-8275-5FEA3CCCC515}.Release|x86.Deploy.0 = Release|iPhone
		{FB5E0767-BA0F-490C-9BA3-F807CD2FFDAC}.Ad-Hoc|Any CPU.ActiveCfg = Release|x86
		{FB5E0767-BA0F-490C-9BA3-F807CD2FFDAC}.Ad-Hoc|Any CPU.Build.0 = Release|x86
		{FB5E0767-BA0F-490C-9BA3-F807CD2FFDAC}.Ad-Hoc|Any CPU.Deploy.0 = Release|x86
		{FB5E0767-BA0F-490C-9BA3-F807CD2FFDAC}.Ad-Hoc|ARM.ActiveCfg = Release|ARM
		{FB5E0767-BA0F-490C-9BA3-F807CD2FFDAC}.Ad-Hoc|ARM.Build.0 = Release|ARM
		{FB5E0767-BA0F-490C-9BA3-F807CD2FFDAC}.Ad-Hoc|ARM.Deploy.0 = Release|ARM
		{FB5E0767-BA0F-490C-9BA3-F807CD2FFDAC}.Ad-Hoc|iPhone.ActiveCfg = Release|x86
		{FB5E0767-BA0F-490C-9BA3-F807CD2FFDAC}.Ad-Hoc|iPhone.Build.0 = Release|x86
		{FB5E0767-BA0F-490C-9BA3-F807CD2FFDAC}.Ad-Hoc|iPhone.Deploy.0 = Release|x86
		{FB5E0767-BA0F-490C-9BA3-F807CD2FFDAC}.Ad-Hoc|iPhoneSimulator.ActiveCfg = Release|x86
		{FB5E0767-BA0F-490C-9BA3-F807CD2FFDAC}.Ad-Hoc|iPhoneSimulator.Build.0 = Release|x86
		{FB5E0767-BA0F-490C-9BA3-F807CD2FFDAC}.Ad-Hoc|iPhoneSimulator.Deploy.0 = Release|x86
		{FB5E0767-BA0F-490C-9BA3-F807CD2FFDAC}.Ad-Hoc|x64.ActiveCfg = Release|x64
		{FB5E0767-BA0F-490C-9BA3-F807CD2FFDAC}.Ad-Hoc|x64.Build.0 = Release|x64
		{FB5E0767-BA0F-490C-9BA3-F807CD2FFDAC}.Ad-Hoc|x64.Deploy.0 = Release|x64
		{FB5E0767-BA0F-490C-9BA3-F807CD2FFDAC}.Ad-Hoc|x86.ActiveCfg = Release|x86
		{FB5E0767-BA0F-490C-9BA3-F807CD2FFDAC}.Ad-Hoc|x86.Build.0 = Release|x86
		{FB5E0767-BA0F-490C-9BA3-F807CD2FFDAC}.Ad-Hoc|x86.Deploy.0 = Release|x86
		{FB5E0767-BA0F-490C-9BA3-F807CD2FFDAC}.AppStore|Any CPU.ActiveCfg = Release|x86
		{FB5E0767-BA0F-490C-9BA3-F807CD2FFDAC}.AppStore|Any CPU.Build.0 = Release|x86
		{FB5E0767-BA0F-490C-9BA3-F807CD2FFDAC}.AppStore|Any CPU.Deploy.0 = Release|x86
		{FB5E0767-BA0F-490C-9BA3-F807CD2FFDAC}.AppStore|ARM.ActiveCfg = Release|ARM
		{FB5E0767-BA0F-490C-9BA3-F807CD2FFDAC}.AppStore|ARM.Build.0 = Release|ARM
		{FB5E0767-BA0F-490C-9BA3-F807CD2FFDAC}.AppStore|ARM.Deploy.0 = Release|ARM
		{FB5E0767-BA0F-490C-9BA3-F807CD2FFDAC}.AppStore|iPhone.ActiveCfg = Release|x86
		{FB5E0767-BA0F-490C-9BA3-F807CD2FFDAC}.AppStore|iPhone.Build.0 = Release|x86
		{FB5E0767-BA0F-490C-9BA3-F807CD2FFDAC}.AppStore|iPhone.Deploy.0 = Release|x86
		{FB5E0767-BA0F-490C-9BA3-F807CD2FFDAC}.AppStore|iPhoneSimulator.ActiveCfg = Release|x86
		{FB5E0767-BA0F-490C-9BA3-F807CD2FFDAC}.AppStore|iPhoneSimulator.Build.0 = Release|x86
		{FB5E0767-BA0F-490C-9BA3-F807CD2FFDAC}.AppStore|iPhoneSimulator.Deploy.0 = Release|x86
		{FB5E0767-BA0F-490C-9BA3-F807CD2FFDAC}.AppStore|x64.ActiveCfg = Release|x64
		{FB5E0767-BA0F-490C-9BA3-F807CD2FFDAC}.AppStore|x64.Build.0 = Release|x64
		{FB5E0767-BA0F-490C-9BA3-F807CD2FFDAC}.AppStore|x64.Deploy.0 = Release|x64
		{FB5E0767-BA0F-490C-9BA3-F807CD2FFDAC}.AppStore|x86.ActiveCfg = Release|x86
		{FB5E0767-BA0F-490C-9BA3-F807CD2FFDAC}.AppStore|x86.Build.0 = Release|x86
		{FB5E0767-BA0F-490C-9BA3-F807CD2FFDAC}.AppStore|x86.Deploy.0 = Release|x86
		{FB5E0767-BA0F-490C-9BA3-F807CD2FFDAC}.Debug|Any CPU.ActiveCfg = Debug|x86
		{FB5E0767-BA0F-490C-9BA3-F807CD2FFDAC}.Debug|Any CPU.Build.0 = Debug|x86
		{FB5E0767-BA0F-490C-9BA3-F807CD2FFDAC}.Debug|Any CPU.Deploy.0 = Debug|x86
		{FB5E0767-BA0F-490C-9BA3-F807CD2FFDAC}.Debug|ARM.ActiveCfg = Debug|ARM
		{FB5E0767-BA0F-490C-9BA3-F807CD2FFDAC}.Debug|ARM.Build.0 = Debug|ARM
		{FB5E0767-BA0F-490C-9BA3-F807CD2FFDAC}.Debug|ARM.Deploy.0 = Debug|ARM
		{FB5E0767-BA0F-490C-9BA3-F807CD2FFDAC}.Debug|iPhone.ActiveCfg = Debug|x86
		{FB5E0767-BA0F-490C-9BA3-F807CD2FFDAC}.Debug|iPhone.Build.0 = Debug|x86
		{FB5E0767-BA0F-490C-9BA3-F807CD2FFDAC}.Debug|iPhone.Deploy.0 = Debug|x86
		{FB5E0767-BA0F-490C-9BA3-F807CD2FFDAC}.Debug|iPhoneSimulator.ActiveCfg = Debug|x86
		{FB5E0767-BA0F-490C-9BA3-F807CD2FFDAC}.Debug|iPhoneSimulator.Build.0 = Debug|x86
		{FB5E0767-BA0F-490C-9BA3-F807CD2FFDAC}.Debug|iPhoneSimulator.Deploy.0 = Debug|x86
		{FB5E0767-BA0F-490C-9BA3-F807CD2FFDAC}.Debug|x64.ActiveCfg = Debug|x64
		{FB5E0767-BA0F-490C-9BA3-F807CD2FFDAC}.Debug|x64.Build.0 = Debug|x64
		{FB5E0767-BA0F-490C-9BA3-F807CD2FFDAC}.Debug|x64.Deploy.0 = Debug|x64
		{FB5E0767-BA0F-490C-9BA3-F807CD2FFDAC}.Debug|x86.ActiveCfg = Debug|x86
		{FB5E0767-BA0F-490C-9BA3-F807CD2FFDAC}.Debug|x86.Build.0 = Debug|x86
		{FB5E0767-BA0F-490C-9BA3-F807CD2FFDAC}.Debug|x86.Deploy.0 = Debug|x86
		{FB5E0767-BA0F-490C-9BA3-F807CD2FFDAC}.Release|Any CPU.ActiveCfg = Release|x86
		{FB5E0767-BA0F-490C-9BA3-F807CD2FFDAC}.Release|Any CPU.Build.0 = Release|x86
		{FB5E0767-BA0F-490C-9BA3-F807CD2FFDAC}.Release|Any CPU.Deploy.0 = Release|x86
		{FB5E0767-BA0F-490C-9BA3-F807CD2FFDAC}.Release|ARM.ActiveCfg = Release|ARM
		{FB5E0767-BA0F-490C-9BA3-F807CD2FFDAC}.Release|ARM.Build.0 = Release|ARM
		{FB5E0767-BA0F-490C-9BA3-F807CD2FFDAC}.Release|ARM.Deploy.0 = Release|ARM
		{FB5E0767-BA0F-490C-9BA3-F807CD2FFDAC}.Release|iPhone.ActiveCfg = Release|x86
		{FB5E0767-BA0F-490C-9BA3-F807CD2FFDAC}.Release|iPhone.Build.0 = Release|x86
		{FB5E0767-BA0F-490C-9BA3-F807CD2FFDAC}.Release|iPhone.Deploy.0 = Release|x86
		{FB5E0767-BA0F-490C-9BA3-F807CD2FFDAC}.Release|iPhoneSimulator.ActiveCfg = Release|x86
		{FB5E0767-BA0F-490C-9BA3-F807CD2FFDAC}.Release|iPhoneSimulator.Build.0 = Release|x86
		{FB5E0767-BA0F-490C-9BA3-F807CD2FFDAC}.Release|iPhoneSimulator.Deploy.0 = Release|x86
		{FB5E0767-BA0F-490C-9BA3-F807CD2FFDAC}.Release|x64.ActiveCfg = Release|x64
		{FB5E0767-BA0F-490C-9BA3-F807CD2FFDAC}.Release|x64.Build.0 = Release|x64
		{FB5E0767-BA0F-490C-9BA3-F807CD2FFDAC}.Release|x64.Deploy.0 = Release|x64
		{FB5E0767-BA0F-490C-9BA3-F807CD2FFDAC}.Release|x86.ActiveCfg = Release|x86
		{FB5E0767-BA0F-490C-9BA3-F807CD2FFDAC}.Release|x86.Build.0 = Release|x86
		{FB5E0767-BA0F-490C-9BA3-F807CD2FFDAC}.Release|x86.Deploy.0 = Release|x86
		{E204C3C3-FD38-4B0F-B608-6FEB0BE551EF}.Ad-Hoc|Any CPU.ActiveCfg = Debug|Any CPU
		{E204C3C3-FD38-4B0F-B608-6FEB0BE551EF}.Ad-Hoc|Any CPU.Build.0 = Debug|Any CPU
		{E204C3C3-FD38-4B0F-B608-6FEB0BE551EF}.Ad-Hoc|Any CPU.Deploy.0 = Debug|Any CPU
		{E204C3C3-FD38-4B0F-B608-6FEB0BE551EF}.Ad-Hoc|ARM.ActiveCfg = Debug|Any CPU
		{E204C3C3-FD38-4B0F-B608-6FEB0BE551EF}.Ad-Hoc|ARM.Build.0 = Debug|Any CPU
		{E204C3C3-FD38-4B0F-B608-6FEB0BE551EF}.Ad-Hoc|ARM.Deploy.0 = Debug|Any CPU
		{E204C3C3-FD38-4B0F-B608-6FEB0BE551EF}.Ad-Hoc|iPhone.ActiveCfg = Debug|Any CPU
		{E204C3C3-FD38-4B0F-B608-6FEB0BE551EF}.Ad-Hoc|iPhone.Build.0 = Debug|Any CPU
		{E204C3C3-FD38-4B0F-B608-6FEB0BE551EF}.Ad-Hoc|iPhone.Deploy.0 = Debug|Any CPU
		{E204C3C3-FD38-4B0F-B608-6FEB0BE551EF}.Ad-Hoc|iPhoneSimulator.ActiveCfg = Debug|Any CPU
		{E204C3C3-FD38-4B0F-B608-6FEB0BE551EF}.Ad-Hoc|iPhoneSimulator.Build.0 = Debug|Any CPU
		{E204C3C3-FD38-4B0F-B608-6FEB0BE551EF}.Ad-Hoc|iPhoneSimulator.Deploy.0 = Debug|Any CPU
		{E204C3C3-FD38-4B0F-B608-6FEB0BE551EF}.Ad-Hoc|x64.ActiveCfg = Debug|Any CPU
		{E204C3C3-FD38-4B0F-B608-6FEB0BE551EF}.Ad-Hoc|x64.Build.0 = Debug|Any CPU
		{E204C3C3-FD38-4B0F-B608-6FEB0BE551EF}.Ad-Hoc|x64.Deploy.0 = Debug|Any CPU
		{E204C3C3-FD38-4B0F-B608-6FEB0BE551EF}.Ad-Hoc|x86.ActiveCfg = Debug|Any CPU
		{E204C3C3-FD38-4B0F-B608-6FEB0BE551EF}.Ad-Hoc|x86.Build.0 = Debug|Any CPU
		{E204C3C3-FD38-4B0F-B608-6FEB0BE551EF}.Ad-Hoc|x86.Deploy.0 = Debug|Any CPU
		{E204C3C3-FD38-4B0F-B608-6FEB0BE551EF}.AppStore|Any CPU.ActiveCfg = Debug|Any CPU
		{E204C3C3-FD38-4B0F-B608-6FEB0BE551EF}.AppStore|Any CPU.Build.0 = Debug|Any CPU
		{E204C3C3-FD38-4B0F-B608-6FEB0BE551EF}.AppStore|Any CPU.Deploy.0 = Debug|Any CPU
		{E204C3C3-FD38-4B0F-B608-6FEB0BE551EF}.AppStore|ARM.ActiveCfg = Debug|Any CPU
		{E204C3C3-FD38-4B0F-B608-6FEB0BE551EF}.AppStore|ARM.Build.0 = Debug|Any CPU
		{E204C3C3-FD38-4B0F-B608-6FEB0BE551EF}.AppStore|ARM.Deploy.0 = Debug|Any CPU
		{E204C3C3-FD38-4B0F-B608-6FEB0BE551EF}.AppStore|iPhone.ActiveCfg = Debug|Any CPU
		{E204C3C3-FD38-4B0F-B608-6FEB0BE551EF}.AppStore|iPhone.Build.0 = Debug|Any CPU
		{E204C3C3-FD38-4B0F-B608-6FEB0BE551EF}.AppStore|iPhone.Deploy.0 = Debug|Any CPU
		{E204C3C3-FD38-4B0F-B608-6FEB0BE551EF}.AppStore|iPhoneSimulator.ActiveCfg = Debug|Any CPU
		{E204C3C3-FD38-4B0F-B608-6FEB0BE551EF}.AppStore|iPhoneSimulator.Build.0 = Debug|Any CPU
		{E204C3C3-FD38-4B0F-B608-6FEB0BE551EF}.AppStore|iPhoneSimulator.Deploy.0 = Debug|Any CPU
		{E204C3C3-FD38-4B0F-B608-6FEB0BE551EF}.AppStore|x64.ActiveCfg = Debug|Any CPU
		{E204C3C3-FD38-4B0F-B608-6FEB0BE551EF}.AppStore|x64.Build.0 = Debug|Any CPU
		{E204C3C3-FD38-4B0F-B608-6FEB0BE551EF}.AppStore|x64.Deploy.0 = Debug|Any CPU
		{E204C3C3-FD38-4B0F-B608-6FEB0BE551EF}.AppStore|x86.ActiveCfg = Debug|Any CPU
		{E204C3C3-FD38-4B0F-B608-6FEB0BE551EF}.AppStore|x86.Build.0 = Debug|Any CPU
		{E204C3C3-FD38-4B0F-B608-6FEB0BE551EF}.AppStore|x86.Deploy.0 = Debug|Any CPU
		{E204C3C3-FD38-4B0F-B608-6FEB0BE551EF}.Debug|Any CPU.ActiveCfg = Debug|Any CPU
		{E204C3C3-FD38-4B0F-B608-6FEB0BE551EF}.Debug|Any CPU.Build.0 = Debug|Any CPU
		{E204C3C3-FD38-4B0F-B608-6FEB0BE551EF}.Debug|Any CPU.Deploy.0 = Debug|Any CPU
		{E204C3C3-FD38-4B0F-B608-6FEB0BE551EF}.Debug|ARM.ActiveCfg = Debug|Any CPU
		{E204C3C3-FD38-4B0F-B608-6FEB0BE551EF}.Debug|ARM.Build.0 = Debug|Any CPU
		{E204C3C3-FD38-4B0F-B608-6FEB0BE551EF}.Debug|ARM.Deploy.0 = Debug|Any CPU
		{E204C3C3-FD38-4B0F-B608-6FEB0BE551EF}.Debug|iPhone.ActiveCfg = Debug|Any CPU
		{E204C3C3-FD38-4B0F-B608-6FEB0BE551EF}.Debug|iPhone.Build.0 = Debug|Any CPU
		{E204C3C3-FD38-4B0F-B608-6FEB0BE551EF}.Debug|iPhone.Deploy.0 = Debug|Any CPU
		{E204C3C3-FD38-4B0F-B608-6FEB0BE551EF}.Debug|iPhoneSimulator.ActiveCfg = Debug|Any CPU
		{E204C3C3-FD38-4B0F-B608-6FEB0BE551EF}.Debug|iPhoneSimulator.Build.0 = Debug|Any CPU
		{E204C3C3-FD38-4B0F-B608-6FEB0BE551EF}.Debug|iPhoneSimulator.Deploy.0 = Debug|Any CPU
		{E204C3C3-FD38-4B0F-B608-6FEB0BE551EF}.Debug|x64.ActiveCfg = Debug|Any CPU
		{E204C3C3-FD38-4B0F-B608-6FEB0BE551EF}.Debug|x64.Build.0 = Debug|Any CPU
		{E204C3C3-FD38-4B0F-B608-6FEB0BE551EF}.Debug|x64.Deploy.0 = Debug|Any CPU
		{E204C3C3-FD38-4B0F-B608-6FEB0BE551EF}.Debug|x86.ActiveCfg = Debug|Any CPU
		{E204C3C3-FD38-4B0F-B608-6FEB0BE551EF}.Debug|x86.Build.0 = Debug|Any CPU
		{E204C3C3-FD38-4B0F-B608-6FEB0BE551EF}.Debug|x86.Deploy.0 = Debug|Any CPU
		{E204C3C3-FD38-4B0F-B608-6FEB0BE551EF}.Release|Any CPU.ActiveCfg = Release|Any CPU
		{E204C3C3-FD38-4B0F-B608-6FEB0BE551EF}.Release|Any CPU.Build.0 = Release|Any CPU
		{E204C3C3-FD38-4B0F-B608-6FEB0BE551EF}.Release|Any CPU.Deploy.0 = Release|Any CPU
		{E204C3C3-FD38-4B0F-B608-6FEB0BE551EF}.Release|ARM.ActiveCfg = Release|Any CPU
		{E204C3C3-FD38-4B0F-B608-6FEB0BE551EF}.Release|ARM.Build.0 = Release|Any CPU
		{E204C3C3-FD38-4B0F-B608-6FEB0BE551EF}.Release|ARM.Deploy.0 = Release|Any CPU
		{E204C3C3-FD38-4B0F-B608-6FEB0BE551EF}.Release|iPhone.ActiveCfg = Release|Any CPU
		{E204C3C3-FD38-4B0F-B608-6FEB0BE551EF}.Release|iPhone.Build.0 = Release|Any CPU
		{E204C3C3-FD38-4B0F-B608-6FEB0BE551EF}.Release|iPhone.Deploy.0 = Release|Any CPU
		{E204C3C3-FD38-4B0F-B608-6FEB0BE551EF}.Release|iPhoneSimulator.ActiveCfg = Release|Any CPU
		{E204C3C3-FD38-4B0F-B608-6FEB0BE551EF}.Release|iPhoneSimulator.Build.0 = Release|Any CPU
		{E204C3C3-FD38-4B0F-B608-6FEB0BE551EF}.Release|iPhoneSimulator.Deploy.0 = Release|Any CPU
		{E204C3C3-FD38-4B0F-B608-6FEB0BE551EF}.Release|x64.ActiveCfg = Release|Any CPU
		{E204C3C3-FD38-4B0F-B608-6FEB0BE551EF}.Release|x64.Build.0 = Release|Any CPU
		{E204C3C3-FD38-4B0F-B608-6FEB0BE551EF}.Release|x64.Deploy.0 = Release|Any CPU
		{E204C3C3-FD38-4B0F-B608-6FEB0BE551EF}.Release|x86.ActiveCfg = Release|Any CPU
		{E204C3C3-FD38-4B0F-B608-6FEB0BE551EF}.Release|x86.Build.0 = Release|Any CPU
		{E204C3C3-FD38-4B0F-B608-6FEB0BE551EF}.Release|x86.Deploy.0 = Release|Any CPU
	EndGlobalSection
	GlobalSection(SolutionProperties) = preSolution
		HideSolutionNode = FALSE
	EndGlobalSection
	GlobalSection(ExtensibilityGlobals) = postSolution
		SolutionGuid = {49284602-071A-45F4-AFC6-8553A1D2F89F}
	EndGlobalSection
EndGlobal
