
Microsoft Visual Studio Solution File, Format Version 12.00
# Visual Studio 15
VisualStudioVersion = 15.0.28010.2046
MinimumVisualStudioVersion = 10.0.40219.1
Project("{FAE04EC0-301F-11D3-BF4B-00C04F79EFBC}") = "LayoutXF.Android", "LayoutXF\LayoutXF.Android\LayoutXF.Android.csproj", "{1D6411F5-3115-4E83-94E1-BC6AC7CBF582}"
EndProject
Project("{FAE04EC0-301F-11D3-BF4B-00C04F79EFBC}") = "LayoutXF.iOS", "LayoutXF\LayoutXF.iOS\LayoutXF.iOS.csproj", "{570E4BCF-70F7-4B06-97C7-E9639F350646}"
EndProject
Project("{FAE04EC0-301F-11D3-BF4B-00C04F79EFBC}") = "LayoutXF.UWP", "LayoutXF\LayoutXF.UWP\LayoutXF.UWP.csproj", "{D1879E33-B071-404C-86C3-6519687C368D}"
EndProject
Project("{FAE04EC0-301F-11D3-BF4B-00C04F79EFBC}") = "LayoutXF", "LayoutXF\LayoutXF\LayoutXF.csproj", "{6D4A9B3D-67CB-4B3C-9E87-C208ACD81945}"
EndProject
Global
	GlobalSection(SolutionConfigurationPlatforms) = preSolution
		Ad-Hoc|Any CPU = Ad-Hoc|Any CPU
		Ad-Hoc|ARM = Ad-Hoc|ARM
		Ad-Hoc|iPhone = Ad-Hoc|iPhone
		Ad-Hoc|iPhoneSimulator = Ad-Hoc|iPhoneSimulator
		Ad-Hoc|x64 = Ad-Hoc|x64
		Ad-Hoc|x86 = Ad-Hoc|x86
		AppStore|Any CPU = AppStore|Any CPU
		AppStore|ARM = AppStore|ARM
		AppStore|iPhone = AppStore|iPhone
		AppStore|iPhoneSimulator = AppStore|iPhoneSimulator
		AppStore|x64 = AppStore|x64
		AppStore|x86 = AppStore|x86
		Debug|Any CPU = Debug|Any CPU
		Debug|ARM = Debug|ARM
		Debug|iPhone = Debug|iPhone
		Debug|iPhoneSimulator = Debug|iPhoneSimulator
		Debug|x64 = Debug|x64
		Debug|x86 = Debug|x86
		Release|Any CPU = Release|Any CPU
		Release|ARM = Release|ARM
		Release|iPhone = Release|iPhone
		Release|iPhoneSimulator = Release|iPhoneSimulator
		Release|x64 = Release|x64
		Release|x86 = Release|x86
	EndGlobalSection
	GlobalSection(ProjectConfigurationPlatforms) = postSolution
		{1D6411F5-3115-4E83-94E1-BC6AC7CBF582}.Ad-Hoc|Any CPU.ActiveCfg = Release|Any CPU
		{1D6411F5-3115-4E83-94E1-BC6AC7CBF582}.Ad-Hoc|Any CPU.Build.0 = Release|Any CPU
		{1D6411F5-3115-4E83-94E1-BC6AC7CBF582}.Ad-Hoc|Any CPU.Deploy.0 = Release|Any CPU
		{1D6411F5-3115-4E83-94E1-BC6AC7CBF582}.Ad-Hoc|ARM.ActiveCfg = Release|Any CPU
		{1D6411F5-3115-4E83-94E1-BC6AC7CBF582}.Ad-Hoc|ARM.Build.0 = Release|Any CPU
		{1D6411F5-3115-4E83-94E1-BC6AC7CBF582}.Ad-Hoc|ARM.Deploy.0 = Release|Any CPU
		{1D6411F5-3115-4E83-94E1-BC6AC7CBF582}.Ad-Hoc|iPhone.ActiveCfg = Release|Any CPU
		{1D6411F5-3115-4E83-94E1-BC6AC7CBF582}.Ad-Hoc|iPhone.Build.0 = Release|Any CPU
		{1D6411F5-3115-4E83-94E1-BC6AC7CBF582}.Ad-Hoc|iPhone.Deploy.0 = Release|Any CPU
		{1D6411F5-3115-4E83-94E1-BC6AC7CBF582}.Ad-Hoc|iPhoneSimulator.ActiveCfg = Release|Any CPU
		{1D6411F5-3115-4E83-94E1-BC6AC7CBF582}.Ad-Hoc|iPhoneSimulator.Build.0 = Release|Any CPU
		{1D6411F5-3115-4E83-94E1-BC6AC7CBF582}.Ad-Hoc|iPhoneSimulator.Deploy.0 = Release|Any CPU
		{1D6411F5-3115-4E83-94E1-BC6AC7CBF582}.Ad-Hoc|x64.ActiveCfg = Release|Any CPU
		{1D6411F5-3115-4E83-94E1-BC6AC7CBF582}.Ad-Hoc|x64.Build.0 = Release|Any CPU
		{1D6411F5-3115-4E83-94E1-BC6AC7CBF582}.Ad-Hoc|x64.Deploy.0 = Release|Any CPU
		{1D6411F5-3115-4E83-94E1-BC6AC7CBF582}.Ad-Hoc|x86.ActiveCfg = Release|Any CPU
		{1D6411F5-3115-4E83-94E1-BC6AC7CBF582}.Ad-Hoc|x86.Build.0 = Release|Any CPU
		{1D6411F5-3115-4E83-94E1-BC6AC7CBF582}.Ad-Hoc|x86.Deploy.0 = Release|Any CPU
		{1D6411F5-3115-4E83-94E1-BC6AC7CBF582}.AppStore|Any CPU.ActiveCfg = Release|Any CPU
		{1D6411F5-3115-4E83-94E1-BC6AC7CBF582}.AppStore|Any CPU.Build.0 = Release|Any CPU
		{1D6411F5-3115-4E83-94E1-BC6AC7CBF582}.AppStore|Any CPU.Deploy.0 = Release|Any CPU
		{1D6411F5-3115-4E83-94E1-BC6AC7CBF582}.AppStore|ARM.ActiveCfg = Release|Any CPU
		{1D6411F5-3115-4E83-94E1-BC6AC7CBF582}.AppStore|ARM.Build.0 = Release|Any CPU
		{1D6411F5-3115-4E83-94E1-BC6AC7CBF582}.AppStore|ARM.Deploy.0 = Release|Any CPU
		{1D6411F5-3115-4E83-94E1-BC6AC7CBF582}.AppStore|iPhone.ActiveCfg = Release|Any CPU
		{1D6411F5-3115-4E83-94E1-BC6AC7CBF582}.AppStore|iPhone.Build.0 = Release|Any CPU
		{1D6411F5-3115-4E83-94E1-BC6AC7CBF582}.AppStore|iPhone.Deploy.0 = Release|Any CPU
		{1D6411F5-3115-4E83-94E1-BC6AC7CBF582}.AppStore|iPhoneSimulator.ActiveCfg = Release|Any CPU
		{1D6411F5-3115-4E83-94E1-BC6AC7CBF582}.AppStore|iPhoneSimulator.Build.0 = Release|Any CPU
		{1D6411F5-3115-4E83-94E1-BC6AC7CBF582}.AppStore|iPhoneSimulator.Deploy.0 = Release|Any CPU
		{1D6411F5-3115-4E83-94E1-BC6AC7CBF582}.AppStore|x64.ActiveCfg = Release|Any CPU
		{1D6411F5-3115-4E83-94E1-BC6AC7CBF582}.AppStore|x64.Build.0 = Release|Any CPU
		{1D6411F5-3115-4E83-94E1-BC6AC7CBF582}.AppStore|x64.Deploy.0 = Release|Any CPU
		{1D6411F5-3115-4E83-94E1-BC6AC7CBF582}.AppStore|x86.ActiveCfg = Release|Any CPU
		{1D6411F5-3115-4E83-94E1-BC6AC7CBF582}.AppStore|x86.Build.0 = Release|Any CPU
		{1D6411F5-3115-4E83-94E1-BC6AC7CBF582}.AppStore|x86.Deploy.0 = Release|Any CPU
		{1D6411F5-3115-4E83-94E1-BC6AC7CBF582}.Debug|Any CPU.ActiveCfg = Debug|Any CPU
		{1D6411F5-3115-4E83-94E1-BC6AC7CBF582}.Debug|Any CPU.Build.0 = Debug|Any CPU
		{1D6411F5-3115-4E83-94E1-BC6AC7CBF582}.Debug|Any CPU.Deploy.0 = Debug|Any CPU
		{1D6411F5-3115-4E83-94E1-BC6AC7CBF582}.Debug|ARM.ActiveCfg = Debug|Any CPU
		{1D6411F5-3115-4E83-94E1-BC6AC7CBF582}.Debug|ARM.Build.0 = Debug|Any CPU
		{1D6411F5-3115-4E83-94E1-BC6AC7CBF582}.Debug|ARM.Deploy.0 = Debug|Any CPU
		{1D6411F5-3115-4E83-94E1-BC6AC7CBF582}.Debug|iPhone.ActiveCfg = Debug|Any CPU
		{1D6411F5-3115-4E83-94E1-BC6AC7CBF582}.Debug|iPhone.Build.0 = Debug|Any CPU
		{1D6411F5-3115-4E83-94E1-BC6AC7CBF582}.Debug|iPhone.Deploy.0 = Debug|Any CPU
		{1D6411F5-3115-4E83-94E1-BC6AC7CBF582}.Debug|iPhoneSimulator.ActiveCfg = Debug|Any CPU
		{1D6411F5-3115-4E83-94E1-BC6AC7CBF582}.Debug|iPhoneSimulator.Build.0 = Debug|Any CPU
		{1D6411F5-3115-4E83-94E1-BC6AC7CBF582}.Debug|iPhoneSimulator.Deploy.0 = Debug|Any CPU
		{1D6411F5-3115-4E83-94E1-BC6AC7CBF582}.Debug|x64.ActiveCfg = Debug|Any CPU
		{1D6411F5-3115-4E83-94E1-BC6AC7CBF582}.Debug|x64.Build.0 = Debug|Any CPU
		{1D6411F5-3115-4E83-94E1-BC6AC7CBF582}.Debug|x64.Deploy.0 = Debug|Any CPU
		{1D6411F5-3115-4E83-94E1-BC6AC7CBF582}.Debug|x86.ActiveCfg = Debug|Any CPU
		{1D6411F5-3115-4E83-94E1-BC6AC7CBF582}.Debug|x86.Build.0 = Debug|Any CPU
		{1D6411F5-3115-4E83-94E1-BC6AC7CBF582}.Debug|x86.Deploy.0 = Debug|Any CPU
		{1D6411F5-3115-4E83-94E1-BC6AC7CBF582}.Release|Any CPU.ActiveCfg = Release|Any CPU
		{1D6411F5-3115-4E83-94E1-BC6AC7CBF582}.Release|Any CPU.Build.0 = Release|Any CPU
		{1D6411F5-3115-4E83-94E1-BC6AC7CBF582}.Release|Any CPU.Deploy.0 = Release|Any CPU
		{1D6411F5-3115-4E83-94E1-BC6AC7CBF582}.Release|ARM.ActiveCfg = Release|Any CPU
		{1D6411F5-3115-4E83-94E1-BC6AC7CBF582}.Release|ARM.Build.0 = Release|Any CPU
		{1D6411F5-3115-4E83-94E1-BC6AC7CBF582}.Release|ARM.Deploy.0 = Release|Any CPU
		{1D6411F5-3115-4E83-94E1-BC6AC7CBF582}.Release|iPhone.ActiveCfg = Release|Any CPU
		{1D6411F5-3115-4E83-94E1-BC6AC7CBF582}.Release|iPhone.Build.0 = Release|Any CPU
		{1D6411F5-3115-4E83-94E1-BC6AC7CBF582}.Release|iPhone.Deploy.0 = Release|Any CPU
		{1D6411F5-3115-4E83-94E1-BC6AC7CBF582}.Release|iPhoneSimulator.ActiveCfg = Release|Any CPU
		{1D6411F5-3115-4E83-94E1-BC6AC7CBF582}.Release|iPhoneSimulator.Build.0 = Release|Any CPU
		{1D6411F5-3115-4E83-94E1-BC6AC7CBF582}.Release|iPhoneSimulator.Deploy.0 = Release|Any CPU
		{1D6411F5-3115-4E83-94E1-BC6AC7CBF582}.Release|x64.ActiveCfg = Release|Any CPU
		{1D6411F5-3115-4E83-94E1-BC6AC7CBF582}.Release|x64.Build.0 = Release|Any CPU
		{1D6411F5-3115-4E83-94E1-BC6AC7CBF582}.Release|x64.Deploy.0 = Release|Any CPU
		{1D6411F5-3115-4E83-94E1-BC6AC7CBF582}.Release|x86.ActiveCfg = Release|Any CPU
		{1D6411F5-3115-4E83-94E1-BC6AC7CBF582}.Release|x86.Build.0 = Release|Any CPU
		{1D6411F5-3115-4E83-94E1-BC6AC7CBF582}.Release|x86.Deploy.0 = Release|Any CPU
		{570E4BCF-70F7-4B06-97C7-E9639F350646}.Ad-Hoc|Any CPU.ActiveCfg = Ad-Hoc|iPhone
		{570E4BCF-70F7-4B06-97C7-E9639F350646}.Ad-Hoc|Any CPU.Build.0 = Ad-Hoc|iPhone
		{570E4BCF-70F7-4B06-97C7-E9639F350646}.Ad-Hoc|Any CPU.Deploy.0 = Ad-Hoc|iPhone
		{570E4BCF-70F7-4B06-97C7-E9639F350646}.Ad-Hoc|ARM.ActiveCfg = Ad-Hoc|iPhone
		{570E4BCF-70F7-4B06-97C7-E9639F350646}.Ad-Hoc|ARM.Build.0 = Ad-Hoc|iPhone
		{570E4BCF-70F7-4B06-97C7-E9639F350646}.Ad-Hoc|ARM.Deploy.0 = Ad-Hoc|iPhone
		{570E4BCF-70F7-4B06-97C7-E9639F350646}.Ad-Hoc|iPhone.ActiveCfg = Ad-Hoc|iPhone
		{570E4BCF-70F7-4B06-97C7-E9639F350646}.Ad-Hoc|iPhone.Build.0 = Ad-Hoc|iPhone
		{570E4BCF-70F7-4B06-97C7-E9639F350646}.Ad-Hoc|iPhone.Deploy.0 = Ad-Hoc|iPhone
		{570E4BCF-70F7-4B06-97C7-E9639F350646}.Ad-Hoc|iPhoneSimulator.ActiveCfg = Ad-Hoc|iPhoneSimulator
		{570E4BCF-70F7-4B06-97C7-E9639F350646}.Ad-Hoc|iPhoneSimulator.Build.0 = Ad-Hoc|iPhoneSimulator
		{570E4BCF-70F7-4B06-97C7-E9639F350646}.Ad-Hoc|iPhoneSimulator.Deploy.0 = Ad-Hoc|iPhoneSimulator
		{570E4BCF-70F7-4B06-97C7-E9639F350646}.Ad-Hoc|x64.ActiveCfg = Ad-Hoc|iPhone
		{570E4BCF-70F7-4B06-97C7-E9639F350646}.Ad-Hoc|x64.Build.0 = Ad-Hoc|iPhone
		{570E4BCF-70F7-4B06-97C7-E9639F350646}.Ad-Hoc|x64.Deploy.0 = Ad-Hoc|iPhone
		{570E4BCF-70F7-4B06-97C7-E9639F350646}.Ad-Hoc|x86.ActiveCfg = Ad-Hoc|iPhone
		{570E4BCF-70F7-4B06-97C7-E9639F350646}.Ad-Hoc|x86.Build.0 = Ad-Hoc|iPhone
		{570E4BCF-70F7-4B06-97C7-E9639F350646}.Ad-Hoc|x86.Deploy.0 = Ad-Hoc|iPhone
		{570E4BCF-70F7-4B06-97C7-E9639F350646}.AppStore|Any CPU.ActiveCfg = AppStore|iPhone
		{570E4BCF-70F7-4B06-97C7-E9639F350646}.AppStore|Any CPU.Build.0 = AppStore|iPhone
		{570E4BCF-70F7-4B06-97C7-E9639F350646}.AppStore|Any CPU.Deploy.0 = AppStore|iPhone
		{570E4BCF-70F7-4B06-97C7-E9639F350646}.AppStore|ARM.ActiveCfg = AppStore|iPhone
		{570E4BCF-70F7-4B06-97C7-E9639F350646}.AppStore|ARM.Build.0 = AppStore|iPhone
		{570E4BCF-70F7-4B06-97C7-E9639F350646}.AppStore|ARM.Deploy.0 = AppStore|iPhone
		{570E4BCF-70F7-4B06-97C7-E9639F350646}.AppStore|iPhone.ActiveCfg = AppStore|iPhone
		{570E4BCF-70F7-4B06-97C7-E9639F350646}.AppStore|iPhone.Build.0 = AppStore|iPhone
		{570E4BCF-70F7-4B06-97C7-E9639F350646}.AppStore|iPhone.Deploy.0 = AppStore|iPhone
		{570E4BCF-70F7-4B06-97C7-E9639F350646}.AppStore|iPhoneSimulator.ActiveCfg = AppStore|iPhoneSimulator
		{570E4BCF-70F7-4B06-97C7-E9639F350646}.AppStore|iPhoneSimulator.Build.0 = AppStore|iPhoneSimulator
		{570E4BCF-70F7-4B06-97C7-E9639F350646}.AppStore|iPhoneSimulator.Deploy.0 = AppStore|iPhoneSimulator
		{570E4BCF-70F7-4B06-97C7-E9639F350646}.AppStore|x64.ActiveCfg = AppStore|iPhone
		{570E4BCF-70F7-4B06-97C7-E9639F350646}.AppStore|x64.Build.0 = AppStore|iPhone
		{570E4BCF-70F7-4B06-97C7-E9639F350646}.AppStore|x64.Deploy.0 = AppStore|iPhone
		{570E4BCF-70F7-4B06-97C7-E9639F350646}.AppStore|x86.ActiveCfg = AppStore|iPhone
		{570E4BCF-70F7-4B06-97C7-E9639F350646}.AppStore|x86.Build.0 = AppStore|iPhone
		{570E4BCF-70F7-4B06-97C7-E9639F350646}.AppStore|x86.Deploy.0 = AppStore|iPhone
		{570E4BCF-70F7-4B06-97C7-E9639F350646}.Debug|Any CPU.ActiveCfg = Debug|iPhoneSimulator
		{570E4BCF-70F7-4B06-97C7-E9639F350646}.Debug|Any CPU.Build.0 = Debug|iPhoneSimulator
		{570E4BCF-70F7-4B06-97C7-E9639F350646}.Debug|Any CPU.Deploy.0 = Debug|iPhoneSimulator
		{570E4BCF-70F7-4B06-97C7-E9639F350646}.Debug|ARM.ActiveCfg = Debug|iPhone
		{570E4BCF-70F7-4B06-97C7-E9639F350646}.Debug|ARM.Build.0 = Debug|iPhone
		{570E4BCF-70F7-4B06-97C7-E9639F350646}.Debug|ARM.Deploy.0 = Debug|iPhone
		{570E4BCF-70F7-4B06-97C7-E9639F350646}.Debug|iPhone.ActiveCfg = Debug|iPhone
		{570E4BCF-70F7-4B06-97C7-E9639F350646}.Debug|iPhone.Build.0 = Debug|iPhone
		{570E4BCF-70F7-4B06-97C7-E9639F350646}.Debug|iPhone.Deploy.0 = Debug|iPhone
		{570E4BCF-70F7-4B06-97C7-E9639F350646}.Debug|iPhoneSimulator.ActiveCfg = Debug|iPhoneSimulator
		{570E4BCF-70F7-4B06-97C7-E9639F350646}.Debug|iPhoneSimulator.Build.0 = Debug|iPhoneSimulator
		{570E4BCF-70F7-4B06-97C7-E9639F350646}.Debug|iPhoneSimulator.Deploy.0 = Debug|iPhoneSimulator
		{570E4BCF-70F7-4B06-97C7-E9639F350646}.Debug|x64.ActiveCfg = Debug|iPhone
		{570E4BCF-70F7-4B06-97C7-E9639F350646}.Debug|x64.Build.0 = Debug|iPhone
		{570E4BCF-70F7-4B06-97C7-E9639F350646}.Debug|x64.Deploy.0 = Debug|iPhone
		{570E4BCF-70F7-4B06-97C7-E9639F350646}.Debug|x86.ActiveCfg = Debug|iPhone
		{570E4BCF-70F7-4B06-97C7-E9639F350646}.Debug|x86.Build.0 = Debug|iPhone
		{570E4BCF-70F7-4B06-97C7-E9639F350646}.Debug|x86.Deploy.0 = Debug|iPhone
		{570E4BCF-70F7-4B06-97C7-E9639F350646}.Release|Any CPU.ActiveCfg = Release|iPhone
		{570E4BCF-70F7-4B06-97C7-E9639F350646}.Release|Any CPU.Build.0 = Release|iPhone
		{570E4BCF-70F7-4B06-97C7-E9639F350646}.Release|Any CPU.Deploy.0 = Release|iPhone
		{570E4BCF-70F7-4B06-97C7-E9639F350646}.Release|ARM.ActiveCfg = Release|iPhone
		{570E4BCF-70F7-4B06-97C7-E9639F350646}.Release|ARM.Build.0 = Release|iPhone
		{570E4BCF-70F7-4B06-97C7-E9639F350646}.Release|ARM.Deploy.0 = Release|iPhone
		{570E4BCF-70F7-4B06-97C7-E9639F350646}.Release|iPhone.ActiveCfg = Release|iPhone
		{570E4BCF-70F7-4B06-97C7-E9639F350646}.Release|iPhone.Build.0 = Release|iPhone
		{570E4BCF-70F7-4B06-97C7-E9639F350646}.Release|iPhone.Deploy.0 = Release|iPhone
		{570E4BCF-70F7-4B06-97C7-E9639F350646}.Release|iPhoneSimulator.ActiveCfg = Release|iPhoneSimulator
		{570E4BCF-70F7-4B06-97C7-E9639F350646}.Release|iPhoneSimulator.Build.0 = Release|iPhoneSimulator
		{570E4BCF-70F7-4B06-97C7-E9639F350646}.Release|iPhoneSimulator.Deploy.0 = Release|iPhoneSimulator
		{570E4BCF-70F7-4B06-97C7-E9639F350646}.Release|x64.ActiveCfg = Release|iPhone
		{570E4BCF-70F7-4B06-97C7-E9639F350646}.Release|x64.Build.0 = Release|iPhone
		{570E4BCF-70F7-4B06-97C7-E9639F350646}.Release|x64.Deploy.0 = Release|iPhone
		{570E4BCF-70F7-4B06-97C7-E9639F350646}.Release|x86.ActiveCfg = Release|iPhone
		{570E4BCF-70F7-4B06-97C7-E9639F350646}.Release|x86.Build.0 = Release|iPhone
		{570E4BCF-70F7-4B06-97C7-E9639F350646}.Release|x86.Deploy.0 = Release|iPhone
		{D1879E33-B071-404C-86C3-6519687C368D}.Ad-Hoc|Any CPU.ActiveCfg = Release|x86
		{D1879E33-B071-404C-86C3-6519687C368D}.Ad-Hoc|Any CPU.Build.0 = Release|x86
		{D1879E33-B071-404C-86C3-6519687C368D}.Ad-Hoc|Any CPU.Deploy.0 = Release|x86
		{D1879E33-B071-404C-86C3-6519687C368D}.Ad-Hoc|ARM.ActiveCfg = Release|ARM
		{D1879E33-B071-404C-86C3-6519687C368D}.Ad-Hoc|ARM.Build.0 = Release|ARM
		{D1879E33-B071-404C-86C3-6519687C368D}.Ad-Hoc|ARM.Deploy.0 = Release|ARM
		{D1879E33-B071-404C-86C3-6519687C368D}.Ad-Hoc|iPhone.ActiveCfg = Release|x86
		{D1879E33-B071-404C-86C3-6519687C368D}.Ad-Hoc|iPhone.Build.0 = Release|x86
		{D1879E33-B071-404C-86C3-6519687C368D}.Ad-Hoc|iPhone.Deploy.0 = Release|x86
		{D1879E33-B071-404C-86C3-6519687C368D}.Ad-Hoc|iPhoneSimulator.ActiveCfg = Release|x86
		{D1879E33-B071-404C-86C3-6519687C368D}.Ad-Hoc|iPhoneSimulator.Build.0 = Release|x86
		{D1879E33-B071-404C-86C3-6519687C368D}.Ad-Hoc|iPhoneSimulator.Deploy.0 = Release|x86
		{D1879E33-B071-404C-86C3-6519687C368D}.Ad-Hoc|x64.ActiveCfg = Release|x64
		{D1879E33-B071-404C-86C3-6519687C368D}.Ad-Hoc|x64.Build.0 = Release|x64
		{D1879E33-B071-404C-86C3-6519687C368D}.Ad-Hoc|x64.Deploy.0 = Release|x64
		{D1879E33-B071-404C-86C3-6519687C368D}.Ad-Hoc|x86.ActiveCfg = Release|x86
		{D1879E33-B071-404C-86C3-6519687C368D}.Ad-Hoc|x86.Build.0 = Release|x86
		{D1879E33-B071-404C-86C3-6519687C368D}.Ad-Hoc|x86.Deploy.0 = Release|x86
		{D1879E33-B071-404C-86C3-6519687C368D}.AppStore|Any CPU.ActiveCfg = Release|x86
		{D1879E33-B071-404C-86C3-6519687C368D}.AppStore|Any CPU.Build.0 = Release|x86
		{D1879E33-B071-404C-86C3-6519687C368D}.AppStore|Any CPU.Deploy.0 = Release|x86
		{D1879E33-B071-404C-86C3-6519687C368D}.AppStore|ARM.ActiveCfg = Release|ARM
		{D1879E33-B071-404C-86C3-6519687C368D}.AppStore|ARM.Build.0 = Release|ARM
		{D1879E33-B071-404C-86C3-6519687C368D}.AppStore|ARM.Deploy.0 = Release|ARM
		{D1879E33-B071-404C-86C3-6519687C368D}.AppStore|iPhone.ActiveCfg = Release|x86
		{D1879E33-B071-404C-86C3-6519687C368D}.AppStore|iPhone.Build.0 = Release|x86
		{D1879E33-B071-404C-86C3-6519687C368D}.AppStore|iPhone.Deploy.0 = Release|x86
		{D1879E33-B071-404C-86C3-6519687C368D}.AppStore|iPhoneSimulator.ActiveCfg = Release|x86
		{D1879E33-B071-404C-86C3-6519687C368D}.AppStore|iPhoneSimulator.Build.0 = Release|x86
		{D1879E33-B071-404C-86C3-6519687C368D}.AppStore|iPhoneSimulator.Deploy.0 = Release|x86
		{D1879E33-B071-404C-86C3-6519687C368D}.AppStore|x64.ActiveCfg = Release|x64
		{D1879E33-B071-404C-86C3-6519687C368D}.AppStore|x64.Build.0 = Release|x64
		{D1879E33-B071-404C-86C3-6519687C368D}.AppStore|x64.Deploy.0 = Release|x64
		{D1879E33-B071-404C-86C3-6519687C368D}.AppStore|x86.ActiveCfg = Release|x86
		{D1879E33-B071-404C-86C3-6519687C368D}.AppStore|x86.Build.0 = Release|x86
		{D1879E33-B071-404C-86C3-6519687C368D}.AppStore|x86.Deploy.0 = Release|x86
		{D1879E33-B071-404C-86C3-6519687C368D}.Debug|Any CPU.ActiveCfg = Debug|x86
		{D1879E33-B071-404C-86C3-6519687C368D}.Debug|Any CPU.Build.0 = Debug|x86
		{D1879E33-B071-404C-86C3-6519687C368D}.Debug|Any CPU.Deploy.0 = Debug|x86
		{D1879E33-B071-404C-86C3-6519687C368D}.Debug|ARM.ActiveCfg = Debug|ARM
		{D1879E33-B071-404C-86C3-6519687C368D}.Debug|ARM.Build.0 = Debug|ARM
		{D1879E33-B071-404C-86C3-6519687C368D}.Debug|ARM.Deploy.0 = Debug|ARM
		{D1879E33-B071-404C-86C3-6519687C368D}.Debug|iPhone.ActiveCfg = Debug|x86
		{D1879E33-B071-404C-86C3-6519687C368D}.Debug|iPhone.Build.0 = Debug|x86
		{D1879E33-B071-404C-86C3-6519687C368D}.Debug|iPhone.Deploy.0 = Debug|x86
		{D1879E33-B071-404C-86C3-6519687C368D}.Debug|iPhoneSimulator.ActiveCfg = Debug|x86
		{D1879E33-B071-404C-86C3-6519687C368D}.Debug|iPhoneSimulator.Build.0 = Debug|x86
		{D1879E33-B071-404C-86C3-6519687C368D}.Debug|iPhoneSimulator.Deploy.0 = Debug|x86
		{D1879E33-B071-404C-86C3-6519687C368D}.Debug|x64.ActiveCfg = Debug|x64
		{D1879E33-B071-404C-86C3-6519687C368D}.Debug|x64.Build.0 = Debug|x64
		{D1879E33-B071-404C-86C3-6519687C368D}.Debug|x64.Deploy.0 = Debug|x64
		{D1879E33-B071-404C-86C3-6519687C368D}.Debug|x86.ActiveCfg = Debug|x86
		{D1879E33-B071-404C-86C3-6519687C368D}.Debug|x86.Build.0 = Debug|x86
		{D1879E33-B071-404C-86C3-6519687C368D}.Debug|x86.Deploy.0 = Debug|x86
		{D1879E33-B071-404C-86C3-6519687C368D}.Release|Any CPU.ActiveCfg = Release|x86
		{D1879E33-B071-404C-86C3-6519687C368D}.Release|Any CPU.Build.0 = Release|x86
		{D1879E33-B071-404C-86C3-6519687C368D}.Release|Any CPU.Deploy.0 = Release|x86
		{D1879E33-B071-404C-86C3-6519687C368D}.Release|ARM.ActiveCfg = Release|ARM
		{D1879E33-B071-404C-86C3-6519687C368D}.Release|ARM.Build.0 = Release|ARM
		{D1879E33-B071-404C-86C3-6519687C368D}.Release|ARM.Deploy.0 = Release|ARM
		{D1879E33-B071-404C-86C3-6519687C368D}.Release|iPhone.ActiveCfg = Release|x86
		{D1879E33-B071-404C-86C3-6519687C368D}.Release|iPhone.Build.0 = Release|x86
		{D1879E33-B071-404C-86C3-6519687C368D}.Release|iPhone.Deploy.0 = Release|x86
		{D1879E33-B071-404C-86C3-6519687C368D}.Release|iPhoneSimulator.ActiveCfg = Release|x86
		{D1879E33-B071-404C-86C3-6519687C368D}.Release|iPhoneSimulator.Build.0 = Release|x86
		{D1879E33-B071-404C-86C3-6519687C368D}.Release|iPhoneSimulator.Deploy.0 = Release|x86
		{D1879E33-B071-404C-86C3-6519687C368D}.Release|x64.ActiveCfg = Release|x64
		{D1879E33-B071-404C-86C3-6519687C368D}.Release|x64.Build.0 = Release|x64
		{D1879E33-B071-404C-86C3-6519687C368D}.Release|x64.Deploy.0 = Release|x64
		{D1879E33-B071-404C-86C3-6519687C368D}.Release|x86.ActiveCfg = Release|x86
		{D1879E33-B071-404C-86C3-6519687C368D}.Release|x86.Build.0 = Release|x86
		{D1879E33-B071-404C-86C3-6519687C368D}.Release|x86.Deploy.0 = Release|x86
		{6D4A9B3D-67CB-4B3C-9E87-C208ACD81945}.Ad-Hoc|Any CPU.ActiveCfg = Debug|Any CPU
		{6D4A9B3D-67CB-4B3C-9E87-C208ACD81945}.Ad-Hoc|Any CPU.Build.0 = Debug|Any CPU
		{6D4A9B3D-67CB-4B3C-9E87-C208ACD81945}.Ad-Hoc|Any CPU.Deploy.0 = Debug|Any CPU
		{6D4A9B3D-67CB-4B3C-9E87-C208ACD81945}.Ad-Hoc|ARM.ActiveCfg = Debug|Any CPU
		{6D4A9B3D-67CB-4B3C-9E87-C208ACD81945}.Ad-Hoc|ARM.Build.0 = Debug|Any CPU
		{6D4A9B3D-67CB-4B3C-9E87-C208ACD81945}.Ad-Hoc|ARM.Deploy.0 = Debug|Any CPU
		{6D4A9B3D-67CB-4B3C-9E87-C208ACD81945}.Ad-Hoc|iPhone.ActiveCfg = Debug|Any CPU
		{6D4A9B3D-67CB-4B3C-9E87-C208ACD81945}.Ad-Hoc|iPhone.Build.0 = Debug|Any CPU
		{6D4A9B3D-67CB-4B3C-9E87-C208ACD81945}.Ad-Hoc|iPhone.Deploy.0 = Debug|Any CPU
		{6D4A9B3D-67CB-4B3C-9E87-C208ACD81945}.Ad-Hoc|iPhoneSimulator.ActiveCfg = Debug|Any CPU
		{6D4A9B3D-67CB-4B3C-9E87-C208ACD81945}.Ad-Hoc|iPhoneSimulator.Build.0 = Debug|Any CPU
		{6D4A9B3D-67CB-4B3C-9E87-C208ACD81945}.Ad-Hoc|iPhoneSimulator.Deploy.0 = Debug|Any CPU
		{6D4A9B3D-67CB-4B3C-9E87-C208ACD81945}.Ad-Hoc|x64.ActiveCfg = Debug|Any CPU
		{6D4A9B3D-67CB-4B3C-9E87-C208ACD81945}.Ad-Hoc|x64.Build.0 = Debug|Any CPU
		{6D4A9B3D-67CB-4B3C-9E87-C208ACD81945}.Ad-Hoc|x64.Deploy.0 = Debug|Any CPU
		{6D4A9B3D-67CB-4B3C-9E87-C208ACD81945}.Ad-Hoc|x86.ActiveCfg = Debug|Any CPU
		{6D4A9B3D-67CB-4B3C-9E87-C208ACD81945}.Ad-Hoc|x86.Build.0 = Debug|Any CPU
		{6D4A9B3D-67CB-4B3C-9E87-C208ACD81945}.Ad-Hoc|x86.Deploy.0 = Debug|Any CPU
		{6D4A9B3D-67CB-4B3C-9E87-C208ACD81945}.AppStore|Any CPU.ActiveCfg = Debug|Any CPU
		{6D4A9B3D-67CB-4B3C-9E87-C208ACD81945}.AppStore|Any CPU.Build.0 = Debug|Any CPU
		{6D4A9B3D-67CB-4B3C-9E87-C208ACD81945}.AppStore|Any CPU.Deploy.0 = Debug|Any CPU
		{6D4A9B3D-67CB-4B3C-9E87-C208ACD81945}.AppStore|ARM.ActiveCfg = Debug|Any CPU
		{6D4A9B3D-67CB-4B3C-9E87-C208ACD81945}.AppStore|ARM.Build.0 = Debug|Any CPU
		{6D4A9B3D-67CB-4B3C-9E87-C208ACD81945}.AppStore|ARM.Deploy.0 = Debug|Any CPU
		{6D4A9B3D-67CB-4B3C-9E87-C208ACD81945}.AppStore|iPhone.ActiveCfg = Debug|Any CPU
		{6D4A9B3D-67CB-4B3C-9E87-C208ACD81945}.AppStore|iPhone.Build.0 = Debug|Any CPU
		{6D4A9B3D-67CB-4B3C-9E87-C208ACD81945}.AppStore|iPhone.Deploy.0 = Debug|Any CPU
		{6D4A9B3D-67CB-4B3C-9E87-C208ACD81945}.AppStore|iPhoneSimulator.ActiveCfg = Debug|Any CPU
		{6D4A9B3D-67CB-4B3C-9E87-C208ACD81945}.AppStore|iPhoneSimulator.Build.0 = Debug|Any CPU
		{6D4A9B3D-67CB-4B3C-9E87-C208ACD81945}.AppStore|iPhoneSimulator.Deploy.0 = Debug|Any CPU
		{6D4A9B3D-67CB-4B3C-9E87-C208ACD81945}.AppStore|x64.ActiveCfg = Debug|Any CPU
		{6D4A9B3D-67CB-4B3C-9E87-C208ACD81945}.AppStore|x64.Build.0 = Debug|Any CPU
		{6D4A9B3D-67CB-4B3C-9E87-C208ACD81945}.AppStore|x64.Deploy.0 = Debug|Any CPU
		{6D4A9B3D-67CB-4B3C-9E87-C208ACD81945}.AppStore|x86.ActiveCfg = Debug|Any CPU
		{6D4A9B3D-67CB-4B3C-9E87-C208ACD81945}.AppStore|x86.Build.0 = Debug|Any CPU
		{6D4A9B3D-67CB-4B3C-9E87-C208ACD81945}.AppStore|x86.Deploy.0 = Debug|Any CPU
		{6D4A9B3D-67CB-4B3C-9E87-C208ACD81945}.Debug|Any CPU.ActiveCfg = Debug|Any CPU
		{6D4A9B3D-67CB-4B3C-9E87-C208ACD81945}.Debug|Any CPU.Build.0 = Debug|Any CPU
		{6D4A9B3D-67CB-4B3C-9E87-C208ACD81945}.Debug|Any CPU.Deploy.0 = Debug|Any CPU
		{6D4A9B3D-67CB-4B3C-9E87-C208ACD81945}.Debug|ARM.ActiveCfg = Debug|Any CPU
		{6D4A9B3D-67CB-4B3C-9E87-C208ACD81945}.Debug|ARM.Build.0 = Debug|Any CPU
		{6D4A9B3D-67CB-4B3C-9E87-C208ACD81945}.Debug|ARM.Deploy.0 = Debug|Any CPU
		{6D4A9B3D-67CB-4B3C-9E87-C208ACD81945}.Debug|iPhone.ActiveCfg = Debug|Any CPU
		{6D4A9B3D-67CB-4B3C-9E87-C208ACD81945}.Debug|iPhone.Build.0 = Debug|Any CPU
		{6D4A9B3D-67CB-4B3C-9E87-C208ACD81945}.Debug|iPhone.Deploy.0 = Debug|Any CPU
		{6D4A9B3D-67CB-4B3C-9E87-C208ACD81945}.Debug|iPhoneSimulator.ActiveCfg = Debug|Any CPU
		{6D4A9B3D-67CB-4B3C-9E87-C208ACD81945}.Debug|iPhoneSimulator.Build.0 = Debug|Any CPU
		{6D4A9B3D-67CB-4B3C-9E87-C208ACD81945}.Debug|iPhoneSimulator.Deploy.0 = Debug|Any CPU
		{6D4A9B3D-67CB-4B3C-9E87-C208ACD81945}.Debug|x64.ActiveCfg = Debug|Any CPU
		{6D4A9B3D-67CB-4B3C-9E87-C208ACD81945}.Debug|x64.Build.0 = Debug|Any CPU
		{6D4A9B3D-67CB-4B3C-9E87-C208ACD81945}.Debug|x64.Deploy.0 = Debug|Any CPU
		{6D4A9B3D-67CB-4B3C-9E87-C208ACD81945}.Debug|x86.ActiveCfg = Debug|Any CPU
		{6D4A9B3D-67CB-4B3C-9E87-C208ACD81945}.Debug|x86.Build.0 = Debug|Any CPU
		{6D4A9B3D-67CB-4B3C-9E87-C208ACD81945}.Debug|x86.Deploy.0 = Debug|Any CPU
		{6D4A9B3D-67CB-4B3C-9E87-C208ACD81945}.Release|Any CPU.ActiveCfg = Release|Any CPU
		{6D4A9B3D-67CB-4B3C-9E87-C208ACD81945}.Release|Any CPU.Build.0 = Release|Any CPU
		{6D4A9B3D-67CB-4B3C-9E87-C208ACD81945}.Release|Any CPU.Deploy.0 = Release|Any CPU
		{6D4A9B3D-67CB-4B3C-9E87-C208ACD81945}.Release|ARM.ActiveCfg = Release|Any CPU
		{6D4A9B3D-67CB-4B3C-9E87-C208ACD81945}.Release|ARM.Build.0 = Release|Any CPU
		{6D4A9B3D-67CB-4B3C-9E87-C208ACD81945}.Release|ARM.Deploy.0 = Release|Any CPU
		{6D4A9B3D-67CB-4B3C-9E87-C208ACD81945}.Release|iPhone.ActiveCfg = Release|Any CPU
		{6D4A9B3D-67CB-4B3C-9E87-C208ACD81945}.Release|iPhone.Build.0 = Release|Any CPU
		{6D4A9B3D-67CB-4B3C-9E87-C208ACD81945}.Release|iPhone.Deploy.0 = Release|Any CPU
		{6D4A9B3D-67CB-4B3C-9E87-C208ACD81945}.Release|iPhoneSimulator.ActiveCfg = Release|Any CPU
		{6D4A9B3D-67CB-4B3C-9E87-C208ACD81945}.Release|iPhoneSimulator.Build.0 = Release|Any CPU
		{6D4A9B3D-67CB-4B3C-9E87-C208ACD81945}.Release|iPhoneSimulator.Deploy.0 = Release|Any CPU
		{6D4A9B3D-67CB-4B3C-9E87-C208ACD81945}.Release|x64.ActiveCfg = Release|Any CPU
		{6D4A9B3D-67CB-4B3C-9E87-C208ACD81945}.Release|x64.Build.0 = Release|Any CPU
		{6D4A9B3D-67CB-4B3C-9E87-C208ACD81945}.Release|x64.Deploy.0 = Release|Any CPU
		{6D4A9B3D-67CB-4B3C-9E87-C208ACD81945}.Release|x86.ActiveCfg = Release|Any CPU
		{6D4A9B3D-67CB-4B3C-9E87-C208ACD81945}.Release|x86.Build.0 = Release|Any CPU
		{6D4A9B3D-67CB-4B3C-9E87-C208ACD81945}.Release|x86.Deploy.0 = Release|Any CPU
	EndGlobalSection
	GlobalSection(SolutionProperties) = preSolution
		HideSolutionNode = FALSE
	EndGlobalSection
	GlobalSection(ExtensibilityGlobals) = postSolution
		SolutionGuid = {6C60ACC5-A86C-4A4B-B06A-191870D98971}
	EndGlobalSection
EndGlobal
