
Microsoft Visual Studio Solution File, Format Version 12.00
# Visual Studio 15
VisualStudioVersion = 15.0.28307.136
MinimumVisualStudioVersion = 10.0.40219.1
Project("{FAE04EC0-301F-11D3-BF4B-00C04F79EFBC}") = "AppCinemix.Android", "AppCinemix\AppCinemix.Android\AppCinemix.Android.csproj", "{815DD942-DDB0-4C58-B889-D0E7B9A1273E}"
EndProject
Project("{FAE04EC0-301F-11D3-BF4B-00C04F79EFBC}") = "AppCinemix.iOS", "AppCinemix\AppCinemix.iOS\AppCinemix.iOS.csproj", "{4835EC63-157C-4AE5-A137-6175CB746E53}"
EndProject
Project("{FAE04EC0-301F-11D3-BF4B-00C04F79EFBC}") = "AppCinemix.UWP", "AppCinemix\AppCinemix.UWP\AppCinemix.UWP.csproj", "{9145BAB3-AF51-466A-81CB-852220C12EC2}"
EndProject
Project("{FAE04EC0-301F-11D3-BF4B-00C04F79EFBC}") = "AppCinemix", "AppCinemix\AppCinemix\AppCinemix.csproj", "{6D22A1F2-56DB-4698-9876-E6D72344FE6B}"
EndProject
Global
	GlobalSection(SolutionConfigurationPlatforms) = preSolution
		Ad-Hoc|Any CPU = Ad-Hoc|Any CPU
		Ad-Hoc|ARM = Ad-Hoc|ARM
		Ad-Hoc|iPhone = Ad-Hoc|iPhone
		Ad-Hoc|iPhoneSimulator = Ad-Hoc|iPhoneSimulator
		Ad-Hoc|x64 = Ad-Hoc|x64
		Ad-Hoc|x86 = Ad-Hoc|x86
		AppStore|Any CPU = AppStore|Any CPU
		AppStore|ARM = AppStore|ARM
		AppStore|iPhone = AppStore|iPhone
		AppStore|iPhoneSimulator = AppStore|iPhoneSimulator
		AppStore|x64 = AppStore|x64
		AppStore|x86 = AppStore|x86
		Debug|Any CPU = Debug|Any CPU
		Debug|ARM = Debug|ARM
		Debug|iPhone = Debug|iPhone
		Debug|iPhoneSimulator = Debug|iPhoneSimulator
		Debug|x64 = Debug|x64
		Debug|x86 = Debug|x86
		Release|Any CPU = Release|Any CPU
		Release|ARM = Release|ARM
		Release|iPhone = Release|iPhone
		Release|iPhoneSimulator = Release|iPhoneSimulator
		Release|x64 = Release|x64
		Release|x86 = Release|x86
	EndGlobalSection
	GlobalSection(ProjectConfigurationPlatforms) = postSolution
		{815DD942-DDB0-4C58-B889-D0E7B9A1273E}.Ad-Hoc|Any CPU.ActiveCfg = Release|Any CPU
		{815DD942-DDB0-4C58-B889-D0E7B9A1273E}.Ad-Hoc|Any CPU.Build.0 = Release|Any CPU
		{815DD942-DDB0-4C58-B889-D0E7B9A1273E}.Ad-Hoc|Any CPU.Deploy.0 = Release|Any CPU
		{815DD942-DDB0-4C58-B889-D0E7B9A1273E}.Ad-Hoc|ARM.ActiveCfg = Release|Any CPU
		{815DD942-DDB0-4C58-B889-D0E7B9A1273E}.Ad-Hoc|ARM.Build.0 = Release|Any CPU
		{815DD942-DDB0-4C58-B889-D0E7B9A1273E}.Ad-Hoc|ARM.Deploy.0 = Release|Any CPU
		{815DD942-DDB0-4C58-B889-D0E7B9A1273E}.Ad-Hoc|iPhone.ActiveCfg = Release|Any CPU
		{815DD942-DDB0-4C58-B889-D0E7B9A1273E}.Ad-Hoc|iPhone.Build.0 = Release|Any CPU
		{815DD942-DDB0-4C58-B889-D0E7B9A1273E}.Ad-Hoc|iPhone.Deploy.0 = Release|Any CPU
		{815DD942-DDB0-4C58-B889-D0E7B9A1273E}.Ad-Hoc|iPhoneSimulator.ActiveCfg = Release|Any CPU
		{815DD942-DDB0-4C58-B889-D0E7B9A1273E}.Ad-Hoc|iPhoneSimulator.Build.0 = Release|Any CPU
		{815DD942-DDB0-4C58-B889-D0E7B9A1273E}.Ad-Hoc|iPhoneSimulator.Deploy.0 = Release|Any CPU
		{815DD942-DDB0-4C58-B889-D0E7B9A1273E}.Ad-Hoc|x64.ActiveCfg = Release|Any CPU
		{815DD942-DDB0-4C58-B889-D0E7B9A1273E}.Ad-Hoc|x64.Build.0 = Release|Any CPU
		{815DD942-DDB0-4C58-B889-D0E7B9A1273E}.Ad-Hoc|x64.Deploy.0 = Release|Any CPU
		{815DD942-DDB0-4C58-B889-D0E7B9A1273E}.Ad-Hoc|x86.ActiveCfg = Release|Any CPU
		{815DD942-DDB0-4C58-B889-D0E7B9A1273E}.Ad-Hoc|x86.Build.0 = Release|Any CPU
		{815DD942-DDB0-4C58-B889-D0E7B9A1273E}.Ad-Hoc|x86.Deploy.0 = Release|Any CPU
		{815DD942-DDB0-4C58-B889-D0E7B9A1273E}.AppStore|Any CPU.ActiveCfg = Release|Any CPU
		{815DD942-DDB0-4C58-B889-D0E7B9A1273E}.AppStore|Any CPU.Build.0 = Release|Any CPU
		{815DD942-DDB0-4C58-B889-D0E7B9A1273E}.AppStore|Any CPU.Deploy.0 = Release|Any CPU
		{815DD942-DDB0-4C58-B889-D0E7B9A1273E}.AppStore|ARM.ActiveCfg = Release|Any CPU
		{815DD942-DDB0-4C58-B889-D0E7B9A1273E}.AppStore|ARM.Build.0 = Release|Any CPU
		{815DD942-DDB0-4C58-B889-D0E7B9A1273E}.AppStore|ARM.Deploy.0 = Release|Any CPU
		{815DD942-DDB0-4C58-B889-D0E7B9A1273E}.AppStore|iPhone.ActiveCfg = Release|Any CPU
		{815DD942-DDB0-4C58-B889-D0E7B9A1273E}.AppStore|iPhone.Build.0 = Release|Any CPU
		{815DD942-DDB0-4C58-B889-D0E7B9A1273E}.AppStore|iPhone.Deploy.0 = Release|Any CPU
		{815DD942-DDB0-4C58-B889-D0E7B9A1273E}.AppStore|iPhoneSimulator.ActiveCfg = Release|Any CPU
		{815DD942-DDB0-4C58-B889-D0E7B9A1273E}.AppStore|iPhoneSimulator.Build.0 = Release|Any CPU
		{815DD942-DDB0-4C58-B889-D0E7B9A1273E}.AppStore|iPhoneSimulator.Deploy.0 = Release|Any CPU
		{815DD942-DDB0-4C58-B889-D0E7B9A1273E}.AppStore|x64.ActiveCfg = Release|Any CPU
		{815DD942-DDB0-4C58-B889-D0E7B9A1273E}.AppStore|x64.Build.0 = Release|Any CPU
		{815DD942-DDB0-4C58-B889-D0E7B9A1273E}.AppStore|x64.Deploy.0 = Release|Any CPU
		{815DD942-DDB0-4C58-B889-D0E7B9A1273E}.AppStore|x86.ActiveCfg = Release|Any CPU
		{815DD942-DDB0-4C58-B889-D0E7B9A1273E}.AppStore|x86.Build.0 = Release|Any CPU
		{815DD942-DDB0-4C58-B889-D0E7B9A1273E}.AppStore|x86.Deploy.0 = Release|Any CPU
		{815DD942-DDB0-4C58-B889-D0E7B9A1273E}.Debug|Any CPU.ActiveCfg = Debug|Any CPU
		{815DD942-DDB0-4C58-B889-D0E7B9A1273E}.Debug|Any CPU.Build.0 = Debug|Any CPU
		{815DD942-DDB0-4C58-B889-D0E7B9A1273E}.Debug|Any CPU.Deploy.0 = Debug|Any CPU
		{815DD942-DDB0-4C58-B889-D0E7B9A1273E}.Debug|ARM.ActiveCfg = Debug|Any CPU
		{815DD942-DDB0-4C58-B889-D0E7B9A1273E}.Debug|ARM.Build.0 = Debug|Any CPU
		{815DD942-DDB0-4C58-B889-D0E7B9A1273E}.Debug|ARM.Deploy.0 = Debug|Any CPU
		{815DD942-DDB0-4C58-B889-D0E7B9A1273E}.Debug|iPhone.ActiveCfg = Debug|Any CPU
		{815DD942-DDB0-4C58-B889-D0E7B9A1273E}.Debug|iPhone.Build.0 = Debug|Any CPU
		{815DD942-DDB0-4C58-B889-D0E7B9A1273E}.Debug|iPhone.Deploy.0 = Debug|Any CPU
		{815DD942-DDB0-4C58-B889-D0E7B9A1273E}.Debug|iPhoneSimulator.ActiveCfg = Debug|Any CPU
		{815DD942-DDB0-4C58-B889-D0E7B9A1273E}.Debug|iPhoneSimulator.Build.0 = Debug|Any CPU
		{815DD942-DDB0-4C58-B889-D0E7B9A1273E}.Debug|iPhoneSimulator.Deploy.0 = Debug|Any CPU
		{815DD942-DDB0-4C58-B889-D0E7B9A1273E}.Debug|x64.ActiveCfg = Debug|Any CPU
		{815DD942-DDB0-4C58-B889-D0E7B9A1273E}.Debug|x64.Build.0 = Debug|Any CPU
		{815DD942-DDB0-4C58-B889-D0E7B9A1273E}.Debug|x64.Deploy.0 = Debug|Any CPU
		{815DD942-DDB0-4C58-B889-D0E7B9A1273E}.Debug|x86.ActiveCfg = Debug|Any CPU
		{815DD942-DDB0-4C58-B889-D0E7B9A1273E}.Debug|x86.Build.0 = Debug|Any CPU
		{815DD942-DDB0-4C58-B889-D0E7B9A1273E}.Debug|x86.Deploy.0 = Debug|Any CPU
		{815DD942-DDB0-4C58-B889-D0E7B9A1273E}.Release|Any CPU.ActiveCfg = Release|Any CPU
		{815DD942-DDB0-4C58-B889-D0E7B9A1273E}.Release|Any CPU.Build.0 = Release|Any CPU
		{815DD942-DDB0-4C58-B889-D0E7B9A1273E}.Release|Any CPU.Deploy.0 = Release|Any CPU
		{815DD942-DDB0-4C58-B889-D0E7B9A1273E}.Release|ARM.ActiveCfg = Release|Any CPU
		{815DD942-DDB0-4C58-B889-D0E7B9A1273E}.Release|ARM.Build.0 = Release|Any CPU
		{815DD942-DDB0-4C58-B889-D0E7B9A1273E}.Release|ARM.Deploy.0 = Release|Any CPU
		{815DD942-DDB0-4C58-B889-D0E7B9A1273E}.Release|iPhone.ActiveCfg = Release|Any CPU
		{815DD942-DDB0-4C58-B889-D0E7B9A1273E}.Release|iPhone.Build.0 = Release|Any CPU
		{815DD942-DDB0-4C58-B889-D0E7B9A1273E}.Release|iPhone.Deploy.0 = Release|Any CPU
		{815DD942-DDB0-4C58-B889-D0E7B9A1273E}.Release|iPhoneSimulator.ActiveCfg = Release|Any CPU
		{815DD942-DDB0-4C58-B889-D0E7B9A1273E}.Release|iPhoneSimulator.Build.0 = Release|Any CPU
		{815DD942-DDB0-4C58-B889-D0E7B9A1273E}.Release|iPhoneSimulator.Deploy.0 = Release|Any CPU
		{815DD942-DDB0-4C58-B889-D0E7B9A1273E}.Release|x64.ActiveCfg = Release|Any CPU
		{815DD942-DDB0-4C58-B889-D0E7B9A1273E}.Release|x64.Build.0 = Release|Any CPU
		{815DD942-DDB0-4C58-B889-D0E7B9A1273E}.Release|x64.Deploy.0 = Release|Any CPU
		{815DD942-DDB0-4C58-B889-D0E7B9A1273E}.Release|x86.ActiveCfg = Release|Any CPU
		{815DD942-DDB0-4C58-B889-D0E7B9A1273E}.Release|x86.Build.0 = Release|Any CPU
		{815DD942-DDB0-4C58-B889-D0E7B9A1273E}.Release|x86.Deploy.0 = Release|Any CPU
		{4835EC63-157C-4AE5-A137-6175CB746E53}.Ad-Hoc|Any CPU.ActiveCfg = Ad-Hoc|iPhone
		{4835EC63-157C-4AE5-A137-6175CB746E53}.Ad-Hoc|Any CPU.Build.0 = Ad-Hoc|iPhone
		{4835EC63-157C-4AE5-A137-6175CB746E53}.Ad-Hoc|Any CPU.Deploy.0 = Ad-Hoc|iPhone
		{4835EC63-157C-4AE5-A137-6175CB746E53}.Ad-Hoc|ARM.ActiveCfg = Ad-Hoc|iPhone
		{4835EC63-157C-4AE5-A137-6175CB746E53}.Ad-Hoc|ARM.Build.0 = Ad-Hoc|iPhone
		{4835EC63-157C-4AE5-A137-6175CB746E53}.Ad-Hoc|ARM.Deploy.0 = Ad-Hoc|iPhone
		{4835EC63-157C-4AE5-A137-6175CB746E53}.Ad-Hoc|iPhone.ActiveCfg = Ad-Hoc|iPhone
		{4835EC63-157C-4AE5-A137-6175CB746E53}.Ad-Hoc|iPhone.Build.0 = Ad-Hoc|iPhone
		{4835EC63-157C-4AE5-A137-6175CB746E53}.Ad-Hoc|iPhone.Deploy.0 = Ad-Hoc|iPhone
		{4835EC63-157C-4AE5-A137-6175CB746E53}.Ad-Hoc|iPhoneSimulator.ActiveCfg = Ad-Hoc|iPhoneSimulator
		{4835EC63-157C-4AE5-A137-6175CB746E53}.Ad-Hoc|iPhoneSimulator.Build.0 = Ad-Hoc|iPhoneSimulator
		{4835EC63-157C-4AE5-A137-6175CB746E53}.Ad-Hoc|iPhoneSimulator.Deploy.0 = Ad-Hoc|iPhoneSimulator
		{4835EC63-157C-4AE5-A137-6175CB746E53}.Ad-Hoc|x64.ActiveCfg = Ad-Hoc|iPhone
		{4835EC63-157C-4AE5-A137-6175CB746E53}.Ad-Hoc|x64.Build.0 = Ad-Hoc|iPhone
		{4835EC63-157C-4AE5-A137-6175CB746E53}.Ad-Hoc|x64.Deploy.0 = Ad-Hoc|iPhone
		{4835EC63-157C-4AE5-A137-6175CB746E53}.Ad-Hoc|x86.ActiveCfg = Ad-Hoc|iPhone
		{4835EC63-157C-4AE5-A137-6175CB746E53}.Ad-Hoc|x86.Build.0 = Ad-Hoc|iPhone
		{4835EC63-157C-4AE5-A137-6175CB746E53}.Ad-Hoc|x86.Deploy.0 = Ad-Hoc|iPhone
		{4835EC63-157C-4AE5-A137-6175CB746E53}.AppStore|Any CPU.ActiveCfg = AppStore|iPhone
		{4835EC63-157C-4AE5-A137-6175CB746E53}.AppStore|Any CPU.Build.0 = AppStore|iPhone
		{4835EC63-157C-4AE5-A137-6175CB746E53}.AppStore|Any CPU.Deploy.0 = AppStore|iPhone
		{4835EC63-157C-4AE5-A137-6175CB746E53}.AppStore|ARM.ActiveCfg = AppStore|iPhone
		{4835EC63-157C-4AE5-A137-6175CB746E53}.AppStore|ARM.Build.0 = AppStore|iPhone
		{4835EC63-157C-4AE5-A137-6175CB746E53}.AppStore|ARM.Deploy.0 = AppStore|iPhone
		{4835EC63-157C-4AE5-A137-6175CB746E53}.AppStore|iPhone.ActiveCfg = AppStore|iPhone
		{4835EC63-157C-4AE5-A137-6175CB746E53}.AppStore|iPhone.Build.0 = AppStore|iPhone
		{4835EC63-157C-4AE5-A137-6175CB746E53}.AppStore|iPhone.Deploy.0 = AppStore|iPhone
		{4835EC63-157C-4AE5-A137-6175CB746E53}.AppStore|iPhoneSimulator.ActiveCfg = AppStore|iPhoneSimulator
		{4835EC63-157C-4AE5-A137-6175CB746E53}.AppStore|iPhoneSimulator.Build.0 = AppStore|iPhoneSimulator
		{4835EC63-157C-4AE5-A137-6175CB746E53}.AppStore|iPhoneSimulator.Deploy.0 = AppStore|iPhoneSimulator
		{4835EC63-157C-4AE5-A137-6175CB746E53}.AppStore|x64.ActiveCfg = AppStore|iPhone
		{4835EC63-157C-4AE5-A137-6175CB746E53}.AppStore|x64.Build.0 = AppStore|iPhone
		{4835EC63-157C-4AE5-A137-6175CB746E53}.AppStore|x64.Deploy.0 = AppStore|iPhone
		{4835EC63-157C-4AE5-A137-6175CB746E53}.AppStore|x86.ActiveCfg = AppStore|iPhone
		{4835EC63-157C-4AE5-A137-6175CB746E53}.AppStore|x86.Build.0 = AppStore|iPhone
		{4835EC63-157C-4AE5-A137-6175CB746E53}.AppStore|x86.Deploy.0 = AppStore|iPhone
		{4835EC63-157C-4AE5-A137-6175CB746E53}.Debug|Any CPU.ActiveCfg = Debug|iPhoneSimulator
		{4835EC63-157C-4AE5-A137-6175CB746E53}.Debug|Any CPU.Build.0 = Debug|iPhoneSimulator
		{4835EC63-157C-4AE5-A137-6175CB746E53}.Debug|Any CPU.Deploy.0 = Debug|iPhoneSimulator
		{4835EC63-157C-4AE5-A137-6175CB746E53}.Debug|ARM.ActiveCfg = Debug|iPhone
		{4835EC63-157C-4AE5-A137-6175CB746E53}.Debug|ARM.Build.0 = Debug|iPhone
		{4835EC63-157C-4AE5-A137-6175CB746E53}.Debug|ARM.Deploy.0 = Debug|iPhone
		{4835EC63-157C-4AE5-A137-6175CB746E53}.Debug|iPhone.ActiveCfg = Debug|iPhone
		{4835EC63-157C-4AE5-A137-6175CB746E53}.Debug|iPhone.Build.0 = Debug|iPhone
		{4835EC63-157C-4AE5-A137-6175CB746E53}.Debug|iPhone.Deploy.0 = Debug|iPhone
		{4835EC63-157C-4AE5-A137-6175CB746E53}.Debug|iPhoneSimulator.ActiveCfg = Debug|iPhoneSimulator
		{4835EC63-157C-4AE5-A137-6175CB746E53}.Debug|iPhoneSimulator.Build.0 = Debug|iPhoneSimulator
		{4835EC63-157C-4AE5-A137-6175CB746E53}.Debug|iPhoneSimulator.Deploy.0 = Debug|iPhoneSimulator
		{4835EC63-157C-4AE5-A137-6175CB746E53}.Debug|x64.ActiveCfg = Debug|iPhone
		{4835EC63-157C-4AE5-A137-6175CB746E53}.Debug|x64.Build.0 = Debug|iPhone
		{4835EC63-157C-4AE5-A137-6175CB746E53}.Debug|x64.Deploy.0 = Debug|iPhone
		{4835EC63-157C-4AE5-A137-6175CB746E53}.Debug|x86.ActiveCfg = Debug|iPhone
		{4835EC63-157C-4AE5-A137-6175CB746E53}.Debug|x86.Build.0 = Debug|iPhone
		{4835EC63-157C-4AE5-A137-6175CB746E53}.Debug|x86.Deploy.0 = Debug|iPhone
		{4835EC63-157C-4AE5-A137-6175CB746E53}.Release|Any CPU.ActiveCfg = Release|iPhone
		{4835EC63-157C-4AE5-A137-6175CB746E53}.Release|Any CPU.Build.0 = Release|iPhone
		{4835EC63-157C-4AE5-A137-6175CB746E53}.Release|Any CPU.Deploy.0 = Release|iPhone
		{4835EC63-157C-4AE5-A137-6175CB746E53}.Release|ARM.ActiveCfg = Release|iPhone
		{4835EC63-157C-4AE5-A137-6175CB746E53}.Release|ARM.Build.0 = Release|iPhone
		{4835EC63-157C-4AE5-A137-6175CB746E53}.Release|ARM.Deploy.0 = Release|iPhone
		{4835EC63-157C-4AE5-A137-6175CB746E53}.Release|iPhone.ActiveCfg = Release|iPhone
		{4835EC63-157C-4AE5-A137-6175CB746E53}.Release|iPhone.Build.0 = Release|iPhone
		{4835EC63-157C-4AE5-A137-6175CB746E53}.Release|iPhone.Deploy.0 = Release|iPhone
		{4835EC63-157C-4AE5-A137-6175CB746E53}.Release|iPhoneSimulator.ActiveCfg = Release|iPhoneSimulator
		{4835EC63-157C-4AE5-A137-6175CB746E53}.Release|iPhoneSimulator.Build.0 = Release|iPhoneSimulator
		{4835EC63-157C-4AE5-A137-6175CB746E53}.Release|iPhoneSimulator.Deploy.0 = Release|iPhoneSimulator
		{4835EC63-157C-4AE5-A137-6175CB746E53}.Release|x64.ActiveCfg = Release|iPhone
		{4835EC63-157C-4AE5-A137-6175CB746E53}.Release|x64.Build.0 = Release|iPhone
		{4835EC63-157C-4AE5-A137-6175CB746E53}.Release|x64.Deploy.0 = Release|iPhone
		{4835EC63-157C-4AE5-A137-6175CB746E53}.Release|x86.ActiveCfg = Release|iPhone
		{4835EC63-157C-4AE5-A137-6175CB746E53}.Release|x86.Build.0 = Release|iPhone
		{4835EC63-157C-4AE5-A137-6175CB746E53}.Release|x86.Deploy.0 = Release|iPhone
		{9145BAB3-AF51-466A-81CB-852220C12EC2}.Ad-Hoc|Any CPU.ActiveCfg = Release|x86
		{9145BAB3-AF51-466A-81CB-852220C12EC2}.Ad-Hoc|Any CPU.Build.0 = Release|x86
		{9145BAB3-AF51-466A-81CB-852220C12EC2}.Ad-Hoc|Any CPU.Deploy.0 = Release|x86
		{9145BAB3-AF51-466A-81CB-852220C12EC2}.Ad-Hoc|ARM.ActiveCfg = Release|ARM
		{9145BAB3-AF51-466A-81CB-852220C12EC2}.Ad-Hoc|ARM.Build.0 = Release|ARM
		{9145BAB3-AF51-466A-81CB-852220C12EC2}.Ad-Hoc|ARM.Deploy.0 = Release|ARM
		{9145BAB3-AF51-466A-81CB-852220C12EC2}.Ad-Hoc|iPhone.ActiveCfg = Release|x86
		{9145BAB3-AF51-466A-81CB-852220C12EC2}.Ad-Hoc|iPhone.Build.0 = Release|x86
		{9145BAB3-AF51-466A-81CB-852220C12EC2}.Ad-Hoc|iPhone.Deploy.0 = Release|x86
		{9145BAB3-AF51-466A-81CB-852220C12EC2}.Ad-Hoc|iPhoneSimulator.ActiveCfg = Release|x86
		{9145BAB3-AF51-466A-81CB-852220C12EC2}.Ad-Hoc|iPhoneSimulator.Build.0 = Release|x86
		{9145BAB3-AF51-466A-81CB-852220C12EC2}.Ad-Hoc|iPhoneSimulator.Deploy.0 = Release|x86
		{9145BAB3-AF51-466A-81CB-852220C12EC2}.Ad-Hoc|x64.ActiveCfg = Release|x64
		{9145BAB3-AF51-466A-81CB-852220C12EC2}.Ad-Hoc|x64.Build.0 = Release|x64
		{9145BAB3-AF51-466A-81CB-852220C12EC2}.Ad-Hoc|x64.Deploy.0 = Release|x64
		{9145BAB3-AF51-466A-81CB-852220C12EC2}.Ad-Hoc|x86.ActiveCfg = Release|x86
		{9145BAB3-AF51-466A-81CB-852220C12EC2}.Ad-Hoc|x86.Build.0 = Release|x86
		{9145BAB3-AF51-466A-81CB-852220C12EC2}.Ad-Hoc|x86.Deploy.0 = Release|x86
		{9145BAB3-AF51-466A-81CB-852220C12EC2}.AppStore|Any CPU.ActiveCfg = Release|x86
		{9145BAB3-AF51-466A-81CB-852220C12EC2}.AppStore|Any CPU.Build.0 = Release|x86
		{9145BAB3-AF51-466A-81CB-852220C12EC2}.AppStore|Any CPU.Deploy.0 = Release|x86
		{9145BAB3-AF51-466A-81CB-852220C12EC2}.AppStore|ARM.ActiveCfg = Release|ARM
		{9145BAB3-AF51-466A-81CB-852220C12EC2}.AppStore|ARM.Build.0 = Release|ARM
		{9145BAB3-AF51-466A-81CB-852220C12EC2}.AppStore|ARM.Deploy.0 = Release|ARM
		{9145BAB3-AF51-466A-81CB-852220C12EC2}.AppStore|iPhone.ActiveCfg = Release|x86
		{9145BAB3-AF51-466A-81CB-852220C12EC2}.AppStore|iPhone.Build.0 = Release|x86
		{9145BAB3-AF51-466A-81CB-852220C12EC2}.AppStore|iPhone.Deploy.0 = Release|x86
		{9145BAB3-AF51-466A-81CB-852220C12EC2}.AppStore|iPhoneSimulator.ActiveCfg = Release|x86
		{9145BAB3-AF51-466A-81CB-852220C12EC2}.AppStore|iPhoneSimulator.Build.0 = Release|x86
		{9145BAB3-AF51-466A-81CB-852220C12EC2}.AppStore|iPhoneSimulator.Deploy.0 = Release|x86
		{9145BAB3-AF51-466A-81CB-852220C12EC2}.AppStore|x64.ActiveCfg = Release|x64
		{9145BAB3-AF51-466A-81CB-852220C12EC2}.AppStore|x64.Build.0 = Release|x64
		{9145BAB3-AF51-466A-81CB-852220C12EC2}.AppStore|x64.Deploy.0 = Release|x64
		{9145BAB3-AF51-466A-81CB-852220C12EC2}.AppStore|x86.ActiveCfg = Release|x86
		{9145BAB3-AF51-466A-81CB-852220C12EC2}.AppStore|x86.Build.0 = Release|x86
		{9145BAB3-AF51-466A-81CB-852220C12EC2}.AppStore|x86.Deploy.0 = Release|x86
		{9145BAB3-AF51-466A-81CB-852220C12EC2}.Debug|Any CPU.ActiveCfg = Debug|x86
		{9145BAB3-AF51-466A-81CB-852220C12EC2}.Debug|Any CPU.Build.0 = Debug|x86
		{9145BAB3-AF51-466A-81CB-852220C12EC2}.Debug|Any CPU.Deploy.0 = Debug|x86
		{9145BAB3-AF51-466A-81CB-852220C12EC2}.Debug|ARM.ActiveCfg = Debug|ARM
		{9145BAB3-AF51-466A-81CB-852220C12EC2}.Debug|ARM.Build.0 = Debug|ARM
		{9145BAB3-AF51-466A-81CB-852220C12EC2}.Debug|ARM.Deploy.0 = Debug|ARM
		{9145BAB3-AF51-466A-81CB-852220C12EC2}.Debug|iPhone.ActiveCfg = Debug|x86
		{9145BAB3-AF51-466A-81CB-852220C12EC2}.Debug|iPhone.Build.0 = Debug|x86
		{9145BAB3-AF51-466A-81CB-852220C12EC2}.Debug|iPhone.Deploy.0 = Debug|x86
		{9145BAB3-AF51-466A-81CB-852220C12EC2}.Debug|iPhoneSimulator.ActiveCfg = Debug|x86
		{9145BAB3-AF51-466A-81CB-852220C12EC2}.Debug|iPhoneSimulator.Build.0 = Debug|x86
		{9145BAB3-AF51-466A-81CB-852220C12EC2}.Debug|iPhoneSimulator.Deploy.0 = Debug|x86
		{9145BAB3-AF51-466A-81CB-852220C12EC2}.Debug|x64.ActiveCfg = Debug|x64
		{9145BAB3-AF51-466A-81CB-852220C12EC2}.Debug|x64.Build.0 = Debug|x64
		{9145BAB3-AF51-466A-81CB-852220C12EC2}.Debug|x64.Deploy.0 = Debug|x64
		{9145BAB3-AF51-466A-81CB-852220C12EC2}.Debug|x86.ActiveCfg = Debug|x86
		{9145BAB3-AF51-466A-81CB-852220C12EC2}.Debug|x86.Build.0 = Debug|x86
		{9145BAB3-AF51-466A-81CB-852220C12EC2}.Debug|x86.Deploy.0 = Debug|x86
		{9145BAB3-AF51-466A-81CB-852220C12EC2}.Release|Any CPU.ActiveCfg = Release|x86
		{9145BAB3-AF51-466A-81CB-852220C12EC2}.Release|Any CPU.Build.0 = Release|x86
		{9145BAB3-AF51-466A-81CB-852220C12EC2}.Release|Any CPU.Deploy.0 = Release|x86
		{9145BAB3-AF51-466A-81CB-852220C12EC2}.Release|ARM.ActiveCfg = Release|ARM
		{9145BAB3-AF51-466A-81CB-852220C12EC2}.Release|ARM.Build.0 = Release|ARM
		{9145BAB3-AF51-466A-81CB-852220C12EC2}.Release|ARM.Deploy.0 = Release|ARM
		{9145BAB3-AF51-466A-81CB-852220C12EC2}.Release|iPhone.ActiveCfg = Release|x86
		{9145BAB3-AF51-466A-81CB-852220C12EC2}.Release|iPhone.Build.0 = Release|x86
		{9145BAB3-AF51-466A-81CB-852220C12EC2}.Release|iPhone.Deploy.0 = Release|x86
		{9145BAB3-AF51-466A-81CB-852220C12EC2}.Release|iPhoneSimulator.ActiveCfg = Release|x86
		{9145BAB3-AF51-466A-81CB-852220C12EC2}.Release|iPhoneSimulator.Build.0 = Release|x86
		{9145BAB3-AF51-466A-81CB-852220C12EC2}.Release|iPhoneSimulator.Deploy.0 = Release|x86
		{9145BAB3-AF51-466A-81CB-852220C12EC2}.Release|x64.ActiveCfg = Release|x64
		{9145BAB3-AF51-466A-81CB-852220C12EC2}.Release|x64.Build.0 = Release|x64
		{9145BAB3-AF51-466A-81CB-852220C12EC2}.Release|x64.Deploy.0 = Release|x64
		{9145BAB3-AF51-466A-81CB-852220C12EC2}.Release|x86.ActiveCfg = Release|x86
		{9145BAB3-AF51-466A-81CB-852220C12EC2}.Release|x86.Build.0 = Release|x86
		{9145BAB3-AF51-466A-81CB-852220C12EC2}.Release|x86.Deploy.0 = Release|x86
		{6D22A1F2-56DB-4698-9876-E6D72344FE6B}.Ad-Hoc|Any CPU.ActiveCfg = Debug|Any CPU
		{6D22A1F2-56DB-4698-9876-E6D72344FE6B}.Ad-Hoc|Any CPU.Build.0 = Debug|Any CPU
		{6D22A1F2-56DB-4698-9876-E6D72344FE6B}.Ad-Hoc|Any CPU.Deploy.0 = Debug|Any CPU
		{6D22A1F2-56DB-4698-9876-E6D72344FE6B}.Ad-Hoc|ARM.ActiveCfg = Debug|Any CPU
		{6D22A1F2-56DB-4698-9876-E6D72344FE6B}.Ad-Hoc|ARM.Build.0 = Debug|Any CPU
		{6D22A1F2-56DB-4698-9876-E6D72344FE6B}.Ad-Hoc|ARM.Deploy.0 = Debug|Any CPU
		{6D22A1F2-56DB-4698-9876-E6D72344FE6B}.Ad-Hoc|iPhone.ActiveCfg = Debug|Any CPU
		{6D22A1F2-56DB-4698-9876-E6D72344FE6B}.Ad-Hoc|iPhone.Build.0 = Debug|Any CPU
		{6D22A1F2-56DB-4698-9876-E6D72344FE6B}.Ad-Hoc|iPhone.Deploy.0 = Debug|Any CPU
		{6D22A1F2-56DB-4698-9876-E6D72344FE6B}.Ad-Hoc|iPhoneSimulator.ActiveCfg = Debug|Any CPU
		{6D22A1F2-56DB-4698-9876-E6D72344FE6B}.Ad-Hoc|iPhoneSimulator.Build.0 = Debug|Any CPU
		{6D22A1F2-56DB-4698-9876-E6D72344FE6B}.Ad-Hoc|iPhoneSimulator.Deploy.0 = Debug|Any CPU
		{6D22A1F2-56DB-4698-9876-E6D72344FE6B}.Ad-Hoc|x64.ActiveCfg = Debug|Any CPU
		{6D22A1F2-56DB-4698-9876-E6D72344FE6B}.Ad-Hoc|x64.Build.0 = Debug|Any CPU
		{6D22A1F2-56DB-4698-9876-E6D72344FE6B}.Ad-Hoc|x64.Deploy.0 = Debug|Any CPU
		{6D22A1F2-56DB-4698-9876-E6D72344FE6B}.Ad-Hoc|x86.ActiveCfg = Debug|Any CPU
		{6D22A1F2-56DB-4698-9876-E6D72344FE6B}.Ad-Hoc|x86.Build.0 = Debug|Any CPU
		{6D22A1F2-56DB-4698-9876-E6D72344FE6B}.Ad-Hoc|x86.Deploy.0 = Debug|Any CPU
		{6D22A1F2-56DB-4698-9876-E6D72344FE6B}.AppStore|Any CPU.ActiveCfg = Debug|Any CPU
		{6D22A1F2-56DB-4698-9876-E6D72344FE6B}.AppStore|Any CPU.Build.0 = Debug|Any CPU
		{6D22A1F2-56DB-4698-9876-E6D72344FE6B}.AppStore|Any CPU.Deploy.0 = Debug|Any CPU
		{6D22A1F2-56DB-4698-9876-E6D72344FE6B}.AppStore|ARM.ActiveCfg = Debug|Any CPU
		{6D22A1F2-56DB-4698-9876-E6D72344FE6B}.AppStore|ARM.Build.0 = Debug|Any CPU
		{6D22A1F2-56DB-4698-9876-E6D72344FE6B}.AppStore|ARM.Deploy.0 = Debug|Any CPU
		{6D22A1F2-56DB-4698-9876-E6D72344FE6B}.AppStore|iPhone.ActiveCfg = Debug|Any CPU
		{6D22A1F2-56DB-4698-9876-E6D72344FE6B}.AppStore|iPhone.Build.0 = Debug|Any CPU
		{6D22A1F2-56DB-4698-9876-E6D72344FE6B}.AppStore|iPhone.Deploy.0 = Debug|Any CPU
		{6D22A1F2-56DB-4698-9876-E6D72344FE6B}.AppStore|iPhoneSimulator.ActiveCfg = Debug|Any CPU
		{6D22A1F2-56DB-4698-9876-E6D72344FE6B}.AppStore|iPhoneSimulator.Build.0 = Debug|Any CPU
		{6D22A1F2-56DB-4698-9876-E6D72344FE6B}.AppStore|iPhoneSimulator.Deploy.0 = Debug|Any CPU
		{6D22A1F2-56DB-4698-9876-E6D72344FE6B}.AppStore|x64.ActiveCfg = Debug|Any CPU
		{6D22A1F2-56DB-4698-9876-E6D72344FE6B}.AppStore|x64.Build.0 = Debug|Any CPU
		{6D22A1F2-56DB-4698-9876-E6D72344FE6B}.AppStore|x64.Deploy.0 = Debug|Any CPU
		{6D22A1F2-56DB-4698-9876-E6D72344FE6B}.AppStore|x86.ActiveCfg = Debug|Any CPU
		{6D22A1F2-56DB-4698-9876-E6D72344FE6B}.AppStore|x86.Build.0 = Debug|Any CPU
		{6D22A1F2-56DB-4698-9876-E6D72344FE6B}.AppStore|x86.Deploy.0 = Debug|Any CPU
		{6D22A1F2-56DB-4698-9876-E6D72344FE6B}.Debug|Any CPU.ActiveCfg = Debug|Any CPU
		{6D22A1F2-56DB-4698-9876-E6D72344FE6B}.Debug|Any CPU.Build.0 = Debug|Any CPU
		{6D22A1F2-56DB-4698-9876-E6D72344FE6B}.Debug|Any CPU.Deploy.0 = Debug|Any CPU
		{6D22A1F2-56DB-4698-9876-E6D72344FE6B}.Debug|ARM.ActiveCfg = Debug|Any CPU
		{6D22A1F2-56DB-4698-9876-E6D72344FE6B}.Debug|ARM.Build.0 = Debug|Any CPU
		{6D22A1F2-56DB-4698-9876-E6D72344FE6B}.Debug|ARM.Deploy.0 = Debug|Any CPU
		{6D22A1F2-56DB-4698-9876-E6D72344FE6B}.Debug|iPhone.ActiveCfg = Debug|Any CPU
		{6D22A1F2-56DB-4698-9876-E6D72344FE6B}.Debug|iPhone.Build.0 = Debug|Any CPU
		{6D22A1F2-56DB-4698-9876-E6D72344FE6B}.Debug|iPhone.Deploy.0 = Debug|Any CPU
		{6D22A1F2-56DB-4698-9876-E6D72344FE6B}.Debug|iPhoneSimulator.ActiveCfg = Debug|Any CPU
		{6D22A1F2-56DB-4698-9876-E6D72344FE6B}.Debug|iPhoneSimulator.Build.0 = Debug|Any CPU
		{6D22A1F2-56DB-4698-9876-E6D72344FE6B}.Debug|iPhoneSimulator.Deploy.0 = Debug|Any CPU
		{6D22A1F2-56DB-4698-9876-E6D72344FE6B}.Debug|x64.ActiveCfg = Debug|Any CPU
		{6D22A1F2-56DB-4698-9876-E6D72344FE6B}.Debug|x64.Build.0 = Debug|Any CPU
		{6D22A1F2-56DB-4698-9876-E6D72344FE6B}.Debug|x64.Deploy.0 = Debug|Any CPU
		{6D22A1F2-56DB-4698-9876-E6D72344FE6B}.Debug|x86.ActiveCfg = Debug|Any CPU
		{6D22A1F2-56DB-4698-9876-E6D72344FE6B}.Debug|x86.Build.0 = Debug|Any CPU
		{6D22A1F2-56DB-4698-9876-E6D72344FE6B}.Debug|x86.Deploy.0 = Debug|Any CPU
		{6D22A1F2-56DB-4698-9876-E6D72344FE6B}.Release|Any CPU.ActiveCfg = Release|Any CPU
		{6D22A1F2-56DB-4698-9876-E6D72344FE6B}.Release|Any CPU.Build.0 = Release|Any CPU
		{6D22A1F2-56DB-4698-9876-E6D72344FE6B}.Release|Any CPU.Deploy.0 = Release|Any CPU
		{6D22A1F2-56DB-4698-9876-E6D72344FE6B}.Release|ARM.ActiveCfg = Release|Any CPU
		{6D22A1F2-56DB-4698-9876-E6D72344FE6B}.Release|ARM.Build.0 = Release|Any CPU
		{6D22A1F2-56DB-4698-9876-E6D72344FE6B}.Release|ARM.Deploy.0 = Release|Any CPU
		{6D22A1F2-56DB-4698-9876-E6D72344FE6B}.Release|iPhone.ActiveCfg = Release|Any CPU
		{6D22A1F2-56DB-4698-9876-E6D72344FE6B}.Release|iPhone.Build.0 = Release|Any CPU
		{6D22A1F2-56DB-4698-9876-E6D72344FE6B}.Release|iPhone.Deploy.0 = Release|Any CPU
		{6D22A1F2-56DB-4698-9876-E6D72344FE6B}.Release|iPhoneSimulator.ActiveCfg = Release|Any CPU
		{6D22A1F2-56DB-4698-9876-E6D72344FE6B}.Release|iPhoneSimulator.Build.0 = Release|Any CPU
		{6D22A1F2-56DB-4698-9876-E6D72344FE6B}.Release|iPhoneSimulator.Deploy.0 = Release|Any CPU
		{6D22A1F2-56DB-4698-9876-E6D72344FE6B}.Release|x64.ActiveCfg = Release|Any CPU
		{6D22A1F2-56DB-4698-9876-E6D72344FE6B}.Release|x64.Build.0 = Release|Any CPU
		{6D22A1F2-56DB-4698-9876-E6D72344FE6B}.Release|x64.Deploy.0 = Release|Any CPU
		{6D22A1F2-56DB-4698-9876-E6D72344FE6B}.Release|x86.ActiveCfg = Release|Any CPU
		{6D22A1F2-56DB-4698-9876-E6D72344FE6B}.Release|x86.Build.0 = Release|Any CPU
		{6D22A1F2-56DB-4698-9876-E6D72344FE6B}.Release|x86.Deploy.0 = Release|Any CPU
	EndGlobalSection
	GlobalSection(SolutionProperties) = preSolution
		HideSolutionNode = FALSE
	EndGlobalSection
	GlobalSection(ExtensibilityGlobals) = postSolution
		SolutionGuid = {FECB5679-3050-420C-BA7F-089DC2D88EB2}
	EndGlobalSection
EndGlobal
